Microsoft Visual Studio Solution File, Format Version 10.00
# Visual Studio 2008
Project("{2150E333-8FDC-42A3-9474-1A3956D46DE8}") = "(gio)", "shared\gio", "{F71B39B3-D440-240B-D450-D8641F6EA35F}"
EndProject
Project("{2150E333-8FDC-42A3-9474-1A3956D46DE8}") = "(handle_pass)", "trusted\handle_pass", "{D05E7AD9-7CEA-F26F-6A7A-13A049D66690}"
EndProject
Project("{2150E333-8FDC-42A3-9474-1A3956D46DE8}") = "(platform)", "shared\platform", "{180B7690-4D5F-0E15-883B-80057D8C792F}"
EndProject
Project("{2150E333-8FDC-42A3-9474-1A3956D46DE8}") = "(shared)", "shared", "{3FF8755D-7201-2785-AD1F-48F0C33F9A7E}"
EndProject
Project("{2150E333-8FDC-42A3-9474-1A3956D46DE8}") = "(srpc)", "shared\srpc", "{9851FAD2-E55C-210C-EA37-CFBDFEFFBC29}"
EndProject
Project("{2150E333-8FDC-42A3-9474-1A3956D46DE8}") = "(trusted)", "trusted", "{B80F6598-F3EF-5FD4-F218-7ED05A4F7861}"
EndProject
Project("{8BC9CEB8-8B4A-11D0-8D11-00A0C91BC942}") = "browserhandle", "browserhandle.vcproj", "{189B5B02-9D4E-588B-9073-6B0EC13F06C4}"
EndProject
Project("{8BC9CEB8-8B4A-11D0-8D11-00A0C91BC942}") = "browserhandle64", "browserhandle64.vcproj", "{C5428171-3BE0-842F-AD95-861A8A822F18}"
EndProject
Project("{8BC9CEB8-8B4A-11D0-8D11-00A0C91BC942}") = "gio", "..\..\shared\gio\gio.vcproj", "{E85E9398-310F-60B0-0764-FF56AB788321}"
EndProject
Project("{8BC9CEB8-8B4A-11D0-8D11-00A0C91BC942}") = "gio64", "..\..\shared\gio\gio64.vcproj", "{08BA644C-AE83-B4D6-1125-7D11D79D2294}"
EndProject
Project("{8BC9CEB8-8B4A-11D0-8D11-00A0C91BC942}") = "handle_lookup", "handle_lookup.vcproj", "{946235C6-3CDA-8032-F554-E0085B5AA9BB}"
EndProject
Project("{8BC9CEB8-8B4A-11D0-8D11-00A0C91BC942}") = "handle_lookup64", "handle_lookup64.vcproj", "{8C868FC5-BC86-BD8D-ADFD-6D2BE020BBC7}"
EndProject
Project("{8BC9CEB8-8B4A-11D0-8D11-00A0C91BC942}") = "ldrhandle", "ldrhandle.vcproj", "{826A4BDC-DEF8-B65E-478D-45F4F487C868}"
EndProject
Project("{8BC9CEB8-8B4A-11D0-8D11-00A0C91BC942}") = "ldrhandle64", "ldrhandle64.vcproj", "{76766D4E-4297-84FE-086B-C48FAF81E70A}"
EndProject
Project("{8BC9CEB8-8B4A-11D0-8D11-00A0C91BC942}") = "nonnacl_srpc", "..\..\shared\srpc\nonnacl_srpc.vcproj", "{B401F5EE-D774-DC1E-AFD4-804796C472F0}"
EndProject
Project("{8BC9CEB8-8B4A-11D0-8D11-00A0C91BC942}") = "nonnacl_srpc64", "..\..\shared\srpc\nonnacl_srpc64.vcproj", "{2A49C91F-25D3-B700-AE19-47DA807073B8}"
EndProject
Project("{8BC9CEB8-8B4A-11D0-8D11-00A0C91BC942}") = "platform", "..\..\shared\platform\platform.vcproj", "{8B369EEE-3771-23B7-A6FD-2409F2C077AC}"
EndProject
Project("{8BC9CEB8-8B4A-11D0-8D11-00A0C91BC942}") = "platform64", "..\..\shared\platform\platform64.vcproj", "{969A1080-DFA3-22E4-5E56-D571BEDD332F}"
EndProject
Global
	GlobalSection(SolutionConfigurationPlatforms) = preSolution
		Debug|Win32 = Debug|Win32
		Release|x64 = Release|x64
		Purify|Win32 = Purify|Win32
		Purify|x64 = Purify|x64
		Debug|x64 = Debug|x64
		Release|Win32 = Release|Win32
	EndGlobalSection
	GlobalSection(ProjectConfigurationPlatforms) = postSolution
		{08BA644C-AE83-B4D6-1125-7D11D79D2294}.Debug|Win32.ActiveCfg = Debug|x64
		{08BA644C-AE83-B4D6-1125-7D11D79D2294}.Debug|Win32.Build.0 = Debug|x64
		{08BA644C-AE83-B4D6-1125-7D11D79D2294}.Release|x64.ActiveCfg = Release|x64
		{08BA644C-AE83-B4D6-1125-7D11D79D2294}.Release|x64.Build.0 = Release|x64
		{08BA644C-AE83-B4D6-1125-7D11D79D2294}.Purify|Win32.ActiveCfg = Purify|x64
		{08BA644C-AE83-B4D6-1125-7D11D79D2294}.Purify|Win32.Build.0 = Purify|x64
		{08BA644C-AE83-B4D6-1125-7D11D79D2294}.Purify|x64.ActiveCfg = Purify|x64
		{08BA644C-AE83-B4D6-1125-7D11D79D2294}.Purify|x64.Build.0 = Purify|x64
		{08BA644C-AE83-B4D6-1125-7D11D79D2294}.Debug|x64.ActiveCfg = Debug|x64
		{08BA644C-AE83-B4D6-1125-7D11D79D2294}.Debug|x64.Build.0 = Debug|x64
		{08BA644C-AE83-B4D6-1125-7D11D79D2294}.Release|Win32.ActiveCfg = Release|x64
		{08BA644C-AE83-B4D6-1125-7D11D79D2294}.Release|Win32.Build.0 = Release|x64
		{189B5B02-9D4E-588B-9073-6B0EC13F06C4}.Debug|Win32.ActiveCfg = Debug|Win32
		{189B5B02-9D4E-588B-9073-6B0EC13F06C4}.Debug|Win32.Build.0 = Debug|Win32
		{189B5B02-9D4E-588B-9073-6B0EC13F06C4}.Release|x64.ActiveCfg = Release|x64
		{189B5B02-9D4E-588B-9073-6B0EC13F06C4}.Release|x64.Build.0 = Release|x64
		{189B5B02-9D4E-588B-9073-6B0EC13F06C4}.Purify|Win32.ActiveCfg = Purify|Win32
		{189B5B02-9D4E-588B-9073-6B0EC13F06C4}.Purify|Win32.Build.0 = Purify|Win32
		{189B5B02-9D4E-588B-9073-6B0EC13F06C4}.Purify|x64.ActiveCfg = Purify|x64
		{189B5B02-9D4E-588B-9073-6B0EC13F06C4}.Purify|x64.Build.0 = Purify|x64
		{189B5B02-9D4E-588B-9073-6B0EC13F06C4}.Debug|x64.ActiveCfg = Debug|x64
		{189B5B02-9D4E-588B-9073-6B0EC13F06C4}.Debug|x64.Build.0 = Debug|x64
		{189B5B02-9D4E-588B-9073-6B0EC13F06C4}.Release|Win32.ActiveCfg = Release|Win32
		{189B5B02-9D4E-588B-9073-6B0EC13F06C4}.Release|Win32.Build.0 = Release|Win32
		{2A49C91F-25D3-B700-AE19-47DA807073B8}.Debug|Win32.ActiveCfg = Debug|x64
		{2A49C91F-25D3-B700-AE19-47DA807073B8}.Debug|Win32.Build.0 = Debug|x64
		{2A49C91F-25D3-B700-AE19-47DA807073B8}.Release|x64.ActiveCfg = Release|x64
		{2A49C91F-25D3-B700-AE19-47DA807073B8}.Release|x64.Build.0 = Release|x64
		{2A49C91F-25D3-B700-AE19-47DA807073B8}.Purify|Win32.ActiveCfg = Purify|x64
		{2A49C91F-25D3-B700-AE19-47DA807073B8}.Purify|Win32.Build.0 = Purify|x64
		{2A49C91F-25D3-B700-AE19-47DA807073B8}.Purify|x64.ActiveCfg = Purify|x64
		{2A49C91F-25D3-B700-AE19-47DA807073B8}.Purify|x64.Build.0 = Purify|x64
		{2A49C91F-25D3-B700-AE19-47DA807073B8}.Debug|x64.ActiveCfg = Debug|x64
		{2A49C91F-25D3-B700-AE19-47DA807073B8}.Debug|x64.Build.0 = Debug|x64
		{2A49C91F-25D3-B700-AE19-47DA807073B8}.Release|Win32.ActiveCfg = Release|x64
		{2A49C91F-25D3-B700-AE19-47DA807073B8}.Release|Win32.Build.0 = Release|x64
		{76766D4E-4297-84FE-086B-C48FAF81E70A}.Debug|Win32.ActiveCfg = Debug|x64
		{76766D4E-4297-84FE-086B-C48FAF81E70A}.Debug|Win32.Build.0 = Debug|x64
		{76766D4E-4297-84FE-086B-C48FAF81E70A}.Release|x64.ActiveCfg = Release|x64
		{76766D4E-4297-84FE-086B-C48FAF81E70A}.Release|x64.Build.0 = Release|x64
		{76766D4E-4297-84FE-086B-C48FAF81E70A}.Purify|Win32.ActiveCfg = Purify|x64
		{76766D4E-4297-84FE-086B-C48FAF81E70A}.Purify|Win32.Build.0 = Purify|x64
		{76766D4E-4297-84FE-086B-C48FAF81E70A}.Purify|x64.ActiveCfg = Purify|x64
		{76766D4E-4297-84FE-086B-C48FAF81E70A}.Purify|x64.Build.0 = Purify|x64
		{76766D4E-4297-84FE-086B-C48FAF81E70A}.Debug|x64.ActiveCfg = Debug|x64
		{76766D4E-4297-84FE-086B-C48FAF81E70A}.Debug|x64.Build.0 = Debug|x64
		{76766D4E-4297-84FE-086B-C48FAF81E70A}.Release|Win32.ActiveCfg = Release|x64
		{76766D4E-4297-84FE-086B-C48FAF81E70A}.Release|Win32.Build.0 = Release|x64
		{826A4BDC-DEF8-B65E-478D-45F4F487C868}.Debug|Win32.ActiveCfg = Debug|Win32
		{826A4BDC-DEF8-B65E-478D-45F4F487C868}.Debug|Win32.Build.0 = Debug|Win32
		{826A4BDC-DEF8-B65E-478D-45F4F487C868}.Release|x64.ActiveCfg = Release|x64
		{826A4BDC-DEF8-B65E-478D-45F4F487C868}.Release|x64.Build.0 = Release|x64
		{826A4BDC-DEF8-B65E-478D-45F4F487C868}.Purify|Win32.ActiveCfg = Purify|Win32
		{826A4BDC-DEF8-B65E-478D-45F4F487C868}.Purify|Win32.Build.0 = Purify|Win32
		{826A4BDC-DEF8-B65E-478D-45F4F487C868}.Purify|x64.ActiveCfg = Purify|x64
		{826A4BDC-DEF8-B65E-478D-45F4F487C868}.Purify|x64.Build.0 = Purify|x64
		{826A4BDC-DEF8-B65E-478D-45F4F487C868}.Debug|x64.ActiveCfg = Debug|x64
		{826A4BDC-DEF8-B65E-478D-45F4F487C868}.Debug|x64.Build.0 = Debug|x64
		{826A4BDC-DEF8-B65E-478D-45F4F487C868}.Release|Win32.ActiveCfg = Release|Win32
		{826A4BDC-DEF8-B65E-478D-45F4F487C868}.Release|Win32.Build.0 = Release|Win32
		{8B369EEE-3771-23B7-A6FD-2409F2C077AC}.Debug|Win32.ActiveCfg = Debug|Win32
		{8B369EEE-3771-23B7-A6FD-2409F2C077AC}.Debug|Win32.Build.0 = Debug|Win32
		{8B369EEE-3771-23B7-A6FD-2409F2C077AC}.Release|x64.ActiveCfg = Release|x64
		{8B369EEE-3771-23B7-A6FD-2409F2C077AC}.Release|x64.Build.0 = Release|x64
		{8B369EEE-3771-23B7-A6FD-2409F2C077AC}.Purify|Win32.ActiveCfg = Purify|Win32
		{8B369EEE-3771-23B7-A6FD-2409F2C077AC}.Purify|Win32.Build.0 = Purify|Win32
		{8B369EEE-3771-23B7-A6FD-2409F2C077AC}.Purify|x64.ActiveCfg = Purify|x64
		{8B369EEE-3771-23B7-A6FD-2409F2C077AC}.Purify|x64.Build.0 = Purify|x64
		{8B369EEE-3771-23B7-A6FD-2409F2C077AC}.Debug|x64.ActiveCfg = Debug|x64
		{8B369EEE-3771-23B7-A6FD-2409F2C077AC}.Debug|x64.Build.0 = Debug|x64
		{8B369EEE-3771-23B7-A6FD-2409F2C077AC}.Release|Win32.ActiveCfg = Release|Win32
		{8B369EEE-3771-23B7-A6FD-2409F2C077AC}.Release|Win32.Build.0 = Release|Win32
		{8C868FC5-BC86-BD8D-ADFD-6D2BE020BBC7}.Debug|Win32.ActiveCfg = Debug|x64
		{8C868FC5-BC86-BD8D-ADFD-6D2BE020BBC7}.Debug|Win32.Build.0 = Debug|x64
		{8C868FC5-BC86-BD8D-ADFD-6D2BE020BBC7}.Release|x64.ActiveCfg = Release|x64
		{8C868FC5-BC86-BD8D-ADFD-6D2BE020BBC7}.Release|x64.Build.0 = Release|x64
		{8C868FC5-BC86-BD8D-ADFD-6D2BE020BBC7}.Purify|Win32.ActiveCfg = Purify|x64
		{8C868FC5-BC86-BD8D-ADFD-6D2BE020BBC7}.Purify|Win32.Build.0 = Purify|x64
		{8C868FC5-BC86-BD8D-ADFD-6D2BE020BBC7}.Purify|x64.ActiveCfg = Purify|x64
		{8C868FC5-BC86-BD8D-ADFD-6D2BE020BBC7}.Purify|x64.Build.0 = Purify|x64
		{8C868FC5-BC86-BD8D-ADFD-6D2BE020BBC7}.Debug|x64.ActiveCfg = Debug|x64
		{8C868FC5-BC86-BD8D-ADFD-6D2BE020BBC7}.Debug|x64.Build.0 = Debug|x64
		{8C868FC5-BC86-BD8D-ADFD-6D2BE020BBC7}.Release|Win32.ActiveCfg = Release|x64
		{8C868FC5-BC86-BD8D-ADFD-6D2BE020BBC7}.Release|Win32.Build.0 = Release|x64
		{946235C6-3CDA-8032-F554-E0085B5AA9BB}.Debug|Win32.ActiveCfg = Debug|Win32
		{946235C6-3CDA-8032-F554-E0085B5AA9BB}.Debug|Win32.Build.0 = Debug|Win32
		{946235C6-3CDA-8032-F554-E0085B5AA9BB}.Release|x64.ActiveCfg = Release|x64
		{946235C6-3CDA-8032-F554-E0085B5AA9BB}.Release|x64.Build.0 = Release|x64
		{946235C6-3CDA-8032-F554-E0085B5AA9BB}.Purify|Win32.ActiveCfg = Purify|Win32
		{946235C6-3CDA-8032-F554-E0085B5AA9BB}.Purify|Win32.Build.0 = Purify|Win32
		{946235C6-3CDA-8032-F554-E0085B5AA9BB}.Purify|x64.ActiveCfg = Purify|x64
		{946235C6-3CDA-8032-F554-E0085B5AA9BB}.Purify|x64.Build.0 = Purify|x64
		{946235C6-3CDA-8032-F554-E0085B5AA9BB}.Debug|x64.ActiveCfg = Debug|x64
		{946235C6-3CDA-8032-F554-E0085B5AA9BB}.Debug|x64.Build.0 = Debug|x64
		{946235C6-3CDA-8032-F554-E0085B5AA9BB}.Release|Win32.ActiveCfg = Release|Win32
		{946235C6-3CDA-8032-F554-E0085B5AA9BB}.Release|Win32.Build.0 = Release|Win32
		{969A1080-DFA3-22E4-5E56-D571BEDD332F}.Debug|Win32.ActiveCfg = Debug|x64
		{969A1080-DFA3-22E4-5E56-D571BEDD332F}.Debug|Win32.Build.0 = Debug|x64
		{969A1080-DFA3-22E4-5E56-D571BEDD332F}.Release|x64.ActiveCfg = Release|x64
		{969A1080-DFA3-22E4-5E56-D571BEDD332F}.Release|x64.Build.0 = Release|x64
		{969A1080-DFA3-22E4-5E56-D571BEDD332F}.Purify|Win32.ActiveCfg = Purify|x64
		{969A1080-DFA3-22E4-5E56-D571BEDD332F}.Purify|Win32.Build.0 = Purify|x64
		{969A1080-DFA3-22E4-5E56-D571BEDD332F}.Purify|x64.ActiveCfg = Purify|x64
		{969A1080-DFA3-22E4-5E56-D571BEDD332F}.Purify|x64.Build.0 = Purify|x64
		{969A1080-DFA3-22E4-5E56-D571BEDD332F}.Debug|x64.ActiveCfg = Debug|x64
		{969A1080-DFA3-22E4-5E56-D571BEDD332F}.Debug|x64.Build.0 = Debug|x64
		{969A1080-DFA3-22E4-5E56-D571BEDD332F}.Release|Win32.ActiveCfg = Release|x64
		{969A1080-DFA3-22E4-5E56-D571BEDD332F}.Release|Win32.Build.0 = Release|x64
		{B401F5EE-D774-DC1E-AFD4-804796C472F0}.Debug|Win32.ActiveCfg = Debug|Win32
		{B401F5EE-D774-DC1E-AFD4-804796C472F0}.Debug|Win32.Build.0 = Debug|Win32
		{B401F5EE-D774-DC1E-AFD4-804796C472F0}.Release|x64.ActiveCfg = Release|x64
		{B401F5EE-D774-DC1E-AFD4-804796C472F0}.Release|x64.Build.0 = Release|x64
		{B401F5EE-D774-DC1E-AFD4-804796C472F0}.Purify|Win32.ActiveCfg = Purify|Win32
		{B401F5EE-D774-DC1E-AFD4-804796C472F0}.Purify|Win32.Build.0 = Purify|Win32
		{B401F5EE-D774-DC1E-AFD4-804796C472F0}.Purify|x64.ActiveCfg = Purify|x64
		{B401F5EE-D774-DC1E-AFD4-804796C472F0}.Purify|x64.Build.0 = Purify|x64
		{B401F5EE-D774-DC1E-AFD4-804796C472F0}.Debug|x64.ActiveCfg = Debug|x64
		{B401F5EE-D774-DC1E-AFD4-804796C472F0}.Debug|x64.Build.0 = Debug|x64
		{B401F5EE-D774-DC1E-AFD4-804796C472F0}.Release|Win32.ActiveCfg = Release|Win32
		{B401F5EE-D774-DC1E-AFD4-804796C472F0}.Release|Win32.Build.0 = Release|Win32
		{C5428171-3BE0-842F-AD95-861A8A822F18}.Debug|Win32.ActiveCfg = Debug|x64
		{C5428171-3BE0-842F-AD95-861A8A822F18}.Debug|Win32.Build.0 = Debug|x64
		{C5428171-3BE0-842F-AD95-861A8A822F18}.Release|x64.ActiveCfg = Release|x64
		{C5428171-3BE0-842F-AD95-861A8A822F18}.Release|x64.Build.0 = Release|x64
		{C5428171-3BE0-842F-AD95-861A8A822F18}.Purify|Win32.ActiveCfg = Purify|x64
		{C5428171-3BE0-842F-AD95-861A8A822F18}.Purify|Win32.Build.0 = Purify|x64
		{C5428171-3BE0-842F-AD95-861A8A822F18}.Purify|x64.ActiveCfg = Purify|x64
		{C5428171-3BE0-842F-AD95-861A8A822F18}.Purify|x64.Build.0 = Purify|x64
		{C5428171-3BE0-842F-AD95-861A8A822F18}.Debug|x64.ActiveCfg = Debug|x64
		{C5428171-3BE0-842F-AD95-861A8A822F18}.Debug|x64.Build.0 = Debug|x64
		{C5428171-3BE0-842F-AD95-861A8A822F18}.Release|Win32.ActiveCfg = Release|x64
		{C5428171-3BE0-842F-AD95-861A8A822F18}.Release|Win32.Build.0 = Release|x64
		{E85E9398-310F-60B0-0764-FF56AB788321}.Debug|Win32.ActiveCfg = Debug|Win32
		{E85E9398-310F-60B0-0764-FF56AB788321}.Debug|Win32.Build.0 = Debug|Win32
		{E85E9398-310F-60B0-0764-FF56AB788321}.Release|x64.ActiveCfg = Release|x64
		{E85E9398-310F-60B0-0764-FF56AB788321}.Release|x64.Build.0 = Release|x64
		{E85E9398-310F-60B0-0764-FF56AB788321}.Purify|Win32.ActiveCfg = Purify|Win32
		{E85E9398-310F-60B0-0764-FF56AB788321}.Purify|Win32.Build.0 = Purify|Win32
		{E85E9398-310F-60B0-0764-FF56AB788321}.Purify|x64.ActiveCfg = Purify|x64
		{E85E9398-310F-60B0-0764-FF56AB788321}.Purify|x64.Build.0 = Purify|x64
		{E85E9398-310F-60B0-0764-FF56AB788321}.Debug|x64.ActiveCfg = Debug|x64
		{E85E9398-310F-60B0-0764-FF56AB788321}.Debug|x64.Build.0 = Debug|x64
		{E85E9398-310F-60B0-0764-FF56AB788321}.Release|Win32.ActiveCfg = Release|Win32
		{E85E9398-310F-60B0-0764-FF56AB788321}.Release|Win32.Build.0 = Release|Win32
	EndGlobalSection
	GlobalSection(SolutionProperties) = preSolution
		HideSolutionNode = FALSE
	EndGlobalSection
	GlobalSection(NestedProjects) = preSolution
		{E85E9398-310F-60B0-0764-FF56AB788321} = {F71B39B3-D440-240B-D450-D8641F6EA35F}
		{08BA644C-AE83-B4D6-1125-7D11D79D2294} = {F71B39B3-D440-240B-D450-D8641F6EA35F}
		{189B5B02-9D4E-588B-9073-6B0EC13F06C4} = {D05E7AD9-7CEA-F26F-6A7A-13A049D66690}
		{946235C6-3CDA-8032-F554-E0085B5AA9BB} = {D05E7AD9-7CEA-F26F-6A7A-13A049D66690}
		{C5428171-3BE0-842F-AD95-861A8A822F18} = {D05E7AD9-7CEA-F26F-6A7A-13A049D66690}
		{8C868FC5-BC86-BD8D-ADFD-6D2BE020BBC7} = {D05E7AD9-7CEA-F26F-6A7A-13A049D66690}
		{826A4BDC-DEF8-B65E-478D-45F4F487C868} = {D05E7AD9-7CEA-F26F-6A7A-13A049D66690}
		{76766D4E-4297-84FE-086B-C48FAF81E70A} = {D05E7AD9-7CEA-F26F-6A7A-13A049D66690}
		{969A1080-DFA3-22E4-5E56-D571BEDD332F} = {180B7690-4D5F-0E15-883B-80057D8C792F}
		{8B369EEE-3771-23B7-A6FD-2409F2C077AC} = {180B7690-4D5F-0E15-883B-80057D8C792F}
		{F71B39B3-D440-240B-D450-D8641F6EA35F} = {3FF8755D-7201-2785-AD1F-48F0C33F9A7E}
		{180B7690-4D5F-0E15-883B-80057D8C792F} = {3FF8755D-7201-2785-AD1F-48F0C33F9A7E}
		{9851FAD2-E55C-210C-EA37-CFBDFEFFBC29} = {3FF8755D-7201-2785-AD1F-48F0C33F9A7E}
		{B401F5EE-D774-DC1E-AFD4-804796C472F0} = {9851FAD2-E55C-210C-EA37-CFBDFEFFBC29}
		{2A49C91F-25D3-B700-AE19-47DA807073B8} = {9851FAD2-E55C-210C-EA37-CFBDFEFFBC29}
		{D05E7AD9-7CEA-F26F-6A7A-13A049D66690} = {B80F6598-F3EF-5FD4-F218-7ED05A4F7861}
	EndGlobalSection
EndGlobal
