Microsoft Visual Studio Solution File, Format Version 10.00
# Visual Studio 2008
Project("{2150E333-8FDC-42A3-9474-1A3956D46DE8}") = "(gio)", "gio", "{E7AF626A-9968-3C51-9D32-B0E344581231}"
EndProject
Project("{2150E333-8FDC-42A3-9474-1A3956D46DE8}") = "(platform)", "platform", "{84D64873-EC7D-F803-92A1-87406FD0E7A3}"
EndProject
Project("{8BC9CEB8-8B4A-11D0-8D11-00A0C91BC942}") = "gio", "..\gio\gio.vcproj", "{E85E9398-310F-60B0-0764-FF56AB788321}"
EndProject
Project("{8BC9CEB8-8B4A-11D0-8D11-00A0C91BC942}") = "gio64", "..\gio\gio64.vcproj", "{08BA644C-AE83-B4D6-1125-7D11D79D2294}"
EndProject
Project("{8BC9CEB8-8B4A-11D0-8D11-00A0C91BC942}") = "platform", "platform.vcproj", "{8B369EEE-3771-23B7-A6FD-2409F2C077AC}"
EndProject
Project("{8BC9CEB8-8B4A-11D0-8D11-00A0C91BC942}") = "platform64", "platform64.vcproj", "{969A1080-DFA3-22E4-5E56-D571BEDD332F}"
EndProject
Project("{8BC9CEB8-8B4A-11D0-8D11-00A0C91BC942}") = "platform_tests", "platform_tests.vcproj", "{348267BC-35B8-82E7-C8C3-62106C91B49F}"
	ProjectSection(ProjectDependencies) = postProject
		{8B369EEE-3771-23B7-A6FD-2409F2C077AC} = {8B369EEE-3771-23B7-A6FD-2409F2C077AC}
		{E85E9398-310F-60B0-0764-FF56AB788321} = {E85E9398-310F-60B0-0764-FF56AB788321}
	EndProjectSection
EndProject
Project("{8BC9CEB8-8B4A-11D0-8D11-00A0C91BC942}") = "platform_tests64", "platform_tests64.vcproj", "{4275404F-DA5E-458D-3DCC-66A2434B06D1}"
	ProjectSection(ProjectDependencies) = postProject
		{969A1080-DFA3-22E4-5E56-D571BEDD332F} = {969A1080-DFA3-22E4-5E56-D571BEDD332F}
		{08BA644C-AE83-B4D6-1125-7D11D79D2294} = {08BA644C-AE83-B4D6-1125-7D11D79D2294}
	EndProjectSection
EndProject
Global
	GlobalSection(SolutionConfigurationPlatforms) = preSolution
		Debug|Win32 = Debug|Win32
		Release|x64 = Release|x64
		Purify|Win32 = Purify|Win32
		Purify|x64 = Purify|x64
		Debug|x64 = Debug|x64
		Release|Win32 = Release|Win32
	EndGlobalSection
	GlobalSection(ProjectConfigurationPlatforms) = postSolution
		{08BA644C-AE83-B4D6-1125-7D11D79D2294}.Debug|Win32.ActiveCfg = Debug|x64
		{08BA644C-AE83-B4D6-1125-7D11D79D2294}.Debug|Win32.Build.0 = Debug|x64
		{08BA644C-AE83-B4D6-1125-7D11D79D2294}.Release|x64.ActiveCfg = Release|x64
		{08BA644C-AE83-B4D6-1125-7D11D79D2294}.Release|x64.Build.0 = Release|x64
		{08BA644C-AE83-B4D6-1125-7D11D79D2294}.Purify|Win32.ActiveCfg = Purify|x64
		{08BA644C-AE83-B4D6-1125-7D11D79D2294}.Purify|Win32.Build.0 = Purify|x64
		{08BA644C-AE83-B4D6-1125-7D11D79D2294}.Purify|x64.ActiveCfg = Purify|x64
		{08BA644C-AE83-B4D6-1125-7D11D79D2294}.Purify|x64.Build.0 = Purify|x64
		{08BA644C-AE83-B4D6-1125-7D11D79D2294}.Debug|x64.ActiveCfg = Debug|x64
		{08BA644C-AE83-B4D6-1125-7D11D79D2294}.Debug|x64.Build.0 = Debug|x64
		{08BA644C-AE83-B4D6-1125-7D11D79D2294}.Release|Win32.ActiveCfg = Release|x64
		{08BA644C-AE83-B4D6-1125-7D11D79D2294}.Release|Win32.Build.0 = Release|x64
		{348267BC-35B8-82E7-C8C3-62106C91B49F}.Debug|Win32.ActiveCfg = Debug|Win32
		{348267BC-35B8-82E7-C8C3-62106C91B49F}.Debug|Win32.Build.0 = Debug|Win32
		{348267BC-35B8-82E7-C8C3-62106C91B49F}.Release|x64.ActiveCfg = Release|x64
		{348267BC-35B8-82E7-C8C3-62106C91B49F}.Release|x64.Build.0 = Release|x64
		{348267BC-35B8-82E7-C8C3-62106C91B49F}.Purify|Win32.ActiveCfg = Purify|Win32
		{348267BC-35B8-82E7-C8C3-62106C91B49F}.Purify|Win32.Build.0 = Purify|Win32
		{348267BC-35B8-82E7-C8C3-62106C91B49F}.Purify|x64.ActiveCfg = Purify|x64
		{348267BC-35B8-82E7-C8C3-62106C91B49F}.Purify|x64.Build.0 = Purify|x64
		{348267BC-35B8-82E7-C8C3-62106C91B49F}.Debug|x64.ActiveCfg = Debug|x64
		{348267BC-35B8-82E7-C8C3-62106C91B49F}.Debug|x64.Build.0 = Debug|x64
		{348267BC-35B8-82E7-C8C3-62106C91B49F}.Release|Win32.ActiveCfg = Release|Win32
		{348267BC-35B8-82E7-C8C3-62106C91B49F}.Release|Win32.Build.0 = Release|Win32
		{4275404F-DA5E-458D-3DCC-66A2434B06D1}.Debug|Win32.ActiveCfg = Debug|x64
		{4275404F-DA5E-458D-3DCC-66A2434B06D1}.Debug|Win32.Build.0 = Debug|x64
		{4275404F-DA5E-458D-3DCC-66A2434B06D1}.Release|x64.ActiveCfg = Release|x64
		{4275404F-DA5E-458D-3DCC-66A2434B06D1}.Release|x64.Build.0 = Release|x64
		{4275404F-DA5E-458D-3DCC-66A2434B06D1}.Purify|Win32.ActiveCfg = Purify|x64
		{4275404F-DA5E-458D-3DCC-66A2434B06D1}.Purify|Win32.Build.0 = Purify|x64
		{4275404F-DA5E-458D-3DCC-66A2434B06D1}.Purify|x64.ActiveCfg = Purify|x64
		{4275404F-DA5E-458D-3DCC-66A2434B06D1}.Purify|x64.Build.0 = Purify|x64
		{4275404F-DA5E-458D-3DCC-66A2434B06D1}.Debug|x64.ActiveCfg = Debug|x64
		{4275404F-DA5E-458D-3DCC-66A2434B06D1}.Debug|x64.Build.0 = Debug|x64
		{4275404F-DA5E-458D-3DCC-66A2434B06D1}.Release|Win32.ActiveCfg = Release|x64
		{4275404F-DA5E-458D-3DCC-66A2434B06D1}.Release|Win32.Build.0 = Release|x64
		{8B369EEE-3771-23B7-A6FD-2409F2C077AC}.Debug|Win32.ActiveCfg = Debug|Win32
		{8B369EEE-3771-23B7-A6FD-2409F2C077AC}.Debug|Win32.Build.0 = Debug|Win32
		{8B369EEE-3771-23B7-A6FD-2409F2C077AC}.Release|x64.ActiveCfg = Release|x64
		{8B369EEE-3771-23B7-A6FD-2409F2C077AC}.Release|x64.Build.0 = Release|x64
		{8B369EEE-3771-23B7-A6FD-2409F2C077AC}.Purify|Win32.ActiveCfg = Purify|Win32
		{8B369EEE-3771-23B7-A6FD-2409F2C077AC}.Purify|Win32.Build.0 = Purify|Win32
		{8B369EEE-3771-23B7-A6FD-2409F2C077AC}.Purify|x64.ActiveCfg = Purify|x64
		{8B369EEE-3771-23B7-A6FD-2409F2C077AC}.Purify|x64.Build.0 = Purify|x64
		{8B369EEE-3771-23B7-A6FD-2409F2C077AC}.Debug|x64.ActiveCfg = Debug|x64
		{8B369EEE-3771-23B7-A6FD-2409F2C077AC}.Debug|x64.Build.0 = Debug|x64
		{8B369EEE-3771-23B7-A6FD-2409F2C077AC}.Release|Win32.ActiveCfg = Release|Win32
		{8B369EEE-3771-23B7-A6FD-2409F2C077AC}.Release|Win32.Build.0 = Release|Win32
		{969A1080-DFA3-22E4-5E56-D571BEDD332F}.Debug|Win32.ActiveCfg = Debug|x64
		{969A1080-DFA3-22E4-5E56-D571BEDD332F}.Debug|Win32.Build.0 = Debug|x64
		{969A1080-DFA3-22E4-5E56-D571BEDD332F}.Release|x64.ActiveCfg = Release|x64
		{969A1080-DFA3-22E4-5E56-D571BEDD332F}.Release|x64.Build.0 = Release|x64
		{969A1080-DFA3-22E4-5E56-D571BEDD332F}.Purify|Win32.ActiveCfg = Purify|x64
		{969A1080-DFA3-22E4-5E56-D571BEDD332F}.Purify|Win32.Build.0 = Purify|x64
		{969A1080-DFA3-22E4-5E56-D571BEDD332F}.Purify|x64.ActiveCfg = Purify|x64
		{969A1080-DFA3-22E4-5E56-D571BEDD332F}.Purify|x64.Build.0 = Purify|x64
		{969A1080-DFA3-22E4-5E56-D571BEDD332F}.Debug|x64.ActiveCfg = Debug|x64
		{969A1080-DFA3-22E4-5E56-D571BEDD332F}.Debug|x64.Build.0 = Debug|x64
		{969A1080-DFA3-22E4-5E56-D571BEDD332F}.Release|Win32.ActiveCfg = Release|x64
		{969A1080-DFA3-22E4-5E56-D571BEDD332F}.Release|Win32.Build.0 = Release|x64
		{E85E9398-310F-60B0-0764-FF56AB788321}.Debug|Win32.ActiveCfg = Debug|Win32
		{E85E9398-310F-60B0-0764-FF56AB788321}.Debug|Win32.Build.0 = Debug|Win32
		{E85E9398-310F-60B0-0764-FF56AB788321}.Release|x64.ActiveCfg = Release|x64
		{E85E9398-310F-60B0-0764-FF56AB788321}.Release|x64.Build.0 = Release|x64
		{E85E9398-310F-60B0-0764-FF56AB788321}.Purify|Win32.ActiveCfg = Purify|Win32
		{E85E9398-310F-60B0-0764-FF56AB788321}.Purify|Win32.Build.0 = Purify|Win32
		{E85E9398-310F-60B0-0764-FF56AB788321}.Purify|x64.ActiveCfg = Purify|x64
		{E85E9398-310F-60B0-0764-FF56AB788321}.Purify|x64.Build.0 = Purify|x64
		{E85E9398-310F-60B0-0764-FF56AB788321}.Debug|x64.ActiveCfg = Debug|x64
		{E85E9398-310F-60B0-0764-FF56AB788321}.Debug|x64.Build.0 = Debug|x64
		{E85E9398-310F-60B0-0764-FF56AB788321}.Release|Win32.ActiveCfg = Release|Win32
		{E85E9398-310F-60B0-0764-FF56AB788321}.Release|Win32.Build.0 = Release|Win32
	EndGlobalSection
	GlobalSection(SolutionProperties) = preSolution
		HideSolutionNode = FALSE
	EndGlobalSection
	GlobalSection(NestedProjects) = preSolution
		{E85E9398-310F-60B0-0764-FF56AB788321} = {E7AF626A-9968-3C51-9D32-B0E344581231}
		{08BA644C-AE83-B4D6-1125-7D11D79D2294} = {E7AF626A-9968-3C51-9D32-B0E344581231}
		{8B369EEE-3771-23B7-A6FD-2409F2C077AC} = {84D64873-EC7D-F803-92A1-87406FD0E7A3}
		{348267BC-35B8-82E7-C8C3-62106C91B49F} = {84D64873-EC7D-F803-92A1-87406FD0E7A3}
		{969A1080-DFA3-22E4-5E56-D571BEDD332F} = {84D64873-EC7D-F803-92A1-87406FD0E7A3}
		{4275404F-DA5E-458D-3DCC-66A2434B06D1} = {84D64873-EC7D-F803-92A1-87406FD0E7A3}
	EndGlobalSection
EndGlobal
