Microsoft Visual Studio Solution File, Format Version 10.00
# Visual Studio 2008
Project("{2150E333-8FDC-42A3-9474-1A3956D46DE8}") = "(desc)", "trusted\desc", "{A7E66F98-EC3B-FA5E-B584-5D4403E925BD}"
EndProject
Project("{2150E333-8FDC-42A3-9474-1A3956D46DE8}") = "(gio)", "shared\gio", "{F71B39B3-D440-240B-D450-D8641F6EA35F}"
EndProject
Project("{2150E333-8FDC-42A3-9474-1A3956D46DE8}") = "(imc)", "shared\imc", "{4AB13F5E-302B-A1DA-B512-3DADC987F6BB}"
EndProject
Project("{2150E333-8FDC-42A3-9474-1A3956D46DE8}") = "(platform)", "shared\platform", "{180B7690-4D5F-0E15-883B-80057D8C792F}"
EndProject
Project("{2150E333-8FDC-42A3-9474-1A3956D46DE8}") = "(shared)", "shared", "{3FF8755D-7201-2785-AD1F-48F0C33F9A7E}"
EndProject
Project("{2150E333-8FDC-42A3-9474-1A3956D46DE8}") = "(trusted)", "trusted", "{B80F6598-F3EF-5FD4-F218-7ED05A4F7861}"
EndProject
Project("{8BC9CEB8-8B4A-11D0-8D11-00A0C91BC942}") = "gio", "..\..\shared\gio\gio.vcproj", "{E85E9398-310F-60B0-0764-FF56AB788321}"
EndProject
Project("{8BC9CEB8-8B4A-11D0-8D11-00A0C91BC942}") = "gio64", "..\..\shared\gio\gio64.vcproj", "{08BA644C-AE83-B4D6-1125-7D11D79D2294}"
EndProject
Project("{8BC9CEB8-8B4A-11D0-8D11-00A0C91BC942}") = "google_nacl_imc_c", "..\..\shared\imc\google_nacl_imc_c.vcproj", "{CC162E25-08A4-5B9E-6179-1AB1A85ABF99}"
EndProject
Project("{8BC9CEB8-8B4A-11D0-8D11-00A0C91BC942}") = "google_nacl_imc_c64", "..\..\shared\imc\google_nacl_imc_c64.vcproj", "{90B6E686-F3FF-9E6B-82F7-043802D97240}"
EndProject
Project("{8BC9CEB8-8B4A-11D0-8D11-00A0C91BC942}") = "nrd_xfer", "nrd_xfer.vcproj", "{516F34EF-1CD3-85E7-42A1-AAB82B01A4C9}"
EndProject
Project("{8BC9CEB8-8B4A-11D0-8D11-00A0C91BC942}") = "nrd_xfer64", "nrd_xfer64.vcproj", "{A2C78118-78B6-4F07-96F0-89416621B7EF}"
EndProject
Project("{8BC9CEB8-8B4A-11D0-8D11-00A0C91BC942}") = "platform", "..\..\shared\platform\platform.vcproj", "{8B369EEE-3771-23B7-A6FD-2409F2C077AC}"
EndProject
Project("{8BC9CEB8-8B4A-11D0-8D11-00A0C91BC942}") = "platform64", "..\..\shared\platform\platform64.vcproj", "{969A1080-DFA3-22E4-5E56-D571BEDD332F}"
EndProject
Global
	GlobalSection(SolutionConfigurationPlatforms) = preSolution
		Debug|Win32 = Debug|Win32
		Release|x64 = Release|x64
		Purify|Win32 = Purify|Win32
		Purify|x64 = Purify|x64
		Debug|x64 = Debug|x64
		Release|Win32 = Release|Win32
	EndGlobalSection
	GlobalSection(ProjectConfigurationPlatforms) = postSolution
		{08BA644C-AE83-B4D6-1125-7D11D79D2294}.Debug|Win32.ActiveCfg = Debug|x64
		{08BA644C-AE83-B4D6-1125-7D11D79D2294}.Debug|Win32.Build.0 = Debug|x64
		{08BA644C-AE83-B4D6-1125-7D11D79D2294}.Release|x64.ActiveCfg = Release|x64
		{08BA644C-AE83-B4D6-1125-7D11D79D2294}.Release|x64.Build.0 = Release|x64
		{08BA644C-AE83-B4D6-1125-7D11D79D2294}.Purify|Win32.ActiveCfg = Purify|x64
		{08BA644C-AE83-B4D6-1125-7D11D79D2294}.Purify|Win32.Build.0 = Purify|x64
		{08BA644C-AE83-B4D6-1125-7D11D79D2294}.Purify|x64.ActiveCfg = Purify|x64
		{08BA644C-AE83-B4D6-1125-7D11D79D2294}.Purify|x64.Build.0 = Purify|x64
		{08BA644C-AE83-B4D6-1125-7D11D79D2294}.Debug|x64.ActiveCfg = Debug|x64
		{08BA644C-AE83-B4D6-1125-7D11D79D2294}.Debug|x64.Build.0 = Debug|x64
		{08BA644C-AE83-B4D6-1125-7D11D79D2294}.Release|Win32.ActiveCfg = Release|x64
		{08BA644C-AE83-B4D6-1125-7D11D79D2294}.Release|Win32.Build.0 = Release|x64
		{516F34EF-1CD3-85E7-42A1-AAB82B01A4C9}.Debug|Win32.ActiveCfg = Debug|Win32
		{516F34EF-1CD3-85E7-42A1-AAB82B01A4C9}.Debug|Win32.Build.0 = Debug|Win32
		{516F34EF-1CD3-85E7-42A1-AAB82B01A4C9}.Release|x64.ActiveCfg = Release|x64
		{516F34EF-1CD3-85E7-42A1-AAB82B01A4C9}.Release|x64.Build.0 = Release|x64
		{516F34EF-1CD3-85E7-42A1-AAB82B01A4C9}.Purify|Win32.ActiveCfg = Purify|Win32
		{516F34EF-1CD3-85E7-42A1-AAB82B01A4C9}.Purify|Win32.Build.0 = Purify|Win32
		{516F34EF-1CD3-85E7-42A1-AAB82B01A4C9}.Purify|x64.ActiveCfg = Purify|x64
		{516F34EF-1CD3-85E7-42A1-AAB82B01A4C9}.Purify|x64.Build.0 = Purify|x64
		{516F34EF-1CD3-85E7-42A1-AAB82B01A4C9}.Debug|x64.ActiveCfg = Debug|x64
		{516F34EF-1CD3-85E7-42A1-AAB82B01A4C9}.Debug|x64.Build.0 = Debug|x64
		{516F34EF-1CD3-85E7-42A1-AAB82B01A4C9}.Release|Win32.ActiveCfg = Release|Win32
		{516F34EF-1CD3-85E7-42A1-AAB82B01A4C9}.Release|Win32.Build.0 = Release|Win32
		{8B369EEE-3771-23B7-A6FD-2409F2C077AC}.Debug|Win32.ActiveCfg = Debug|Win32
		{8B369EEE-3771-23B7-A6FD-2409F2C077AC}.Debug|Win32.Build.0 = Debug|Win32
		{8B369EEE-3771-23B7-A6FD-2409F2C077AC}.Release|x64.ActiveCfg = Release|x64
		{8B369EEE-3771-23B7-A6FD-2409F2C077AC}.Release|x64.Build.0 = Release|x64
		{8B369EEE-3771-23B7-A6FD-2409F2C077AC}.Purify|Win32.ActiveCfg = Purify|Win32
		{8B369EEE-3771-23B7-A6FD-2409F2C077AC}.Purify|Win32.Build.0 = Purify|Win32
		{8B369EEE-3771-23B7-A6FD-2409F2C077AC}.Purify|x64.ActiveCfg = Purify|x64
		{8B369EEE-3771-23B7-A6FD-2409F2C077AC}.Purify|x64.Build.0 = Purify|x64
		{8B369EEE-3771-23B7-A6FD-2409F2C077AC}.Debug|x64.ActiveCfg = Debug|x64
		{8B369EEE-3771-23B7-A6FD-2409F2C077AC}.Debug|x64.Build.0 = Debug|x64
		{8B369EEE-3771-23B7-A6FD-2409F2C077AC}.Release|Win32.ActiveCfg = Release|Win32
		{8B369EEE-3771-23B7-A6FD-2409F2C077AC}.Release|Win32.Build.0 = Release|Win32
		{90B6E686-F3FF-9E6B-82F7-043802D97240}.Debug|Win32.ActiveCfg = Debug|x64
		{90B6E686-F3FF-9E6B-82F7-043802D97240}.Debug|Win32.Build.0 = Debug|x64
		{90B6E686-F3FF-9E6B-82F7-043802D97240}.Release|x64.ActiveCfg = Release|x64
		{90B6E686-F3FF-9E6B-82F7-043802D97240}.Release|x64.Build.0 = Release|x64
		{90B6E686-F3FF-9E6B-82F7-043802D97240}.Purify|Win32.ActiveCfg = Purify|x64
		{90B6E686-F3FF-9E6B-82F7-043802D97240}.Purify|Win32.Build.0 = Purify|x64
		{90B6E686-F3FF-9E6B-82F7-043802D97240}.Purify|x64.ActiveCfg = Purify|x64
		{90B6E686-F3FF-9E6B-82F7-043802D97240}.Purify|x64.Build.0 = Purify|x64
		{90B6E686-F3FF-9E6B-82F7-043802D97240}.Debug|x64.ActiveCfg = Debug|x64
		{90B6E686-F3FF-9E6B-82F7-043802D97240}.Debug|x64.Build.0 = Debug|x64
		{90B6E686-F3FF-9E6B-82F7-043802D97240}.Release|Win32.ActiveCfg = Release|x64
		{90B6E686-F3FF-9E6B-82F7-043802D97240}.Release|Win32.Build.0 = Release|x64
		{969A1080-DFA3-22E4-5E56-D571BEDD332F}.Debug|Win32.ActiveCfg = Debug|x64
		{969A1080-DFA3-22E4-5E56-D571BEDD332F}.Debug|Win32.Build.0 = Debug|x64
		{969A1080-DFA3-22E4-5E56-D571BEDD332F}.Release|x64.ActiveCfg = Release|x64
		{969A1080-DFA3-22E4-5E56-D571BEDD332F}.Release|x64.Build.0 = Release|x64
		{969A1080-DFA3-22E4-5E56-D571BEDD332F}.Purify|Win32.ActiveCfg = Purify|x64
		{969A1080-DFA3-22E4-5E56-D571BEDD332F}.Purify|Win32.Build.0 = Purify|x64
		{969A1080-DFA3-22E4-5E56-D571BEDD332F}.Purify|x64.ActiveCfg = Purify|x64
		{969A1080-DFA3-22E4-5E56-D571BEDD332F}.Purify|x64.Build.0 = Purify|x64
		{969A1080-DFA3-22E4-5E56-D571BEDD332F}.Debug|x64.ActiveCfg = Debug|x64
		{969A1080-DFA3-22E4-5E56-D571BEDD332F}.Debug|x64.Build.0 = Debug|x64
		{969A1080-DFA3-22E4-5E56-D571BEDD332F}.Release|Win32.ActiveCfg = Release|x64
		{969A1080-DFA3-22E4-5E56-D571BEDD332F}.Release|Win32.Build.0 = Release|x64
		{A2C78118-78B6-4F07-96F0-89416621B7EF}.Debug|Win32.ActiveCfg = Debug|x64
		{A2C78118-78B6-4F07-96F0-89416621B7EF}.Debug|Win32.Build.0 = Debug|x64
		{A2C78118-78B6-4F07-96F0-89416621B7EF}.Release|x64.ActiveCfg = Release|x64
		{A2C78118-78B6-4F07-96F0-89416621B7EF}.Release|x64.Build.0 = Release|x64
		{A2C78118-78B6-4F07-96F0-89416621B7EF}.Purify|Win32.ActiveCfg = Purify|x64
		{A2C78118-78B6-4F07-96F0-89416621B7EF}.Purify|Win32.Build.0 = Purify|x64
		{A2C78118-78B6-4F07-96F0-89416621B7EF}.Purify|x64.ActiveCfg = Purify|x64
		{A2C78118-78B6-4F07-96F0-89416621B7EF}.Purify|x64.Build.0 = Purify|x64
		{A2C78118-78B6-4F07-96F0-89416621B7EF}.Debug|x64.ActiveCfg = Debug|x64
		{A2C78118-78B6-4F07-96F0-89416621B7EF}.Debug|x64.Build.0 = Debug|x64
		{A2C78118-78B6-4F07-96F0-89416621B7EF}.Release|Win32.ActiveCfg = Release|x64
		{A2C78118-78B6-4F07-96F0-89416621B7EF}.Release|Win32.Build.0 = Release|x64
		{CC162E25-08A4-5B9E-6179-1AB1A85ABF99}.Debug|Win32.ActiveCfg = Debug|Win32
		{CC162E25-08A4-5B9E-6179-1AB1A85ABF99}.Debug|Win32.Build.0 = Debug|Win32
		{CC162E25-08A4-5B9E-6179-1AB1A85ABF99}.Release|x64.ActiveCfg = Release|x64
		{CC162E25-08A4-5B9E-6179-1AB1A85ABF99}.Release|x64.Build.0 = Release|x64
		{CC162E25-08A4-5B9E-6179-1AB1A85ABF99}.Purify|Win32.ActiveCfg = Purify|Win32
		{CC162E25-08A4-5B9E-6179-1AB1A85ABF99}.Purify|Win32.Build.0 = Purify|Win32
		{CC162E25-08A4-5B9E-6179-1AB1A85ABF99}.Purify|x64.ActiveCfg = Purify|x64
		{CC162E25-08A4-5B9E-6179-1AB1A85ABF99}.Purify|x64.Build.0 = Purify|x64
		{CC162E25-08A4-5B9E-6179-1AB1A85ABF99}.Debug|x64.ActiveCfg = Debug|x64
		{CC162E25-08A4-5B9E-6179-1AB1A85ABF99}.Debug|x64.Build.0 = Debug|x64
		{CC162E25-08A4-5B9E-6179-1AB1A85ABF99}.Release|Win32.ActiveCfg = Release|Win32
		{CC162E25-08A4-5B9E-6179-1AB1A85ABF99}.Release|Win32.Build.0 = Release|Win32
		{E85E9398-310F-60B0-0764-FF56AB788321}.Debug|Win32.ActiveCfg = Debug|Win32
		{E85E9398-310F-60B0-0764-FF56AB788321}.Debug|Win32.Build.0 = Debug|Win32
		{E85E9398-310F-60B0-0764-FF56AB788321}.Release|x64.ActiveCfg = Release|x64
		{E85E9398-310F-60B0-0764-FF56AB788321}.Release|x64.Build.0 = Release|x64
		{E85E9398-310F-60B0-0764-FF56AB788321}.Purify|Win32.ActiveCfg = Purify|Win32
		{E85E9398-310F-60B0-0764-FF56AB788321}.Purify|Win32.Build.0 = Purify|Win32
		{E85E9398-310F-60B0-0764-FF56AB788321}.Purify|x64.ActiveCfg = Purify|x64
		{E85E9398-310F-60B0-0764-FF56AB788321}.Purify|x64.Build.0 = Purify|x64
		{E85E9398-310F-60B0-0764-FF56AB788321}.Debug|x64.ActiveCfg = Debug|x64
		{E85E9398-310F-60B0-0764-FF56AB788321}.Debug|x64.Build.0 = Debug|x64
		{E85E9398-310F-60B0-0764-FF56AB788321}.Release|Win32.ActiveCfg = Release|Win32
		{E85E9398-310F-60B0-0764-FF56AB788321}.Release|Win32.Build.0 = Release|Win32
	EndGlobalSection
	GlobalSection(SolutionProperties) = preSolution
		HideSolutionNode = FALSE
	EndGlobalSection
	GlobalSection(NestedProjects) = preSolution
		{516F34EF-1CD3-85E7-42A1-AAB82B01A4C9} = {A7E66F98-EC3B-FA5E-B584-5D4403E925BD}
		{A2C78118-78B6-4F07-96F0-89416621B7EF} = {A7E66F98-EC3B-FA5E-B584-5D4403E925BD}
		{E85E9398-310F-60B0-0764-FF56AB788321} = {F71B39B3-D440-240B-D450-D8641F6EA35F}
		{08BA644C-AE83-B4D6-1125-7D11D79D2294} = {F71B39B3-D440-240B-D450-D8641F6EA35F}
		{CC162E25-08A4-5B9E-6179-1AB1A85ABF99} = {4AB13F5E-302B-A1DA-B512-3DADC987F6BB}
		{90B6E686-F3FF-9E6B-82F7-043802D97240} = {4AB13F5E-302B-A1DA-B512-3DADC987F6BB}
		{8B369EEE-3771-23B7-A6FD-2409F2C077AC} = {180B7690-4D5F-0E15-883B-80057D8C792F}
		{969A1080-DFA3-22E4-5E56-D571BEDD332F} = {180B7690-4D5F-0E15-883B-80057D8C792F}
		{F71B39B3-D440-240B-D450-D8641F6EA35F} = {3FF8755D-7201-2785-AD1F-48F0C33F9A7E}
		{180B7690-4D5F-0E15-883B-80057D8C792F} = {3FF8755D-7201-2785-AD1F-48F0C33F9A7E}
		{4AB13F5E-302B-A1DA-B512-3DADC987F6BB} = {3FF8755D-7201-2785-AD1F-48F0C33F9A7E}
		{A7E66F98-EC3B-FA5E-B584-5D4403E925BD} = {B80F6598-F3EF-5FD4-F218-7ED05A4F7861}
	EndGlobalSection
EndGlobal
