Microsoft Visual Studio Solution File, Format Version 10.00
# Visual Studio 2008
Project("{2150E333-8FDC-42A3-9474-1A3956D46DE8}") = "(arch)", "service_runtime\arch", "{0DC980B2-7D6A-FBD2-7C83-D397BCEC17DB}"
EndProject
Project("{2150E333-8FDC-42A3-9474-1A3956D46DE8}") = "(service_runtime)", "service_runtime", "{752FC816-5E84-9C72-9960-62C2060D8CAA}"
EndProject
Project("{2150E333-8FDC-42A3-9474-1A3956D46DE8}") = "(validator_x86)", "validator_x86", "{101FB176-C597-AF1A-61AC-E43CA301F3CE}"
EndProject
Project("{2150E333-8FDC-42A3-9474-1A3956D46DE8}") = "(x86)", "service_runtime\arch\x86", "{05CB3319-D775-C075-8BC2-543D6B985DAE}"
EndProject
Project("{8BC9CEB8-8B4A-11D0-8D11-00A0C91BC942}") = "ncdecode_table", "..\..\..\validator_x86\ncdecode_table.vcproj", "{4344A2AB-7950-7E4B-AB32-B4BD392066A1}"
EndProject
Project("{8BC9CEB8-8B4A-11D0-8D11-00A0C91BC942}") = "ncdecode_tablegen", "..\..\..\validator_x86\ncdecode_tablegen.vcproj", "{383AABC9-CCE2-6070-8711-6CFA3F60607C}"
	ProjectSection(ProjectDependencies) = postProject
		{5CE92894-5EF3-55AB-F90A-586618691C02} = {5CE92894-5EF3-55AB-F90A-586618691C02}
	EndProjectSection
EndProject
Project("{8BC9CEB8-8B4A-11D0-8D11-00A0C91BC942}") = "ncopcode_utils", "..\..\..\validator_x86\ncopcode_utils.vcproj", "{5CE92894-5EF3-55AB-F90A-586618691C02}"
	ProjectSection(ProjectDependencies) = postProject
		{BF8825E4-AEB6-F102-6237-CEC66FCB7025} = {BF8825E4-AEB6-F102-6237-CEC66FCB7025}
	EndProjectSection
EndProject
Project("{8BC9CEB8-8B4A-11D0-8D11-00A0C91BC942}") = "ncopcode_utils64", "..\..\..\validator_x86\ncopcode_utils64.vcproj", "{93DF21AD-9F7A-A4D9-F3A4-38AE69BA266C}"
	ProjectSection(ProjectDependencies) = postProject
		{BF8825E4-AEB6-F102-6237-CEC66FCB7025} = {BF8825E4-AEB6-F102-6237-CEC66FCB7025}
	EndProjectSection
EndProject
Project("{8BC9CEB8-8B4A-11D0-8D11-00A0C91BC942}") = "ncopcode_utils_gen", "..\..\..\validator_x86\ncopcode_utils_gen.vcproj", "{BF8825E4-AEB6-F102-6237-CEC66FCB7025}"
EndProject
Project("{8BC9CEB8-8B4A-11D0-8D11-00A0C91BC942}") = "ncvalidate", "..\..\..\validator_x86\ncvalidate.vcproj", "{1416F503-0666-BA25-4D91-CF10F66EF623}"
	ProjectSection(ProjectDependencies) = postProject
		{09D8556E-BAF8-4C12-AD37-D19EC078DAC8} = {09D8556E-BAF8-4C12-AD37-D19EC078DAC8}
	EndProjectSection
EndProject
Project("{8BC9CEB8-8B4A-11D0-8D11-00A0C91BC942}") = "ncvalidate_gen", "..\..\..\validator_x86\ncvalidate_gen.vcproj", "{09D8556E-BAF8-4C12-AD37-D19EC078DAC8}"
	ProjectSection(ProjectDependencies) = postProject
		{4344A2AB-7950-7E4B-AB32-B4BD392066A1} = {4344A2AB-7950-7E4B-AB32-B4BD392066A1}
		{383AABC9-CCE2-6070-8711-6CFA3F60607C} = {383AABC9-CCE2-6070-8711-6CFA3F60607C}
		{5CE92894-5EF3-55AB-F90A-586618691C02} = {5CE92894-5EF3-55AB-F90A-586618691C02}
	EndProjectSection
EndProject
Project("{8BC9CEB8-8B4A-11D0-8D11-00A0C91BC942}") = "ncvalidate_gen64", "..\..\..\validator_x86\ncvalidate_gen64.vcproj", "{EA841FCD-DD4F-7E57-4BDF-7A4F8E649703}"
	ProjectSection(ProjectDependencies) = postProject
		{4344A2AB-7950-7E4B-AB32-B4BD392066A1} = {4344A2AB-7950-7E4B-AB32-B4BD392066A1}
		{383AABC9-CCE2-6070-8711-6CFA3F60607C} = {383AABC9-CCE2-6070-8711-6CFA3F60607C}
		{93DF21AD-9F7A-A4D9-F3A4-38AE69BA266C} = {93DF21AD-9F7A-A4D9-F3A4-38AE69BA266C}
	EndProjectSection
EndProject
Project("{8BC9CEB8-8B4A-11D0-8D11-00A0C91BC942}") = "service_runtime_x86_common", "service_runtime_x86_common.vcproj", "{2BBDF49D-4230-DB3A-78AE-0FAAAD5A74AB}"
	ProjectSection(ProjectDependencies) = postProject
		{1416F503-0666-BA25-4D91-CF10F66EF623} = {1416F503-0666-BA25-4D91-CF10F66EF623}
	EndProjectSection
EndProject
Project("{8BC9CEB8-8B4A-11D0-8D11-00A0C91BC942}") = "service_runtime_x86_common64", "service_runtime_x86_common64.vcproj", "{69AFA900-54D1-543B-8570-413B8AA94978}"
	ProjectSection(ProjectDependencies) = postProject
		{EA841FCD-DD4F-7E57-4BDF-7A4F8E649703} = {EA841FCD-DD4F-7E57-4BDF-7A4F8E649703}
	EndProjectSection
EndProject
Global
	GlobalSection(SolutionConfigurationPlatforms) = preSolution
		Debug|Win32 = Debug|Win32
		Release|x64 = Release|x64
		Purify|Win32 = Purify|Win32
		Purify|x64 = Purify|x64
		Debug|x64 = Debug|x64
		Release|Win32 = Release|Win32
	EndGlobalSection
	GlobalSection(ProjectConfigurationPlatforms) = postSolution
		{09D8556E-BAF8-4C12-AD37-D19EC078DAC8}.Debug|Win32.ActiveCfg = Debug|Win32
		{09D8556E-BAF8-4C12-AD37-D19EC078DAC8}.Debug|Win32.Build.0 = Debug|Win32
		{09D8556E-BAF8-4C12-AD37-D19EC078DAC8}.Release|x64.ActiveCfg = Release|x64
		{09D8556E-BAF8-4C12-AD37-D19EC078DAC8}.Release|x64.Build.0 = Release|x64
		{09D8556E-BAF8-4C12-AD37-D19EC078DAC8}.Purify|Win32.ActiveCfg = Purify|Win32
		{09D8556E-BAF8-4C12-AD37-D19EC078DAC8}.Purify|Win32.Build.0 = Purify|Win32
		{09D8556E-BAF8-4C12-AD37-D19EC078DAC8}.Purify|x64.ActiveCfg = Purify|x64
		{09D8556E-BAF8-4C12-AD37-D19EC078DAC8}.Purify|x64.Build.0 = Purify|x64
		{09D8556E-BAF8-4C12-AD37-D19EC078DAC8}.Debug|x64.ActiveCfg = Debug|x64
		{09D8556E-BAF8-4C12-AD37-D19EC078DAC8}.Debug|x64.Build.0 = Debug|x64
		{09D8556E-BAF8-4C12-AD37-D19EC078DAC8}.Release|Win32.ActiveCfg = Release|Win32
		{09D8556E-BAF8-4C12-AD37-D19EC078DAC8}.Release|Win32.Build.0 = Release|Win32
		{1416F503-0666-BA25-4D91-CF10F66EF623}.Debug|Win32.ActiveCfg = Debug|Win32
		{1416F503-0666-BA25-4D91-CF10F66EF623}.Debug|Win32.Build.0 = Debug|Win32
		{1416F503-0666-BA25-4D91-CF10F66EF623}.Release|x64.ActiveCfg = Release|x64
		{1416F503-0666-BA25-4D91-CF10F66EF623}.Release|x64.Build.0 = Release|x64
		{1416F503-0666-BA25-4D91-CF10F66EF623}.Purify|Win32.ActiveCfg = Purify|Win32
		{1416F503-0666-BA25-4D91-CF10F66EF623}.Purify|Win32.Build.0 = Purify|Win32
		{1416F503-0666-BA25-4D91-CF10F66EF623}.Purify|x64.ActiveCfg = Purify|x64
		{1416F503-0666-BA25-4D91-CF10F66EF623}.Purify|x64.Build.0 = Purify|x64
		{1416F503-0666-BA25-4D91-CF10F66EF623}.Debug|x64.ActiveCfg = Debug|x64
		{1416F503-0666-BA25-4D91-CF10F66EF623}.Debug|x64.Build.0 = Debug|x64
		{1416F503-0666-BA25-4D91-CF10F66EF623}.Release|Win32.ActiveCfg = Release|Win32
		{1416F503-0666-BA25-4D91-CF10F66EF623}.Release|Win32.Build.0 = Release|Win32
		{2BBDF49D-4230-DB3A-78AE-0FAAAD5A74AB}.Debug|Win32.ActiveCfg = Debug|Win32
		{2BBDF49D-4230-DB3A-78AE-0FAAAD5A74AB}.Debug|Win32.Build.0 = Debug|Win32
		{2BBDF49D-4230-DB3A-78AE-0FAAAD5A74AB}.Release|x64.ActiveCfg = Release|x64
		{2BBDF49D-4230-DB3A-78AE-0FAAAD5A74AB}.Release|x64.Build.0 = Release|x64
		{2BBDF49D-4230-DB3A-78AE-0FAAAD5A74AB}.Purify|Win32.ActiveCfg = Purify|Win32
		{2BBDF49D-4230-DB3A-78AE-0FAAAD5A74AB}.Purify|Win32.Build.0 = Purify|Win32
		{2BBDF49D-4230-DB3A-78AE-0FAAAD5A74AB}.Purify|x64.ActiveCfg = Purify|x64
		{2BBDF49D-4230-DB3A-78AE-0FAAAD5A74AB}.Purify|x64.Build.0 = Purify|x64
		{2BBDF49D-4230-DB3A-78AE-0FAAAD5A74AB}.Debug|x64.ActiveCfg = Debug|x64
		{2BBDF49D-4230-DB3A-78AE-0FAAAD5A74AB}.Debug|x64.Build.0 = Debug|x64
		{2BBDF49D-4230-DB3A-78AE-0FAAAD5A74AB}.Release|Win32.ActiveCfg = Release|Win32
		{2BBDF49D-4230-DB3A-78AE-0FAAAD5A74AB}.Release|Win32.Build.0 = Release|Win32
		{383AABC9-CCE2-6070-8711-6CFA3F60607C}.Debug|Win32.ActiveCfg = Debug|Win32
		{383AABC9-CCE2-6070-8711-6CFA3F60607C}.Debug|Win32.Build.0 = Debug|Win32
		{383AABC9-CCE2-6070-8711-6CFA3F60607C}.Release|x64.ActiveCfg = Release|x64
		{383AABC9-CCE2-6070-8711-6CFA3F60607C}.Release|x64.Build.0 = Release|x64
		{383AABC9-CCE2-6070-8711-6CFA3F60607C}.Purify|Win32.ActiveCfg = Purify|Win32
		{383AABC9-CCE2-6070-8711-6CFA3F60607C}.Purify|Win32.Build.0 = Purify|Win32
		{383AABC9-CCE2-6070-8711-6CFA3F60607C}.Purify|x64.ActiveCfg = Purify|x64
		{383AABC9-CCE2-6070-8711-6CFA3F60607C}.Purify|x64.Build.0 = Purify|x64
		{383AABC9-CCE2-6070-8711-6CFA3F60607C}.Debug|x64.ActiveCfg = Debug|x64
		{383AABC9-CCE2-6070-8711-6CFA3F60607C}.Debug|x64.Build.0 = Debug|x64
		{383AABC9-CCE2-6070-8711-6CFA3F60607C}.Release|Win32.ActiveCfg = Release|Win32
		{383AABC9-CCE2-6070-8711-6CFA3F60607C}.Release|Win32.Build.0 = Release|Win32
		{4344A2AB-7950-7E4B-AB32-B4BD392066A1}.Debug|Win32.ActiveCfg = Debug|Win32
		{4344A2AB-7950-7E4B-AB32-B4BD392066A1}.Debug|Win32.Build.0 = Debug|Win32
		{4344A2AB-7950-7E4B-AB32-B4BD392066A1}.Release|x64.ActiveCfg = Release|x64
		{4344A2AB-7950-7E4B-AB32-B4BD392066A1}.Release|x64.Build.0 = Release|x64
		{4344A2AB-7950-7E4B-AB32-B4BD392066A1}.Purify|Win32.ActiveCfg = Purify|Win32
		{4344A2AB-7950-7E4B-AB32-B4BD392066A1}.Purify|Win32.Build.0 = Purify|Win32
		{4344A2AB-7950-7E4B-AB32-B4BD392066A1}.Purify|x64.ActiveCfg = Purify|x64
		{4344A2AB-7950-7E4B-AB32-B4BD392066A1}.Purify|x64.Build.0 = Purify|x64
		{4344A2AB-7950-7E4B-AB32-B4BD392066A1}.Debug|x64.ActiveCfg = Debug|x64
		{4344A2AB-7950-7E4B-AB32-B4BD392066A1}.Debug|x64.Build.0 = Debug|x64
		{4344A2AB-7950-7E4B-AB32-B4BD392066A1}.Release|Win32.ActiveCfg = Release|Win32
		{4344A2AB-7950-7E4B-AB32-B4BD392066A1}.Release|Win32.Build.0 = Release|Win32
		{5CE92894-5EF3-55AB-F90A-586618691C02}.Debug|Win32.ActiveCfg = Debug|Win32
		{5CE92894-5EF3-55AB-F90A-586618691C02}.Debug|Win32.Build.0 = Debug|Win32
		{5CE92894-5EF3-55AB-F90A-586618691C02}.Release|x64.ActiveCfg = Release|x64
		{5CE92894-5EF3-55AB-F90A-586618691C02}.Release|x64.Build.0 = Release|x64
		{5CE92894-5EF3-55AB-F90A-586618691C02}.Purify|Win32.ActiveCfg = Purify|Win32
		{5CE92894-5EF3-55AB-F90A-586618691C02}.Purify|Win32.Build.0 = Purify|Win32
		{5CE92894-5EF3-55AB-F90A-586618691C02}.Purify|x64.ActiveCfg = Purify|x64
		{5CE92894-5EF3-55AB-F90A-586618691C02}.Purify|x64.Build.0 = Purify|x64
		{5CE92894-5EF3-55AB-F90A-586618691C02}.Debug|x64.ActiveCfg = Debug|x64
		{5CE92894-5EF3-55AB-F90A-586618691C02}.Debug|x64.Build.0 = Debug|x64
		{5CE92894-5EF3-55AB-F90A-586618691C02}.Release|Win32.ActiveCfg = Release|Win32
		{5CE92894-5EF3-55AB-F90A-586618691C02}.Release|Win32.Build.0 = Release|Win32
		{69AFA900-54D1-543B-8570-413B8AA94978}.Debug|Win32.ActiveCfg = Debug|x64
		{69AFA900-54D1-543B-8570-413B8AA94978}.Debug|Win32.Build.0 = Debug|x64
		{69AFA900-54D1-543B-8570-413B8AA94978}.Release|x64.ActiveCfg = Release|x64
		{69AFA900-54D1-543B-8570-413B8AA94978}.Release|x64.Build.0 = Release|x64
		{69AFA900-54D1-543B-8570-413B8AA94978}.Purify|Win32.ActiveCfg = Purify|x64
		{69AFA900-54D1-543B-8570-413B8AA94978}.Purify|Win32.Build.0 = Purify|x64
		{69AFA900-54D1-543B-8570-413B8AA94978}.Purify|x64.ActiveCfg = Purify|x64
		{69AFA900-54D1-543B-8570-413B8AA94978}.Purify|x64.Build.0 = Purify|x64
		{69AFA900-54D1-543B-8570-413B8AA94978}.Debug|x64.ActiveCfg = Debug|x64
		{69AFA900-54D1-543B-8570-413B8AA94978}.Debug|x64.Build.0 = Debug|x64
		{69AFA900-54D1-543B-8570-413B8AA94978}.Release|Win32.ActiveCfg = Release|x64
		{69AFA900-54D1-543B-8570-413B8AA94978}.Release|Win32.Build.0 = Release|x64
		{93DF21AD-9F7A-A4D9-F3A4-38AE69BA266C}.Debug|Win32.ActiveCfg = Debug|x64
		{93DF21AD-9F7A-A4D9-F3A4-38AE69BA266C}.Debug|Win32.Build.0 = Debug|x64
		{93DF21AD-9F7A-A4D9-F3A4-38AE69BA266C}.Release|x64.ActiveCfg = Release|x64
		{93DF21AD-9F7A-A4D9-F3A4-38AE69BA266C}.Release|x64.Build.0 = Release|x64
		{93DF21AD-9F7A-A4D9-F3A4-38AE69BA266C}.Purify|Win32.ActiveCfg = Purify|x64
		{93DF21AD-9F7A-A4D9-F3A4-38AE69BA266C}.Purify|Win32.Build.0 = Purify|x64
		{93DF21AD-9F7A-A4D9-F3A4-38AE69BA266C}.Purify|x64.ActiveCfg = Purify|x64
		{93DF21AD-9F7A-A4D9-F3A4-38AE69BA266C}.Purify|x64.Build.0 = Purify|x64
		{93DF21AD-9F7A-A4D9-F3A4-38AE69BA266C}.Debug|x64.ActiveCfg = Debug|x64
		{93DF21AD-9F7A-A4D9-F3A4-38AE69BA266C}.Debug|x64.Build.0 = Debug|x64
		{93DF21AD-9F7A-A4D9-F3A4-38AE69BA266C}.Release|Win32.ActiveCfg = Release|x64
		{93DF21AD-9F7A-A4D9-F3A4-38AE69BA266C}.Release|Win32.Build.0 = Release|x64
		{BF8825E4-AEB6-F102-6237-CEC66FCB7025}.Debug|Win32.ActiveCfg = Debug|Win32
		{BF8825E4-AEB6-F102-6237-CEC66FCB7025}.Debug|Win32.Build.0 = Debug|Win32
		{BF8825E4-AEB6-F102-6237-CEC66FCB7025}.Release|x64.ActiveCfg = Release|x64
		{BF8825E4-AEB6-F102-6237-CEC66FCB7025}.Release|x64.Build.0 = Release|x64
		{BF8825E4-AEB6-F102-6237-CEC66FCB7025}.Purify|Win32.ActiveCfg = Purify|Win32
		{BF8825E4-AEB6-F102-6237-CEC66FCB7025}.Purify|Win32.Build.0 = Purify|Win32
		{BF8825E4-AEB6-F102-6237-CEC66FCB7025}.Purify|x64.ActiveCfg = Purify|x64
		{BF8825E4-AEB6-F102-6237-CEC66FCB7025}.Purify|x64.Build.0 = Purify|x64
		{BF8825E4-AEB6-F102-6237-CEC66FCB7025}.Debug|x64.ActiveCfg = Debug|x64
		{BF8825E4-AEB6-F102-6237-CEC66FCB7025}.Debug|x64.Build.0 = Debug|x64
		{BF8825E4-AEB6-F102-6237-CEC66FCB7025}.Release|Win32.ActiveCfg = Release|Win32
		{BF8825E4-AEB6-F102-6237-CEC66FCB7025}.Release|Win32.Build.0 = Release|Win32
		{EA841FCD-DD4F-7E57-4BDF-7A4F8E649703}.Debug|Win32.ActiveCfg = Debug|x64
		{EA841FCD-DD4F-7E57-4BDF-7A4F8E649703}.Debug|Win32.Build.0 = Debug|x64
		{EA841FCD-DD4F-7E57-4BDF-7A4F8E649703}.Release|x64.ActiveCfg = Release|x64
		{EA841FCD-DD4F-7E57-4BDF-7A4F8E649703}.Release|x64.Build.0 = Release|x64
		{EA841FCD-DD4F-7E57-4BDF-7A4F8E649703}.Purify|Win32.ActiveCfg = Purify|x64
		{EA841FCD-DD4F-7E57-4BDF-7A4F8E649703}.Purify|Win32.Build.0 = Purify|x64
		{EA841FCD-DD4F-7E57-4BDF-7A4F8E649703}.Purify|x64.ActiveCfg = Purify|x64
		{EA841FCD-DD4F-7E57-4BDF-7A4F8E649703}.Purify|x64.Build.0 = Purify|x64
		{EA841FCD-DD4F-7E57-4BDF-7A4F8E649703}.Debug|x64.ActiveCfg = Debug|x64
		{EA841FCD-DD4F-7E57-4BDF-7A4F8E649703}.Debug|x64.Build.0 = Debug|x64
		{EA841FCD-DD4F-7E57-4BDF-7A4F8E649703}.Release|Win32.ActiveCfg = Release|x64
		{EA841FCD-DD4F-7E57-4BDF-7A4F8E649703}.Release|Win32.Build.0 = Release|x64
	EndGlobalSection
	GlobalSection(SolutionProperties) = preSolution
		HideSolutionNode = FALSE
	EndGlobalSection
	GlobalSection(NestedProjects) = preSolution
		{05CB3319-D775-C075-8BC2-543D6B985DAE} = {0DC980B2-7D6A-FBD2-7C83-D397BCEC17DB}
		{0DC980B2-7D6A-FBD2-7C83-D397BCEC17DB} = {752FC816-5E84-9C72-9960-62C2060D8CAA}
		{09D8556E-BAF8-4C12-AD37-D19EC078DAC8} = {101FB176-C597-AF1A-61AC-E43CA301F3CE}
		{93DF21AD-9F7A-A4D9-F3A4-38AE69BA266C} = {101FB176-C597-AF1A-61AC-E43CA301F3CE}
		{383AABC9-CCE2-6070-8711-6CFA3F60607C} = {101FB176-C597-AF1A-61AC-E43CA301F3CE}
		{4344A2AB-7950-7E4B-AB32-B4BD392066A1} = {101FB176-C597-AF1A-61AC-E43CA301F3CE}
		{1416F503-0666-BA25-4D91-CF10F66EF623} = {101FB176-C597-AF1A-61AC-E43CA301F3CE}
		{BF8825E4-AEB6-F102-6237-CEC66FCB7025} = {101FB176-C597-AF1A-61AC-E43CA301F3CE}
		{EA841FCD-DD4F-7E57-4BDF-7A4F8E649703} = {101FB176-C597-AF1A-61AC-E43CA301F3CE}
		{5CE92894-5EF3-55AB-F90A-586618691C02} = {101FB176-C597-AF1A-61AC-E43CA301F3CE}
		{2BBDF49D-4230-DB3A-78AE-0FAAAD5A74AB} = {05CB3319-D775-C075-8BC2-543D6B985DAE}
		{69AFA900-54D1-543B-8570-413B8AA94978} = {05CB3319-D775-C075-8BC2-543D6B985DAE}
	EndGlobalSection
EndGlobal
