Microsoft Visual Studio Solution File, Format Version 10.00
# Visual Studio 2008
Project("{2150E333-8FDC-42A3-9474-1A3956D46DE8}") = "(arch)", "service_runtime\arch", "{0DC980B2-7D6A-FBD2-7C83-D397BCEC17DB}"
EndProject
Project("{2150E333-8FDC-42A3-9474-1A3956D46DE8}") = "(service_runtime)", "service_runtime", "{752FC816-5E84-9C72-9960-62C2060D8CAA}"
EndProject
Project("{2150E333-8FDC-42A3-9474-1A3956D46DE8}") = "(validator_x86)", "validator_x86", "{101FB176-C597-AF1A-61AC-E43CA301F3CE}"
EndProject
Project("{2150E333-8FDC-42A3-9474-1A3956D46DE8}") = "(x86_32)", "service_runtime\arch\x86_32", "{750D3226-6934-ED40-1DD2-48CC1EFEA799}"
EndProject
Project("{8BC9CEB8-8B4A-11D0-8D11-00A0C91BC942}") = "ncdecode_table", "..\..\..\validator_x86\ncdecode_table.vcproj", "{4344A2AB-7950-7E4B-AB32-B4BD392066A1}"
EndProject
Project("{8BC9CEB8-8B4A-11D0-8D11-00A0C91BC942}") = "ncdecode_tablegen", "..\..\..\validator_x86\ncdecode_tablegen.vcproj", "{383AABC9-CCE2-6070-8711-6CFA3F60607C}"
	ProjectSection(ProjectDependencies) = postProject
		{5CE92894-5EF3-55AB-F90A-586618691C02} = {5CE92894-5EF3-55AB-F90A-586618691C02}
	EndProjectSection
EndProject
Project("{8BC9CEB8-8B4A-11D0-8D11-00A0C91BC942}") = "ncopcode_utils", "..\..\..\validator_x86\ncopcode_utils.vcproj", "{5CE92894-5EF3-55AB-F90A-586618691C02}"
	ProjectSection(ProjectDependencies) = postProject
		{BF8825E4-AEB6-F102-6237-CEC66FCB7025} = {BF8825E4-AEB6-F102-6237-CEC66FCB7025}
	EndProjectSection
EndProject
Project("{8BC9CEB8-8B4A-11D0-8D11-00A0C91BC942}") = "ncopcode_utils_gen", "..\..\..\validator_x86\ncopcode_utils_gen.vcproj", "{BF8825E4-AEB6-F102-6237-CEC66FCB7025}"
EndProject
Project("{8BC9CEB8-8B4A-11D0-8D11-00A0C91BC942}") = "ncvalidate_gen", "..\..\..\validator_x86\ncvalidate_gen.vcproj", "{09D8556E-BAF8-4C12-AD37-D19EC078DAC8}"
	ProjectSection(ProjectDependencies) = postProject
		{4344A2AB-7950-7E4B-AB32-B4BD392066A1} = {4344A2AB-7950-7E4B-AB32-B4BD392066A1}
		{383AABC9-CCE2-6070-8711-6CFA3F60607C} = {383AABC9-CCE2-6070-8711-6CFA3F60607C}
		{5CE92894-5EF3-55AB-F90A-586618691C02} = {5CE92894-5EF3-55AB-F90A-586618691C02}
	EndProjectSection
EndProject
Project("{8BC9CEB8-8B4A-11D0-8D11-00A0C91BC942}") = "service_runtime_x86_32", "service_runtime_x86_32.vcproj", "{C49B4C0F-2230-E199-F079-162B8E4915E3}"
	ProjectSection(ProjectDependencies) = postProject
		{09D8556E-BAF8-4C12-AD37-D19EC078DAC8} = {09D8556E-BAF8-4C12-AD37-D19EC078DAC8}
	EndProjectSection
EndProject
Global
	GlobalSection(SolutionConfigurationPlatforms) = preSolution
		Debug|Win32 = Debug|Win32
		Release|x64 = Release|x64
		Purify|Win32 = Purify|Win32
		Purify|x64 = Purify|x64
		Debug|x64 = Debug|x64
		Release|Win32 = Release|Win32
	EndGlobalSection
	GlobalSection(ProjectConfigurationPlatforms) = postSolution
		{09D8556E-BAF8-4C12-AD37-D19EC078DAC8}.Debug|Win32.ActiveCfg = Debug|Win32
		{09D8556E-BAF8-4C12-AD37-D19EC078DAC8}.Debug|Win32.Build.0 = Debug|Win32
		{09D8556E-BAF8-4C12-AD37-D19EC078DAC8}.Release|x64.ActiveCfg = Release|x64
		{09D8556E-BAF8-4C12-AD37-D19EC078DAC8}.Release|x64.Build.0 = Release|x64
		{09D8556E-BAF8-4C12-AD37-D19EC078DAC8}.Purify|Win32.ActiveCfg = Purify|Win32
		{09D8556E-BAF8-4C12-AD37-D19EC078DAC8}.Purify|Win32.Build.0 = Purify|Win32
		{09D8556E-BAF8-4C12-AD37-D19EC078DAC8}.Purify|x64.ActiveCfg = Purify|x64
		{09D8556E-BAF8-4C12-AD37-D19EC078DAC8}.Purify|x64.Build.0 = Purify|x64
		{09D8556E-BAF8-4C12-AD37-D19EC078DAC8}.Debug|x64.ActiveCfg = Debug|x64
		{09D8556E-BAF8-4C12-AD37-D19EC078DAC8}.Debug|x64.Build.0 = Debug|x64
		{09D8556E-BAF8-4C12-AD37-D19EC078DAC8}.Release|Win32.ActiveCfg = Release|Win32
		{09D8556E-BAF8-4C12-AD37-D19EC078DAC8}.Release|Win32.Build.0 = Release|Win32
		{383AABC9-CCE2-6070-8711-6CFA3F60607C}.Debug|Win32.ActiveCfg = Debug|Win32
		{383AABC9-CCE2-6070-8711-6CFA3F60607C}.Debug|Win32.Build.0 = Debug|Win32
		{383AABC9-CCE2-6070-8711-6CFA3F60607C}.Release|x64.ActiveCfg = Release|x64
		{383AABC9-CCE2-6070-8711-6CFA3F60607C}.Release|x64.Build.0 = Release|x64
		{383AABC9-CCE2-6070-8711-6CFA3F60607C}.Purify|Win32.ActiveCfg = Purify|Win32
		{383AABC9-CCE2-6070-8711-6CFA3F60607C}.Purify|Win32.Build.0 = Purify|Win32
		{383AABC9-CCE2-6070-8711-6CFA3F60607C}.Purify|x64.ActiveCfg = Purify|x64
		{383AABC9-CCE2-6070-8711-6CFA3F60607C}.Purify|x64.Build.0 = Purify|x64
		{383AABC9-CCE2-6070-8711-6CFA3F60607C}.Debug|x64.ActiveCfg = Debug|x64
		{383AABC9-CCE2-6070-8711-6CFA3F60607C}.Debug|x64.Build.0 = Debug|x64
		{383AABC9-CCE2-6070-8711-6CFA3F60607C}.Release|Win32.ActiveCfg = Release|Win32
		{383AABC9-CCE2-6070-8711-6CFA3F60607C}.Release|Win32.Build.0 = Release|Win32
		{4344A2AB-7950-7E4B-AB32-B4BD392066A1}.Debug|Win32.ActiveCfg = Debug|Win32
		{4344A2AB-7950-7E4B-AB32-B4BD392066A1}.Debug|Win32.Build.0 = Debug|Win32
		{4344A2AB-7950-7E4B-AB32-B4BD392066A1}.Release|x64.ActiveCfg = Release|x64
		{4344A2AB-7950-7E4B-AB32-B4BD392066A1}.Release|x64.Build.0 = Release|x64
		{4344A2AB-7950-7E4B-AB32-B4BD392066A1}.Purify|Win32.ActiveCfg = Purify|Win32
		{4344A2AB-7950-7E4B-AB32-B4BD392066A1}.Purify|Win32.Build.0 = Purify|Win32
		{4344A2AB-7950-7E4B-AB32-B4BD392066A1}.Purify|x64.ActiveCfg = Purify|x64
		{4344A2AB-7950-7E4B-AB32-B4BD392066A1}.Purify|x64.Build.0 = Purify|x64
		{4344A2AB-7950-7E4B-AB32-B4BD392066A1}.Debug|x64.ActiveCfg = Debug|x64
		{4344A2AB-7950-7E4B-AB32-B4BD392066A1}.Debug|x64.Build.0 = Debug|x64
		{4344A2AB-7950-7E4B-AB32-B4BD392066A1}.Release|Win32.ActiveCfg = Release|Win32
		{4344A2AB-7950-7E4B-AB32-B4BD392066A1}.Release|Win32.Build.0 = Release|Win32
		{5CE92894-5EF3-55AB-F90A-586618691C02}.Debug|Win32.ActiveCfg = Debug|Win32
		{5CE92894-5EF3-55AB-F90A-586618691C02}.Debug|Win32.Build.0 = Debug|Win32
		{5CE92894-5EF3-55AB-F90A-586618691C02}.Release|x64.ActiveCfg = Release|x64
		{5CE92894-5EF3-55AB-F90A-586618691C02}.Release|x64.Build.0 = Release|x64
		{5CE92894-5EF3-55AB-F90A-586618691C02}.Purify|Win32.ActiveCfg = Purify|Win32
		{5CE92894-5EF3-55AB-F90A-586618691C02}.Purify|Win32.Build.0 = Purify|Win32
		{5CE92894-5EF3-55AB-F90A-586618691C02}.Purify|x64.ActiveCfg = Purify|x64
		{5CE92894-5EF3-55AB-F90A-586618691C02}.Purify|x64.Build.0 = Purify|x64
		{5CE92894-5EF3-55AB-F90A-586618691C02}.Debug|x64.ActiveCfg = Debug|x64
		{5CE92894-5EF3-55AB-F90A-586618691C02}.Debug|x64.Build.0 = Debug|x64
		{5CE92894-5EF3-55AB-F90A-586618691C02}.Release|Win32.ActiveCfg = Release|Win32
		{5CE92894-5EF3-55AB-F90A-586618691C02}.Release|Win32.Build.0 = Release|Win32
		{BF8825E4-AEB6-F102-6237-CEC66FCB7025}.Debug|Win32.ActiveCfg = Debug|Win32
		{BF8825E4-AEB6-F102-6237-CEC66FCB7025}.Debug|Win32.Build.0 = Debug|Win32
		{BF8825E4-AEB6-F102-6237-CEC66FCB7025}.Release|x64.ActiveCfg = Release|x64
		{BF8825E4-AEB6-F102-6237-CEC66FCB7025}.Release|x64.Build.0 = Release|x64
		{BF8825E4-AEB6-F102-6237-CEC66FCB7025}.Purify|Win32.ActiveCfg = Purify|Win32
		{BF8825E4-AEB6-F102-6237-CEC66FCB7025}.Purify|Win32.Build.0 = Purify|Win32
		{BF8825E4-AEB6-F102-6237-CEC66FCB7025}.Purify|x64.ActiveCfg = Purify|x64
		{BF8825E4-AEB6-F102-6237-CEC66FCB7025}.Purify|x64.Build.0 = Purify|x64
		{BF8825E4-AEB6-F102-6237-CEC66FCB7025}.Debug|x64.ActiveCfg = Debug|x64
		{BF8825E4-AEB6-F102-6237-CEC66FCB7025}.Debug|x64.Build.0 = Debug|x64
		{BF8825E4-AEB6-F102-6237-CEC66FCB7025}.Release|Win32.ActiveCfg = Release|Win32
		{BF8825E4-AEB6-F102-6237-CEC66FCB7025}.Release|Win32.Build.0 = Release|Win32
		{C49B4C0F-2230-E199-F079-162B8E4915E3}.Debug|Win32.ActiveCfg = Debug|Win32
		{C49B4C0F-2230-E199-F079-162B8E4915E3}.Debug|Win32.Build.0 = Debug|Win32
		{C49B4C0F-2230-E199-F079-162B8E4915E3}.Release|x64.ActiveCfg = Release|x64
		{C49B4C0F-2230-E199-F079-162B8E4915E3}.Release|x64.Build.0 = Release|x64
		{C49B4C0F-2230-E199-F079-162B8E4915E3}.Purify|Win32.ActiveCfg = Purify|Win32
		{C49B4C0F-2230-E199-F079-162B8E4915E3}.Purify|Win32.Build.0 = Purify|Win32
		{C49B4C0F-2230-E199-F079-162B8E4915E3}.Purify|x64.ActiveCfg = Purify|x64
		{C49B4C0F-2230-E199-F079-162B8E4915E3}.Purify|x64.Build.0 = Purify|x64
		{C49B4C0F-2230-E199-F079-162B8E4915E3}.Debug|x64.ActiveCfg = Debug|x64
		{C49B4C0F-2230-E199-F079-162B8E4915E3}.Debug|x64.Build.0 = Debug|x64
		{C49B4C0F-2230-E199-F079-162B8E4915E3}.Release|Win32.ActiveCfg = Release|Win32
		{C49B4C0F-2230-E199-F079-162B8E4915E3}.Release|Win32.Build.0 = Release|Win32
	EndGlobalSection
	GlobalSection(SolutionProperties) = preSolution
		HideSolutionNode = FALSE
	EndGlobalSection
	GlobalSection(NestedProjects) = preSolution
		{750D3226-6934-ED40-1DD2-48CC1EFEA799} = {0DC980B2-7D6A-FBD2-7C83-D397BCEC17DB}
		{0DC980B2-7D6A-FBD2-7C83-D397BCEC17DB} = {752FC816-5E84-9C72-9960-62C2060D8CAA}
		{5CE92894-5EF3-55AB-F90A-586618691C02} = {101FB176-C597-AF1A-61AC-E43CA301F3CE}
		{4344A2AB-7950-7E4B-AB32-B4BD392066A1} = {101FB176-C597-AF1A-61AC-E43CA301F3CE}
		{383AABC9-CCE2-6070-8711-6CFA3F60607C} = {101FB176-C597-AF1A-61AC-E43CA301F3CE}
		{09D8556E-BAF8-4C12-AD37-D19EC078DAC8} = {101FB176-C597-AF1A-61AC-E43CA301F3CE}
		{BF8825E4-AEB6-F102-6237-CEC66FCB7025} = {101FB176-C597-AF1A-61AC-E43CA301F3CE}
		{C49B4C0F-2230-E199-F079-162B8E4915E3} = {750D3226-6934-ED40-1DD2-48CC1EFEA799}
	EndGlobalSection
EndGlobal
