Microsoft Visual Studio Solution File, Format Version 10.00
# Visual Studio 2008
Project("{2150E333-8FDC-42A3-9474-1A3956D46DE8}") = "(arch)", "native_client\src\trusted\service_runtime\arch", "{95CFB851-5120-B4C5-5856-7F023608DC64}"
EndProject
Project("{2150E333-8FDC-42A3-9474-1A3956D46DE8}") = "(breakpad)", "breakpad", "{42F0DECB-2C02-ABBA-B565-D2CE9FF519D0}"
EndProject
Project("{2150E333-8FDC-42A3-9474-1A3956D46DE8}") = "(desc)", "native_client\src\trusted\desc", "{B89E694F-68CC-E29E-D6BC-37D5B4C2E130}"
EndProject
Project("{2150E333-8FDC-42A3-9474-1A3956D46DE8}") = "(gio)", "native_client\src\shared\gio", "{0BA94842-BC1A-F0EC-03CC-24A551890921}"
EndProject
Project("{2150E333-8FDC-42A3-9474-1A3956D46DE8}") = "(handle_pass)", "native_client\src\trusted\handle_pass", "{9C21139B-E85A-55EC-ABA6-D5B9C1C882F0}"
EndProject
Project("{2150E333-8FDC-42A3-9474-1A3956D46DE8}") = "(imc)", "native_client\src\shared\imc", "{28C4B625-94F6-5555-C49E-46D711AFC6AA}"
EndProject
Project("{2150E333-8FDC-42A3-9474-1A3956D46DE8}") = "(nacl_breakpad)", "native_client\src\trusted\nacl_breakpad", "{B718EA0D-8C22-6488-2C81-8193CD00ABB6}"
EndProject
Project("{2150E333-8FDC-42A3-9474-1A3956D46DE8}") = "(native_client)", "native_client", "{829C43DA-1372-614D-F044-340432AECC41}"
EndProject
Project("{2150E333-8FDC-42A3-9474-1A3956D46DE8}") = "(platform)", "native_client\src\shared\platform", "{C7F1D566-185B-B23E-1075-5CCF2012C9AE}"
EndProject
Project("{2150E333-8FDC-42A3-9474-1A3956D46DE8}") = "(platform_qualify)", "native_client\src\trusted\platform_qualify", "{A542CB4F-7771-0A74-046A-3B08D4C73AA3}"
EndProject
Project("{2150E333-8FDC-42A3-9474-1A3956D46DE8}") = "(service_runtime)", "native_client\src\trusted\service_runtime", "{C50F2C83-16E1-2829-AA6C-A968DCD9D8AC}"
EndProject
Project("{2150E333-8FDC-42A3-9474-1A3956D46DE8}") = "(shared)", "native_client\src\shared", "{AF54D844-B89C-091B-2908-8ED6A9B1816C}"
EndProject
Project("{2150E333-8FDC-42A3-9474-1A3956D46DE8}") = "(src)", "native_client\src", "{3D22B090-5929-53D0-A1D8-8987B59D8C2A}"
EndProject
Project("{2150E333-8FDC-42A3-9474-1A3956D46DE8}") = "(srpc)", "native_client\src\shared\srpc", "{7A4A1BB1-1CFA-38F1-1DF6-43EBD6A37EFC}"
EndProject
Project("{2150E333-8FDC-42A3-9474-1A3956D46DE8}") = "(trusted)", "native_client\src\trusted", "{F9DE3C07-A597-572D-925F-8421178817A2}"
EndProject
Project("{2150E333-8FDC-42A3-9474-1A3956D46DE8}") = "(validator_x86)", "native_client\src\trusted\validator_x86", "{F170D991-8D5D-98BA-DCA0-87F5FE076F04}"
EndProject
Project("{2150E333-8FDC-42A3-9474-1A3956D46DE8}") = "(x86)", "native_client\src\trusted\service_runtime\arch\x86", "{8C1D1324-62FC-9DDE-4C18-78DDD1F5FBD7}"
EndProject
Project("{2150E333-8FDC-42A3-9474-1A3956D46DE8}") = "(x86_32)", "native_client\src\trusted\service_runtime\arch\x86_32", "{1B7B6EB0-3CB5-7F8A-F3D5-F5F9DB8566B6}"
EndProject
Project("{2150E333-8FDC-42A3-9474-1A3956D46DE8}") = "(x86_64)", "native_client\src\trusted\service_runtime\arch\x86_64", "{26C07E0C-B647-D064-B255-447212B2DDFD}"
EndProject
Project("{8BC9CEB8-8B4A-11D0-8D11-00A0C91BC942}") = "breakpad_handler_win64", "..\..\..\..\breakpad\breakpad_handler_win64.vcproj", "{C10299FB-DBDB-4FDA-B90C-1AE3FE4A9E6A}"
EndProject
Project("{8BC9CEB8-8B4A-11D0-8D11-00A0C91BC942}") = "breakpad_sender_win64", "..\..\..\..\breakpad\breakpad_sender_win64.vcproj", "{237AEB58-9D74-41EF-9D49-A6ECE24EA8BC}"
EndProject
Project("{8BC9CEB8-8B4A-11D0-8D11-00A0C91BC942}") = "container", "container.vcproj", "{D09D481D-F8AA-AFC0-C6DE-70DB50C1024C}"
EndProject
Project("{8BC9CEB8-8B4A-11D0-8D11-00A0C91BC942}") = "container64", "container64.vcproj", "{9E386F9A-533A-3DF2-FE9B-B015A8BE647B}"
EndProject
Project("{8BC9CEB8-8B4A-11D0-8D11-00A0C91BC942}") = "expiration", "expiration.vcproj", "{D71EC2C4-0A9A-185E-F646-E8E15CEA012B}"
EndProject
Project("{8BC9CEB8-8B4A-11D0-8D11-00A0C91BC942}") = "expiration64", "expiration64.vcproj", "{4F194F36-6D9A-1EB5-6CF5-BBE983783A65}"
EndProject
Project("{8BC9CEB8-8B4A-11D0-8D11-00A0C91BC942}") = "gio", "..\..\shared\gio\gio.vcproj", "{E85E9398-310F-60B0-0764-FF56AB788321}"
EndProject
Project("{8BC9CEB8-8B4A-11D0-8D11-00A0C91BC942}") = "gio64", "..\..\shared\gio\gio64.vcproj", "{08BA644C-AE83-B4D6-1125-7D11D79D2294}"
EndProject
Project("{8BC9CEB8-8B4A-11D0-8D11-00A0C91BC942}") = "gio_shm", "gio_shm.vcproj", "{DAC91EAB-EA42-F962-A4BC-12905A37D8E3}"
EndProject
Project("{8BC9CEB8-8B4A-11D0-8D11-00A0C91BC942}") = "gio_shm64", "gio_shm64.vcproj", "{08BD99BC-1716-0AAC-E4EE-F7AE3DFC4C1B}"
EndProject
Project("{8BC9CEB8-8B4A-11D0-8D11-00A0C91BC942}") = "google_nacl_imc_c", "..\..\shared\imc\google_nacl_imc_c.vcproj", "{CC162E25-08A4-5B9E-6179-1AB1A85ABF99}"
EndProject
Project("{8BC9CEB8-8B4A-11D0-8D11-00A0C91BC942}") = "google_nacl_imc_c64", "..\..\shared\imc\google_nacl_imc_c64.vcproj", "{90B6E686-F3FF-9E6B-82F7-043802D97240}"
EndProject
Project("{8BC9CEB8-8B4A-11D0-8D11-00A0C91BC942}") = "handle_lookup", "..\handle_pass\handle_lookup.vcproj", "{946235C6-3CDA-8032-F554-E0085B5AA9BB}"
EndProject
Project("{8BC9CEB8-8B4A-11D0-8D11-00A0C91BC942}") = "handle_lookup64", "..\handle_pass\handle_lookup64.vcproj", "{8C868FC5-BC86-BD8D-ADFD-6D2BE020BBC7}"
EndProject
Project("{8BC9CEB8-8B4A-11D0-8D11-00A0C91BC942}") = "ldrhandle", "..\handle_pass\ldrhandle.vcproj", "{826A4BDC-DEF8-B65E-478D-45F4F487C868}"
EndProject
Project("{8BC9CEB8-8B4A-11D0-8D11-00A0C91BC942}") = "ldrhandle64", "..\handle_pass\ldrhandle64.vcproj", "{76766D4E-4297-84FE-086B-C48FAF81E70A}"
EndProject
Project("{8BC9CEB8-8B4A-11D0-8D11-00A0C91BC942}") = "nacl_breakpad64", "..\nacl_breakpad\nacl_breakpad64.vcproj", "{87C1204C-EDB7-70BD-9B2F-A2BB1F337B12}"
EndProject
Project("{8BC9CEB8-8B4A-11D0-8D11-00A0C91BC942}") = "nacl_xdr", "nacl_xdr.vcproj", "{EDB40C50-39E3-5312-CEFF-41C1ADA923D0}"
EndProject
Project("{8BC9CEB8-8B4A-11D0-8D11-00A0C91BC942}") = "nacl_xdr64", "nacl_xdr64.vcproj", "{B678689A-A20A-236F-F724-768377A9B000}"
EndProject
Project("{8BC9CEB8-8B4A-11D0-8D11-00A0C91BC942}") = "ncdecode_table", "..\validator_x86\ncdecode_table.vcproj", "{4344A2AB-7950-7E4B-AB32-B4BD392066A1}"
EndProject
Project("{8BC9CEB8-8B4A-11D0-8D11-00A0C91BC942}") = "ncdecode_tablegen", "..\validator_x86\ncdecode_tablegen.vcproj", "{383AABC9-CCE2-6070-8711-6CFA3F60607C}"
	ProjectSection(ProjectDependencies) = postProject
		{5CE92894-5EF3-55AB-F90A-586618691C02} = {5CE92894-5EF3-55AB-F90A-586618691C02}
	EndProjectSection
EndProject
Project("{8BC9CEB8-8B4A-11D0-8D11-00A0C91BC942}") = "ncopcode_utils", "..\validator_x86\ncopcode_utils.vcproj", "{5CE92894-5EF3-55AB-F90A-586618691C02}"
	ProjectSection(ProjectDependencies) = postProject
		{BF8825E4-AEB6-F102-6237-CEC66FCB7025} = {BF8825E4-AEB6-F102-6237-CEC66FCB7025}
	EndProjectSection
EndProject
Project("{8BC9CEB8-8B4A-11D0-8D11-00A0C91BC942}") = "ncopcode_utils64", "..\validator_x86\ncopcode_utils64.vcproj", "{93DF21AD-9F7A-A4D9-F3A4-38AE69BA266C}"
	ProjectSection(ProjectDependencies) = postProject
		{BF8825E4-AEB6-F102-6237-CEC66FCB7025} = {BF8825E4-AEB6-F102-6237-CEC66FCB7025}
	EndProjectSection
EndProject
Project("{8BC9CEB8-8B4A-11D0-8D11-00A0C91BC942}") = "ncopcode_utils_gen", "..\validator_x86\ncopcode_utils_gen.vcproj", "{BF8825E4-AEB6-F102-6237-CEC66FCB7025}"
EndProject
Project("{8BC9CEB8-8B4A-11D0-8D11-00A0C91BC942}") = "ncvalidate", "..\validator_x86\ncvalidate.vcproj", "{1416F503-0666-BA25-4D91-CF10F66EF623}"
	ProjectSection(ProjectDependencies) = postProject
		{09D8556E-BAF8-4C12-AD37-D19EC078DAC8} = {09D8556E-BAF8-4C12-AD37-D19EC078DAC8}
	EndProjectSection
EndProject
Project("{8BC9CEB8-8B4A-11D0-8D11-00A0C91BC942}") = "ncvalidate64", "..\validator_x86\ncvalidate64.vcproj", "{C046C891-2495-BB49-D11F-39E4E69585E8}"
	ProjectSection(ProjectDependencies) = postProject
		{EA841FCD-DD4F-7E57-4BDF-7A4F8E649703} = {EA841FCD-DD4F-7E57-4BDF-7A4F8E649703}
	EndProjectSection
EndProject
Project("{8BC9CEB8-8B4A-11D0-8D11-00A0C91BC942}") = "ncvalidate_gen", "..\validator_x86\ncvalidate_gen.vcproj", "{09D8556E-BAF8-4C12-AD37-D19EC078DAC8}"
	ProjectSection(ProjectDependencies) = postProject
		{4344A2AB-7950-7E4B-AB32-B4BD392066A1} = {4344A2AB-7950-7E4B-AB32-B4BD392066A1}
		{383AABC9-CCE2-6070-8711-6CFA3F60607C} = {383AABC9-CCE2-6070-8711-6CFA3F60607C}
		{5CE92894-5EF3-55AB-F90A-586618691C02} = {5CE92894-5EF3-55AB-F90A-586618691C02}
	EndProjectSection
EndProject
Project("{8BC9CEB8-8B4A-11D0-8D11-00A0C91BC942}") = "ncvalidate_gen64", "..\validator_x86\ncvalidate_gen64.vcproj", "{EA841FCD-DD4F-7E57-4BDF-7A4F8E649703}"
	ProjectSection(ProjectDependencies) = postProject
		{4344A2AB-7950-7E4B-AB32-B4BD392066A1} = {4344A2AB-7950-7E4B-AB32-B4BD392066A1}
		{383AABC9-CCE2-6070-8711-6CFA3F60607C} = {383AABC9-CCE2-6070-8711-6CFA3F60607C}
		{93DF21AD-9F7A-A4D9-F3A4-38AE69BA266C} = {93DF21AD-9F7A-A4D9-F3A4-38AE69BA266C}
	EndProjectSection
EndProject
Project("{8BC9CEB8-8B4A-11D0-8D11-00A0C91BC942}") = "ncvalidate_sfi64", "..\validator_x86\ncvalidate_sfi64.vcproj", "{31A4DF9A-983A-50AD-1E87-378C74105135}"
	ProjectSection(ProjectDependencies) = postProject
		{C046C891-2495-BB49-D11F-39E4E69585E8} = {C046C891-2495-BB49-D11F-39E4E69585E8}
	EndProjectSection
EndProject
Project("{8BC9CEB8-8B4A-11D0-8D11-00A0C91BC942}") = "nonnacl_srpc", "..\..\shared\srpc\nonnacl_srpc.vcproj", "{B401F5EE-D774-DC1E-AFD4-804796C472F0}"
EndProject
Project("{8BC9CEB8-8B4A-11D0-8D11-00A0C91BC942}") = "nonnacl_srpc64", "..\..\shared\srpc\nonnacl_srpc64.vcproj", "{2A49C91F-25D3-B700-AE19-47DA807073B8}"
EndProject
Project("{8BC9CEB8-8B4A-11D0-8D11-00A0C91BC942}") = "nrd_xfer", "..\desc\nrd_xfer.vcproj", "{516F34EF-1CD3-85E7-42A1-AAB82B01A4C9}"
EndProject
Project("{8BC9CEB8-8B4A-11D0-8D11-00A0C91BC942}") = "nrd_xfer64", "..\desc\nrd_xfer64.vcproj", "{A2C78118-78B6-4F07-96F0-89416621B7EF}"
EndProject
Project("{8BC9CEB8-8B4A-11D0-8D11-00A0C91BC942}") = "platform", "..\..\shared\platform\platform.vcproj", "{8B369EEE-3771-23B7-A6FD-2409F2C077AC}"
EndProject
Project("{8BC9CEB8-8B4A-11D0-8D11-00A0C91BC942}") = "platform64", "..\..\shared\platform\platform64.vcproj", "{969A1080-DFA3-22E4-5E56-D571BEDD332F}"
EndProject
Project("{8BC9CEB8-8B4A-11D0-8D11-00A0C91BC942}") = "platform_qual_lib", "..\platform_qualify\platform_qual_lib.vcproj", "{F1D473E3-156A-1412-094E-3783ECB0E01A}"
EndProject
Project("{8BC9CEB8-8B4A-11D0-8D11-00A0C91BC942}") = "platform_qual_lib64", "..\platform_qualify\platform_qual_lib64.vcproj", "{09E00237-F74E-B9EB-A5A2-B8D1A3A6B324}"
EndProject
Project("{8BC9CEB8-8B4A-11D0-8D11-00A0C91BC942}") = "sel", "sel.vcproj", "{95FA9038-68A1-6432-A034-F5B1224ECA84}"
EndProject
Project("{8BC9CEB8-8B4A-11D0-8D11-00A0C91BC942}") = "sel64", "sel64.vcproj", "{BC4BCDD1-AFF0-B6D9-94D3-ECBCDF3F9C9C}"
	ProjectSection(ProjectDependencies) = postProject
		{31A4DF9A-983A-50AD-1E87-378C74105135} = {31A4DF9A-983A-50AD-1E87-378C74105135}
		{BF8825E4-AEB6-F102-6237-CEC66FCB7025} = {BF8825E4-AEB6-F102-6237-CEC66FCB7025}
	EndProjectSection
EndProject
Project("{8BC9CEB8-8B4A-11D0-8D11-00A0C91BC942}") = "sel_ldr", "sel_ldr.vcproj", "{F9E04B8F-F9DB-3ABF-667E-BD2DBF69B0AF}"
	ProjectSection(ProjectDependencies) = postProject
		{D71EC2C4-0A9A-185E-F646-E8E15CEA012B} = {D71EC2C4-0A9A-185E-F646-E8E15CEA012B}
		{95FA9038-68A1-6432-A034-F5B1224ECA84} = {95FA9038-68A1-6432-A034-F5B1224ECA84}
		{DAC91EAB-EA42-F962-A4BC-12905A37D8E3} = {DAC91EAB-EA42-F962-A4BC-12905A37D8E3}
		{8B369EEE-3771-23B7-A6FD-2409F2C077AC} = {8B369EEE-3771-23B7-A6FD-2409F2C077AC}
		{F1D473E3-156A-1412-094E-3783ECB0E01A} = {F1D473E3-156A-1412-094E-3783ECB0E01A}
		{E85E9398-310F-60B0-0764-FF56AB788321} = {E85E9398-310F-60B0-0764-FF56AB788321}
		{516F34EF-1CD3-85E7-42A1-AAB82B01A4C9} = {516F34EF-1CD3-85E7-42A1-AAB82B01A4C9}
		{CC162E25-08A4-5B9E-6179-1AB1A85ABF99} = {CC162E25-08A4-5B9E-6179-1AB1A85ABF99}
		{B401F5EE-D774-DC1E-AFD4-804796C472F0} = {B401F5EE-D774-DC1E-AFD4-804796C472F0}
		{2BBDF49D-4230-DB3A-78AE-0FAAAD5A74AB} = {2BBDF49D-4230-DB3A-78AE-0FAAAD5A74AB}
		{1416F503-0666-BA25-4D91-CF10F66EF623} = {1416F503-0666-BA25-4D91-CF10F66EF623}
		{5CE92894-5EF3-55AB-F90A-586618691C02} = {5CE92894-5EF3-55AB-F90A-586618691C02}
		{C49B4C0F-2230-E199-F079-162B8E4915E3} = {C49B4C0F-2230-E199-F079-162B8E4915E3}
		{826A4BDC-DEF8-B65E-478D-45F4F487C868} = {826A4BDC-DEF8-B65E-478D-45F4F487C868}
		{946235C6-3CDA-8032-F554-E0085B5AA9BB} = {946235C6-3CDA-8032-F554-E0085B5AA9BB}
	EndProjectSection
EndProject
Project("{8BC9CEB8-8B4A-11D0-8D11-00A0C91BC942}") = "sel_ldr64", "sel_ldr64.vcproj", "{62A50447-B8A9-F004-9D85-E9C0FC1A49D1}"
	ProjectSection(ProjectDependencies) = postProject
		{4F194F36-6D9A-1EB5-6CF5-BBE983783A65} = {4F194F36-6D9A-1EB5-6CF5-BBE983783A65}
		{BC4BCDD1-AFF0-B6D9-94D3-ECBCDF3F9C9C} = {BC4BCDD1-AFF0-B6D9-94D3-ECBCDF3F9C9C}
		{08BD99BC-1716-0AAC-E4EE-F7AE3DFC4C1B} = {08BD99BC-1716-0AAC-E4EE-F7AE3DFC4C1B}
		{969A1080-DFA3-22E4-5E56-D571BEDD332F} = {969A1080-DFA3-22E4-5E56-D571BEDD332F}
		{09E00237-F74E-B9EB-A5A2-B8D1A3A6B324} = {09E00237-F74E-B9EB-A5A2-B8D1A3A6B324}
		{08BA644C-AE83-B4D6-1125-7D11D79D2294} = {08BA644C-AE83-B4D6-1125-7D11D79D2294}
		{A2C78118-78B6-4F07-96F0-89416621B7EF} = {A2C78118-78B6-4F07-96F0-89416621B7EF}
		{90B6E686-F3FF-9E6B-82F7-043802D97240} = {90B6E686-F3FF-9E6B-82F7-043802D97240}
		{31A4DF9A-983A-50AD-1E87-378C74105135} = {31A4DF9A-983A-50AD-1E87-378C74105135}
		{C046C891-2495-BB49-D11F-39E4E69585E8} = {C046C891-2495-BB49-D11F-39E4E69585E8}
		{93DF21AD-9F7A-A4D9-F3A4-38AE69BA266C} = {93DF21AD-9F7A-A4D9-F3A4-38AE69BA266C}
		{2A49C91F-25D3-B700-AE19-47DA807073B8} = {2A49C91F-25D3-B700-AE19-47DA807073B8}
		{69AFA900-54D1-543B-8570-413B8AA94978} = {69AFA900-54D1-543B-8570-413B8AA94978}
		{3290FBF6-3B20-A42F-B0FB-654F90B68C4E} = {3290FBF6-3B20-A42F-B0FB-654F90B68C4E}
		{76766D4E-4297-84FE-086B-C48FAF81E70A} = {76766D4E-4297-84FE-086B-C48FAF81E70A}
		{8C868FC5-BC86-BD8D-ADFD-6D2BE020BBC7} = {8C868FC5-BC86-BD8D-ADFD-6D2BE020BBC7}
		{87C1204C-EDB7-70BD-9B2F-A2BB1F337B12} = {87C1204C-EDB7-70BD-9B2F-A2BB1F337B12}
		{C10299FB-DBDB-4FDA-B90C-1AE3FE4A9E6A} = {C10299FB-DBDB-4FDA-B90C-1AE3FE4A9E6A}
		{237AEB58-9D74-41EF-9D49-A6ECE24EA8BC} = {237AEB58-9D74-41EF-9D49-A6ECE24EA8BC}
	EndProjectSection
EndProject
Project("{8BC9CEB8-8B4A-11D0-8D11-00A0C91BC942}") = "service_runtime_x86_32", "arch\x86_32\service_runtime_x86_32.vcproj", "{C49B4C0F-2230-E199-F079-162B8E4915E3}"
	ProjectSection(ProjectDependencies) = postProject
		{09D8556E-BAF8-4C12-AD37-D19EC078DAC8} = {09D8556E-BAF8-4C12-AD37-D19EC078DAC8}
	EndProjectSection
EndProject
Project("{8BC9CEB8-8B4A-11D0-8D11-00A0C91BC942}") = "service_runtime_x86_64", "arch\x86_64\service_runtime_x86_64.vcproj", "{3290FBF6-3B20-A42F-B0FB-654F90B68C4E}"
EndProject
Project("{8BC9CEB8-8B4A-11D0-8D11-00A0C91BC942}") = "service_runtime_x86_common", "arch\x86\service_runtime_x86_common.vcproj", "{2BBDF49D-4230-DB3A-78AE-0FAAAD5A74AB}"
	ProjectSection(ProjectDependencies) = postProject
		{1416F503-0666-BA25-4D91-CF10F66EF623} = {1416F503-0666-BA25-4D91-CF10F66EF623}
	EndProjectSection
EndProject
Project("{8BC9CEB8-8B4A-11D0-8D11-00A0C91BC942}") = "service_runtime_x86_common64", "arch\x86\service_runtime_x86_common64.vcproj", "{69AFA900-54D1-543B-8570-413B8AA94978}"
	ProjectSection(ProjectDependencies) = postProject
		{EA841FCD-DD4F-7E57-4BDF-7A4F8E649703} = {EA841FCD-DD4F-7E57-4BDF-7A4F8E649703}
	EndProjectSection
EndProject
Global
	GlobalSection(SolutionConfigurationPlatforms) = preSolution
		Debug|Win32 = Debug|Win32
		Release|x64 = Release|x64
		Purify|Win32 = Purify|Win32
		Purify|x64 = Purify|x64
		Debug|x64 = Debug|x64
		Release|Win32 = Release|Win32
	EndGlobalSection
	GlobalSection(ProjectConfigurationPlatforms) = postSolution
		{08BA644C-AE83-B4D6-1125-7D11D79D2294}.Debug|Win32.ActiveCfg = Debug|x64
		{08BA644C-AE83-B4D6-1125-7D11D79D2294}.Debug|Win32.Build.0 = Debug|x64
		{08BA644C-AE83-B4D6-1125-7D11D79D2294}.Release|x64.ActiveCfg = Release|x64
		{08BA644C-AE83-B4D6-1125-7D11D79D2294}.Release|x64.Build.0 = Release|x64
		{08BA644C-AE83-B4D6-1125-7D11D79D2294}.Purify|Win32.ActiveCfg = Purify|x64
		{08BA644C-AE83-B4D6-1125-7D11D79D2294}.Purify|Win32.Build.0 = Purify|x64
		{08BA644C-AE83-B4D6-1125-7D11D79D2294}.Purify|x64.ActiveCfg = Purify|x64
		{08BA644C-AE83-B4D6-1125-7D11D79D2294}.Purify|x64.Build.0 = Purify|x64
		{08BA644C-AE83-B4D6-1125-7D11D79D2294}.Debug|x64.ActiveCfg = Debug|x64
		{08BA644C-AE83-B4D6-1125-7D11D79D2294}.Debug|x64.Build.0 = Debug|x64
		{08BA644C-AE83-B4D6-1125-7D11D79D2294}.Release|Win32.ActiveCfg = Release|x64
		{08BA644C-AE83-B4D6-1125-7D11D79D2294}.Release|Win32.Build.0 = Release|x64
		{08BD99BC-1716-0AAC-E4EE-F7AE3DFC4C1B}.Debug|Win32.ActiveCfg = Debug|x64
		{08BD99BC-1716-0AAC-E4EE-F7AE3DFC4C1B}.Debug|Win32.Build.0 = Debug|x64
		{08BD99BC-1716-0AAC-E4EE-F7AE3DFC4C1B}.Release|x64.ActiveCfg = Release|x64
		{08BD99BC-1716-0AAC-E4EE-F7AE3DFC4C1B}.Release|x64.Build.0 = Release|x64
		{08BD99BC-1716-0AAC-E4EE-F7AE3DFC4C1B}.Purify|Win32.ActiveCfg = Purify|x64
		{08BD99BC-1716-0AAC-E4EE-F7AE3DFC4C1B}.Purify|Win32.Build.0 = Purify|x64
		{08BD99BC-1716-0AAC-E4EE-F7AE3DFC4C1B}.Purify|x64.ActiveCfg = Purify|x64
		{08BD99BC-1716-0AAC-E4EE-F7AE3DFC4C1B}.Purify|x64.Build.0 = Purify|x64
		{08BD99BC-1716-0AAC-E4EE-F7AE3DFC4C1B}.Debug|x64.ActiveCfg = Debug|x64
		{08BD99BC-1716-0AAC-E4EE-F7AE3DFC4C1B}.Debug|x64.Build.0 = Debug|x64
		{08BD99BC-1716-0AAC-E4EE-F7AE3DFC4C1B}.Release|Win32.ActiveCfg = Release|x64
		{08BD99BC-1716-0AAC-E4EE-F7AE3DFC4C1B}.Release|Win32.Build.0 = Release|x64
		{09D8556E-BAF8-4C12-AD37-D19EC078DAC8}.Debug|Win32.ActiveCfg = Debug|Win32
		{09D8556E-BAF8-4C12-AD37-D19EC078DAC8}.Debug|Win32.Build.0 = Debug|Win32
		{09D8556E-BAF8-4C12-AD37-D19EC078DAC8}.Release|x64.ActiveCfg = Release|x64
		{09D8556E-BAF8-4C12-AD37-D19EC078DAC8}.Release|x64.Build.0 = Release|x64
		{09D8556E-BAF8-4C12-AD37-D19EC078DAC8}.Purify|Win32.ActiveCfg = Purify|Win32
		{09D8556E-BAF8-4C12-AD37-D19EC078DAC8}.Purify|Win32.Build.0 = Purify|Win32
		{09D8556E-BAF8-4C12-AD37-D19EC078DAC8}.Purify|x64.ActiveCfg = Purify|x64
		{09D8556E-BAF8-4C12-AD37-D19EC078DAC8}.Purify|x64.Build.0 = Purify|x64
		{09D8556E-BAF8-4C12-AD37-D19EC078DAC8}.Debug|x64.ActiveCfg = Debug|x64
		{09D8556E-BAF8-4C12-AD37-D19EC078DAC8}.Debug|x64.Build.0 = Debug|x64
		{09D8556E-BAF8-4C12-AD37-D19EC078DAC8}.Release|Win32.ActiveCfg = Release|Win32
		{09D8556E-BAF8-4C12-AD37-D19EC078DAC8}.Release|Win32.Build.0 = Release|Win32
		{09E00237-F74E-B9EB-A5A2-B8D1A3A6B324}.Debug|Win32.ActiveCfg = Debug|x64
		{09E00237-F74E-B9EB-A5A2-B8D1A3A6B324}.Debug|Win32.Build.0 = Debug|x64
		{09E00237-F74E-B9EB-A5A2-B8D1A3A6B324}.Release|x64.ActiveCfg = Release|x64
		{09E00237-F74E-B9EB-A5A2-B8D1A3A6B324}.Release|x64.Build.0 = Release|x64
		{09E00237-F74E-B9EB-A5A2-B8D1A3A6B324}.Purify|Win32.ActiveCfg = Purify|x64
		{09E00237-F74E-B9EB-A5A2-B8D1A3A6B324}.Purify|Win32.Build.0 = Purify|x64
		{09E00237-F74E-B9EB-A5A2-B8D1A3A6B324}.Purify|x64.ActiveCfg = Purify|x64
		{09E00237-F74E-B9EB-A5A2-B8D1A3A6B324}.Purify|x64.Build.0 = Purify|x64
		{09E00237-F74E-B9EB-A5A2-B8D1A3A6B324}.Debug|x64.ActiveCfg = Debug|x64
		{09E00237-F74E-B9EB-A5A2-B8D1A3A6B324}.Debug|x64.Build.0 = Debug|x64
		{09E00237-F74E-B9EB-A5A2-B8D1A3A6B324}.Release|Win32.ActiveCfg = Release|x64
		{09E00237-F74E-B9EB-A5A2-B8D1A3A6B324}.Release|Win32.Build.0 = Release|x64
		{1416F503-0666-BA25-4D91-CF10F66EF623}.Debug|Win32.ActiveCfg = Debug|Win32
		{1416F503-0666-BA25-4D91-CF10F66EF623}.Debug|Win32.Build.0 = Debug|Win32
		{1416F503-0666-BA25-4D91-CF10F66EF623}.Release|x64.ActiveCfg = Release|x64
		{1416F503-0666-BA25-4D91-CF10F66EF623}.Release|x64.Build.0 = Release|x64
		{1416F503-0666-BA25-4D91-CF10F66EF623}.Purify|Win32.ActiveCfg = Purify|Win32
		{1416F503-0666-BA25-4D91-CF10F66EF623}.Purify|Win32.Build.0 = Purify|Win32
		{1416F503-0666-BA25-4D91-CF10F66EF623}.Purify|x64.ActiveCfg = Purify|x64
		{1416F503-0666-BA25-4D91-CF10F66EF623}.Purify|x64.Build.0 = Purify|x64
		{1416F503-0666-BA25-4D91-CF10F66EF623}.Debug|x64.ActiveCfg = Debug|x64
		{1416F503-0666-BA25-4D91-CF10F66EF623}.Debug|x64.Build.0 = Debug|x64
		{1416F503-0666-BA25-4D91-CF10F66EF623}.Release|Win32.ActiveCfg = Release|Win32
		{1416F503-0666-BA25-4D91-CF10F66EF623}.Release|Win32.Build.0 = Release|Win32
		{237AEB58-9D74-41EF-9D49-A6ECE24EA8BC}.Debug|Win32.ActiveCfg = Debug|x64
		{237AEB58-9D74-41EF-9D49-A6ECE24EA8BC}.Debug|Win32.Build.0 = Debug|x64
		{237AEB58-9D74-41EF-9D49-A6ECE24EA8BC}.Release|x64.ActiveCfg = Release|x64
		{237AEB58-9D74-41EF-9D49-A6ECE24EA8BC}.Release|x64.Build.0 = Release|x64
		{237AEB58-9D74-41EF-9D49-A6ECE24EA8BC}.Purify|Win32.ActiveCfg = Purify|x64
		{237AEB58-9D74-41EF-9D49-A6ECE24EA8BC}.Purify|Win32.Build.0 = Purify|x64
		{237AEB58-9D74-41EF-9D49-A6ECE24EA8BC}.Purify|x64.ActiveCfg = Purify|x64
		{237AEB58-9D74-41EF-9D49-A6ECE24EA8BC}.Purify|x64.Build.0 = Purify|x64
		{237AEB58-9D74-41EF-9D49-A6ECE24EA8BC}.Debug|x64.ActiveCfg = Debug|x64
		{237AEB58-9D74-41EF-9D49-A6ECE24EA8BC}.Debug|x64.Build.0 = Debug|x64
		{237AEB58-9D74-41EF-9D49-A6ECE24EA8BC}.Release|Win32.ActiveCfg = Release|x64
		{237AEB58-9D74-41EF-9D49-A6ECE24EA8BC}.Release|Win32.Build.0 = Release|x64
		{2A49C91F-25D3-B700-AE19-47DA807073B8}.Debug|Win32.ActiveCfg = Debug|x64
		{2A49C91F-25D3-B700-AE19-47DA807073B8}.Debug|Win32.Build.0 = Debug|x64
		{2A49C91F-25D3-B700-AE19-47DA807073B8}.Release|x64.ActiveCfg = Release|x64
		{2A49C91F-25D3-B700-AE19-47DA807073B8}.Release|x64.Build.0 = Release|x64
		{2A49C91F-25D3-B700-AE19-47DA807073B8}.Purify|Win32.ActiveCfg = Purify|x64
		{2A49C91F-25D3-B700-AE19-47DA807073B8}.Purify|Win32.Build.0 = Purify|x64
		{2A49C91F-25D3-B700-AE19-47DA807073B8}.Purify|x64.ActiveCfg = Purify|x64
		{2A49C91F-25D3-B700-AE19-47DA807073B8}.Purify|x64.Build.0 = Purify|x64
		{2A49C91F-25D3-B700-AE19-47DA807073B8}.Debug|x64.ActiveCfg = Debug|x64
		{2A49C91F-25D3-B700-AE19-47DA807073B8}.Debug|x64.Build.0 = Debug|x64
		{2A49C91F-25D3-B700-AE19-47DA807073B8}.Release|Win32.ActiveCfg = Release|x64
		{2A49C91F-25D3-B700-AE19-47DA807073B8}.Release|Win32.Build.0 = Release|x64
		{2BBDF49D-4230-DB3A-78AE-0FAAAD5A74AB}.Debug|Win32.ActiveCfg = Debug|Win32
		{2BBDF49D-4230-DB3A-78AE-0FAAAD5A74AB}.Debug|Win32.Build.0 = Debug|Win32
		{2BBDF49D-4230-DB3A-78AE-0FAAAD5A74AB}.Release|x64.ActiveCfg = Release|x64
		{2BBDF49D-4230-DB3A-78AE-0FAAAD5A74AB}.Release|x64.Build.0 = Release|x64
		{2BBDF49D-4230-DB3A-78AE-0FAAAD5A74AB}.Purify|Win32.ActiveCfg = Purify|Win32
		{2BBDF49D-4230-DB3A-78AE-0FAAAD5A74AB}.Purify|Win32.Build.0 = Purify|Win32
		{2BBDF49D-4230-DB3A-78AE-0FAAAD5A74AB}.Purify|x64.ActiveCfg = Purify|x64
		{2BBDF49D-4230-DB3A-78AE-0FAAAD5A74AB}.Purify|x64.Build.0 = Purify|x64
		{2BBDF49D-4230-DB3A-78AE-0FAAAD5A74AB}.Debug|x64.ActiveCfg = Debug|x64
		{2BBDF49D-4230-DB3A-78AE-0FAAAD5A74AB}.Debug|x64.Build.0 = Debug|x64
		{2BBDF49D-4230-DB3A-78AE-0FAAAD5A74AB}.Release|Win32.ActiveCfg = Release|Win32
		{2BBDF49D-4230-DB3A-78AE-0FAAAD5A74AB}.Release|Win32.Build.0 = Release|Win32
		{31A4DF9A-983A-50AD-1E87-378C74105135}.Debug|Win32.ActiveCfg = Debug|x64
		{31A4DF9A-983A-50AD-1E87-378C74105135}.Debug|Win32.Build.0 = Debug|x64
		{31A4DF9A-983A-50AD-1E87-378C74105135}.Release|x64.ActiveCfg = Release|x64
		{31A4DF9A-983A-50AD-1E87-378C74105135}.Release|x64.Build.0 = Release|x64
		{31A4DF9A-983A-50AD-1E87-378C74105135}.Purify|Win32.ActiveCfg = Purify|x64
		{31A4DF9A-983A-50AD-1E87-378C74105135}.Purify|Win32.Build.0 = Purify|x64
		{31A4DF9A-983A-50AD-1E87-378C74105135}.Purify|x64.ActiveCfg = Purify|x64
		{31A4DF9A-983A-50AD-1E87-378C74105135}.Purify|x64.Build.0 = Purify|x64
		{31A4DF9A-983A-50AD-1E87-378C74105135}.Debug|x64.ActiveCfg = Debug|x64
		{31A4DF9A-983A-50AD-1E87-378C74105135}.Debug|x64.Build.0 = Debug|x64
		{31A4DF9A-983A-50AD-1E87-378C74105135}.Release|Win32.ActiveCfg = Release|x64
		{31A4DF9A-983A-50AD-1E87-378C74105135}.Release|Win32.Build.0 = Release|x64
		{3290FBF6-3B20-A42F-B0FB-654F90B68C4E}.Debug|Win32.ActiveCfg = Debug|x64
		{3290FBF6-3B20-A42F-B0FB-654F90B68C4E}.Debug|Win32.Build.0 = Debug|x64
		{3290FBF6-3B20-A42F-B0FB-654F90B68C4E}.Release|x64.ActiveCfg = Release|x64
		{3290FBF6-3B20-A42F-B0FB-654F90B68C4E}.Release|x64.Build.0 = Release|x64
		{3290FBF6-3B20-A42F-B0FB-654F90B68C4E}.Purify|Win32.ActiveCfg = Purify|x64
		{3290FBF6-3B20-A42F-B0FB-654F90B68C4E}.Purify|Win32.Build.0 = Purify|x64
		{3290FBF6-3B20-A42F-B0FB-654F90B68C4E}.Purify|x64.ActiveCfg = Purify|x64
		{3290FBF6-3B20-A42F-B0FB-654F90B68C4E}.Purify|x64.Build.0 = Purify|x64
		{3290FBF6-3B20-A42F-B0FB-654F90B68C4E}.Debug|x64.ActiveCfg = Debug|x64
		{3290FBF6-3B20-A42F-B0FB-654F90B68C4E}.Debug|x64.Build.0 = Debug|x64
		{3290FBF6-3B20-A42F-B0FB-654F90B68C4E}.Release|Win32.ActiveCfg = Release|x64
		{3290FBF6-3B20-A42F-B0FB-654F90B68C4E}.Release|Win32.Build.0 = Release|x64
		{383AABC9-CCE2-6070-8711-6CFA3F60607C}.Debug|Win32.ActiveCfg = Debug|Win32
		{383AABC9-CCE2-6070-8711-6CFA3F60607C}.Debug|Win32.Build.0 = Debug|Win32
		{383AABC9-CCE2-6070-8711-6CFA3F60607C}.Release|x64.ActiveCfg = Release|x64
		{383AABC9-CCE2-6070-8711-6CFA3F60607C}.Release|x64.Build.0 = Release|x64
		{383AABC9-CCE2-6070-8711-6CFA3F60607C}.Purify|Win32.ActiveCfg = Purify|Win32
		{383AABC9-CCE2-6070-8711-6CFA3F60607C}.Purify|Win32.Build.0 = Purify|Win32
		{383AABC9-CCE2-6070-8711-6CFA3F60607C}.Purify|x64.ActiveCfg = Purify|x64
		{383AABC9-CCE2-6070-8711-6CFA3F60607C}.Purify|x64.Build.0 = Purify|x64
		{383AABC9-CCE2-6070-8711-6CFA3F60607C}.Debug|x64.ActiveCfg = Debug|x64
		{383AABC9-CCE2-6070-8711-6CFA3F60607C}.Debug|x64.Build.0 = Debug|x64
		{383AABC9-CCE2-6070-8711-6CFA3F60607C}.Release|Win32.ActiveCfg = Release|Win32
		{383AABC9-CCE2-6070-8711-6CFA3F60607C}.Release|Win32.Build.0 = Release|Win32
		{4344A2AB-7950-7E4B-AB32-B4BD392066A1}.Debug|Win32.ActiveCfg = Debug|Win32
		{4344A2AB-7950-7E4B-AB32-B4BD392066A1}.Debug|Win32.Build.0 = Debug|Win32
		{4344A2AB-7950-7E4B-AB32-B4BD392066A1}.Release|x64.ActiveCfg = Release|x64
		{4344A2AB-7950-7E4B-AB32-B4BD392066A1}.Release|x64.Build.0 = Release|x64
		{4344A2AB-7950-7E4B-AB32-B4BD392066A1}.Purify|Win32.ActiveCfg = Purify|Win32
		{4344A2AB-7950-7E4B-AB32-B4BD392066A1}.Purify|Win32.Build.0 = Purify|Win32
		{4344A2AB-7950-7E4B-AB32-B4BD392066A1}.Purify|x64.ActiveCfg = Purify|x64
		{4344A2AB-7950-7E4B-AB32-B4BD392066A1}.Purify|x64.Build.0 = Purify|x64
		{4344A2AB-7950-7E4B-AB32-B4BD392066A1}.Debug|x64.ActiveCfg = Debug|x64
		{4344A2AB-7950-7E4B-AB32-B4BD392066A1}.Debug|x64.Build.0 = Debug|x64
		{4344A2AB-7950-7E4B-AB32-B4BD392066A1}.Release|Win32.ActiveCfg = Release|Win32
		{4344A2AB-7950-7E4B-AB32-B4BD392066A1}.Release|Win32.Build.0 = Release|Win32
		{4F194F36-6D9A-1EB5-6CF5-BBE983783A65}.Debug|Win32.ActiveCfg = Debug|x64
		{4F194F36-6D9A-1EB5-6CF5-BBE983783A65}.Debug|Win32.Build.0 = Debug|x64
		{4F194F36-6D9A-1EB5-6CF5-BBE983783A65}.Release|x64.ActiveCfg = Release|x64
		{4F194F36-6D9A-1EB5-6CF5-BBE983783A65}.Release|x64.Build.0 = Release|x64
		{4F194F36-6D9A-1EB5-6CF5-BBE983783A65}.Purify|Win32.ActiveCfg = Purify|x64
		{4F194F36-6D9A-1EB5-6CF5-BBE983783A65}.Purify|Win32.Build.0 = Purify|x64
		{4F194F36-6D9A-1EB5-6CF5-BBE983783A65}.Purify|x64.ActiveCfg = Purify|x64
		{4F194F36-6D9A-1EB5-6CF5-BBE983783A65}.Purify|x64.Build.0 = Purify|x64
		{4F194F36-6D9A-1EB5-6CF5-BBE983783A65}.Debug|x64.ActiveCfg = Debug|x64
		{4F194F36-6D9A-1EB5-6CF5-BBE983783A65}.Debug|x64.Build.0 = Debug|x64
		{4F194F36-6D9A-1EB5-6CF5-BBE983783A65}.Release|Win32.ActiveCfg = Release|x64
		{4F194F36-6D9A-1EB5-6CF5-BBE983783A65}.Release|Win32.Build.0 = Release|x64
		{516F34EF-1CD3-85E7-42A1-AAB82B01A4C9}.Debug|Win32.ActiveCfg = Debug|Win32
		{516F34EF-1CD3-85E7-42A1-AAB82B01A4C9}.Debug|Win32.Build.0 = Debug|Win32
		{516F34EF-1CD3-85E7-42A1-AAB82B01A4C9}.Release|x64.ActiveCfg = Release|x64
		{516F34EF-1CD3-85E7-42A1-AAB82B01A4C9}.Release|x64.Build.0 = Release|x64
		{516F34EF-1CD3-85E7-42A1-AAB82B01A4C9}.Purify|Win32.ActiveCfg = Purify|Win32
		{516F34EF-1CD3-85E7-42A1-AAB82B01A4C9}.Purify|Win32.Build.0 = Purify|Win32
		{516F34EF-1CD3-85E7-42A1-AAB82B01A4C9}.Purify|x64.ActiveCfg = Purify|x64
		{516F34EF-1CD3-85E7-42A1-AAB82B01A4C9}.Purify|x64.Build.0 = Purify|x64
		{516F34EF-1CD3-85E7-42A1-AAB82B01A4C9}.Debug|x64.ActiveCfg = Debug|x64
		{516F34EF-1CD3-85E7-42A1-AAB82B01A4C9}.Debug|x64.Build.0 = Debug|x64
		{516F34EF-1CD3-85E7-42A1-AAB82B01A4C9}.Release|Win32.ActiveCfg = Release|Win32
		{516F34EF-1CD3-85E7-42A1-AAB82B01A4C9}.Release|Win32.Build.0 = Release|Win32
		{5CE92894-5EF3-55AB-F90A-586618691C02}.Debug|Win32.ActiveCfg = Debug|Win32
		{5CE92894-5EF3-55AB-F90A-586618691C02}.Debug|Win32.Build.0 = Debug|Win32
		{5CE92894-5EF3-55AB-F90A-586618691C02}.Release|x64.ActiveCfg = Release|x64
		{5CE92894-5EF3-55AB-F90A-586618691C02}.Release|x64.Build.0 = Release|x64
		{5CE92894-5EF3-55AB-F90A-586618691C02}.Purify|Win32.ActiveCfg = Purify|Win32
		{5CE92894-5EF3-55AB-F90A-586618691C02}.Purify|Win32.Build.0 = Purify|Win32
		{5CE92894-5EF3-55AB-F90A-586618691C02}.Purify|x64.ActiveCfg = Purify|x64
		{5CE92894-5EF3-55AB-F90A-586618691C02}.Purify|x64.Build.0 = Purify|x64
		{5CE92894-5EF3-55AB-F90A-586618691C02}.Debug|x64.ActiveCfg = Debug|x64
		{5CE92894-5EF3-55AB-F90A-586618691C02}.Debug|x64.Build.0 = Debug|x64
		{5CE92894-5EF3-55AB-F90A-586618691C02}.Release|Win32.ActiveCfg = Release|Win32
		{5CE92894-5EF3-55AB-F90A-586618691C02}.Release|Win32.Build.0 = Release|Win32
		{62A50447-B8A9-F004-9D85-E9C0FC1A49D1}.Debug|Win32.ActiveCfg = Debug|x64
		{62A50447-B8A9-F004-9D85-E9C0FC1A49D1}.Debug|Win32.Build.0 = Debug|x64
		{62A50447-B8A9-F004-9D85-E9C0FC1A49D1}.Release|x64.ActiveCfg = Release|x64
		{62A50447-B8A9-F004-9D85-E9C0FC1A49D1}.Release|x64.Build.0 = Release|x64
		{62A50447-B8A9-F004-9D85-E9C0FC1A49D1}.Purify|Win32.ActiveCfg = Purify|x64
		{62A50447-B8A9-F004-9D85-E9C0FC1A49D1}.Purify|Win32.Build.0 = Purify|x64
		{62A50447-B8A9-F004-9D85-E9C0FC1A49D1}.Purify|x64.ActiveCfg = Purify|x64
		{62A50447-B8A9-F004-9D85-E9C0FC1A49D1}.Purify|x64.Build.0 = Purify|x64
		{62A50447-B8A9-F004-9D85-E9C0FC1A49D1}.Debug|x64.ActiveCfg = Debug|x64
		{62A50447-B8A9-F004-9D85-E9C0FC1A49D1}.Debug|x64.Build.0 = Debug|x64
		{62A50447-B8A9-F004-9D85-E9C0FC1A49D1}.Release|Win32.ActiveCfg = Release|x64
		{62A50447-B8A9-F004-9D85-E9C0FC1A49D1}.Release|Win32.Build.0 = Release|x64
		{69AFA900-54D1-543B-8570-413B8AA94978}.Debug|Win32.ActiveCfg = Debug|x64
		{69AFA900-54D1-543B-8570-413B8AA94978}.Debug|Win32.Build.0 = Debug|x64
		{69AFA900-54D1-543B-8570-413B8AA94978}.Release|x64.ActiveCfg = Release|x64
		{69AFA900-54D1-543B-8570-413B8AA94978}.Release|x64.Build.0 = Release|x64
		{69AFA900-54D1-543B-8570-413B8AA94978}.Purify|Win32.ActiveCfg = Purify|x64
		{69AFA900-54D1-543B-8570-413B8AA94978}.Purify|Win32.Build.0 = Purify|x64
		{69AFA900-54D1-543B-8570-413B8AA94978}.Purify|x64.ActiveCfg = Purify|x64
		{69AFA900-54D1-543B-8570-413B8AA94978}.Purify|x64.Build.0 = Purify|x64
		{69AFA900-54D1-543B-8570-413B8AA94978}.Debug|x64.ActiveCfg = Debug|x64
		{69AFA900-54D1-543B-8570-413B8AA94978}.Debug|x64.Build.0 = Debug|x64
		{69AFA900-54D1-543B-8570-413B8AA94978}.Release|Win32.ActiveCfg = Release|x64
		{69AFA900-54D1-543B-8570-413B8AA94978}.Release|Win32.Build.0 = Release|x64
		{76766D4E-4297-84FE-086B-C48FAF81E70A}.Debug|Win32.ActiveCfg = Debug|x64
		{76766D4E-4297-84FE-086B-C48FAF81E70A}.Debug|Win32.Build.0 = Debug|x64
		{76766D4E-4297-84FE-086B-C48FAF81E70A}.Release|x64.ActiveCfg = Release|x64
		{76766D4E-4297-84FE-086B-C48FAF81E70A}.Release|x64.Build.0 = Release|x64
		{76766D4E-4297-84FE-086B-C48FAF81E70A}.Purify|Win32.ActiveCfg = Purify|x64
		{76766D4E-4297-84FE-086B-C48FAF81E70A}.Purify|Win32.Build.0 = Purify|x64
		{76766D4E-4297-84FE-086B-C48FAF81E70A}.Purify|x64.ActiveCfg = Purify|x64
		{76766D4E-4297-84FE-086B-C48FAF81E70A}.Purify|x64.Build.0 = Purify|x64
		{76766D4E-4297-84FE-086B-C48FAF81E70A}.Debug|x64.ActiveCfg = Debug|x64
		{76766D4E-4297-84FE-086B-C48FAF81E70A}.Debug|x64.Build.0 = Debug|x64
		{76766D4E-4297-84FE-086B-C48FAF81E70A}.Release|Win32.ActiveCfg = Release|x64
		{76766D4E-4297-84FE-086B-C48FAF81E70A}.Release|Win32.Build.0 = Release|x64
		{826A4BDC-DEF8-B65E-478D-45F4F487C868}.Debug|Win32.ActiveCfg = Debug|Win32
		{826A4BDC-DEF8-B65E-478D-45F4F487C868}.Debug|Win32.Build.0 = Debug|Win32
		{826A4BDC-DEF8-B65E-478D-45F4F487C868}.Release|x64.ActiveCfg = Release|x64
		{826A4BDC-DEF8-B65E-478D-45F4F487C868}.Release|x64.Build.0 = Release|x64
		{826A4BDC-DEF8-B65E-478D-45F4F487C868}.Purify|Win32.ActiveCfg = Purify|Win32
		{826A4BDC-DEF8-B65E-478D-45F4F487C868}.Purify|Win32.Build.0 = Purify|Win32
		{826A4BDC-DEF8-B65E-478D-45F4F487C868}.Purify|x64.ActiveCfg = Purify|x64
		{826A4BDC-DEF8-B65E-478D-45F4F487C868}.Purify|x64.Build.0 = Purify|x64
		{826A4BDC-DEF8-B65E-478D-45F4F487C868}.Debug|x64.ActiveCfg = Debug|x64
		{826A4BDC-DEF8-B65E-478D-45F4F487C868}.Debug|x64.Build.0 = Debug|x64
		{826A4BDC-DEF8-B65E-478D-45F4F487C868}.Release|Win32.ActiveCfg = Release|Win32
		{826A4BDC-DEF8-B65E-478D-45F4F487C868}.Release|Win32.Build.0 = Release|Win32
		{87C1204C-EDB7-70BD-9B2F-A2BB1F337B12}.Debug|Win32.ActiveCfg = Debug|x64
		{87C1204C-EDB7-70BD-9B2F-A2BB1F337B12}.Debug|Win32.Build.0 = Debug|x64
		{87C1204C-EDB7-70BD-9B2F-A2BB1F337B12}.Release|x64.ActiveCfg = Release|x64
		{87C1204C-EDB7-70BD-9B2F-A2BB1F337B12}.Release|x64.Build.0 = Release|x64
		{87C1204C-EDB7-70BD-9B2F-A2BB1F337B12}.Purify|Win32.ActiveCfg = Purify|x64
		{87C1204C-EDB7-70BD-9B2F-A2BB1F337B12}.Purify|Win32.Build.0 = Purify|x64
		{87C1204C-EDB7-70BD-9B2F-A2BB1F337B12}.Purify|x64.ActiveCfg = Purify|x64
		{87C1204C-EDB7-70BD-9B2F-A2BB1F337B12}.Purify|x64.Build.0 = Purify|x64
		{87C1204C-EDB7-70BD-9B2F-A2BB1F337B12}.Debug|x64.ActiveCfg = Debug|x64
		{87C1204C-EDB7-70BD-9B2F-A2BB1F337B12}.Debug|x64.Build.0 = Debug|x64
		{87C1204C-EDB7-70BD-9B2F-A2BB1F337B12}.Release|Win32.ActiveCfg = Release|x64
		{87C1204C-EDB7-70BD-9B2F-A2BB1F337B12}.Release|Win32.Build.0 = Release|x64
		{8B369EEE-3771-23B7-A6FD-2409F2C077AC}.Debug|Win32.ActiveCfg = Debug|Win32
		{8B369EEE-3771-23B7-A6FD-2409F2C077AC}.Debug|Win32.Build.0 = Debug|Win32
		{8B369EEE-3771-23B7-A6FD-2409F2C077AC}.Release|x64.ActiveCfg = Release|x64
		{8B369EEE-3771-23B7-A6FD-2409F2C077AC}.Release|x64.Build.0 = Release|x64
		{8B369EEE-3771-23B7-A6FD-2409F2C077AC}.Purify|Win32.ActiveCfg = Purify|Win32
		{8B369EEE-3771-23B7-A6FD-2409F2C077AC}.Purify|Win32.Build.0 = Purify|Win32
		{8B369EEE-3771-23B7-A6FD-2409F2C077AC}.Purify|x64.ActiveCfg = Purify|x64
		{8B369EEE-3771-23B7-A6FD-2409F2C077AC}.Purify|x64.Build.0 = Purify|x64
		{8B369EEE-3771-23B7-A6FD-2409F2C077AC}.Debug|x64.ActiveCfg = Debug|x64
		{8B369EEE-3771-23B7-A6FD-2409F2C077AC}.Debug|x64.Build.0 = Debug|x64
		{8B369EEE-3771-23B7-A6FD-2409F2C077AC}.Release|Win32.ActiveCfg = Release|Win32
		{8B369EEE-3771-23B7-A6FD-2409F2C077AC}.Release|Win32.Build.0 = Release|Win32
		{8C868FC5-BC86-BD8D-ADFD-6D2BE020BBC7}.Debug|Win32.ActiveCfg = Debug|x64
		{8C868FC5-BC86-BD8D-ADFD-6D2BE020BBC7}.Debug|Win32.Build.0 = Debug|x64
		{8C868FC5-BC86-BD8D-ADFD-6D2BE020BBC7}.Release|x64.ActiveCfg = Release|x64
		{8C868FC5-BC86-BD8D-ADFD-6D2BE020BBC7}.Release|x64.Build.0 = Release|x64
		{8C868FC5-BC86-BD8D-ADFD-6D2BE020BBC7}.Purify|Win32.ActiveCfg = Purify|x64
		{8C868FC5-BC86-BD8D-ADFD-6D2BE020BBC7}.Purify|Win32.Build.0 = Purify|x64
		{8C868FC5-BC86-BD8D-ADFD-6D2BE020BBC7}.Purify|x64.ActiveCfg = Purify|x64
		{8C868FC5-BC86-BD8D-ADFD-6D2BE020BBC7}.Purify|x64.Build.0 = Purify|x64
		{8C868FC5-BC86-BD8D-ADFD-6D2BE020BBC7}.Debug|x64.ActiveCfg = Debug|x64
		{8C868FC5-BC86-BD8D-ADFD-6D2BE020BBC7}.Debug|x64.Build.0 = Debug|x64
		{8C868FC5-BC86-BD8D-ADFD-6D2BE020BBC7}.Release|Win32.ActiveCfg = Release|x64
		{8C868FC5-BC86-BD8D-ADFD-6D2BE020BBC7}.Release|Win32.Build.0 = Release|x64
		{90B6E686-F3FF-9E6B-82F7-043802D97240}.Debug|Win32.ActiveCfg = Debug|x64
		{90B6E686-F3FF-9E6B-82F7-043802D97240}.Debug|Win32.Build.0 = Debug|x64
		{90B6E686-F3FF-9E6B-82F7-043802D97240}.Release|x64.ActiveCfg = Release|x64
		{90B6E686-F3FF-9E6B-82F7-043802D97240}.Release|x64.Build.0 = Release|x64
		{90B6E686-F3FF-9E6B-82F7-043802D97240}.Purify|Win32.ActiveCfg = Purify|x64
		{90B6E686-F3FF-9E6B-82F7-043802D97240}.Purify|Win32.Build.0 = Purify|x64
		{90B6E686-F3FF-9E6B-82F7-043802D97240}.Purify|x64.ActiveCfg = Purify|x64
		{90B6E686-F3FF-9E6B-82F7-043802D97240}.Purify|x64.Build.0 = Purify|x64
		{90B6E686-F3FF-9E6B-82F7-043802D97240}.Debug|x64.ActiveCfg = Debug|x64
		{90B6E686-F3FF-9E6B-82F7-043802D97240}.Debug|x64.Build.0 = Debug|x64
		{90B6E686-F3FF-9E6B-82F7-043802D97240}.Release|Win32.ActiveCfg = Release|x64
		{90B6E686-F3FF-9E6B-82F7-043802D97240}.Release|Win32.Build.0 = Release|x64
		{93DF21AD-9F7A-A4D9-F3A4-38AE69BA266C}.Debug|Win32.ActiveCfg = Debug|x64
		{93DF21AD-9F7A-A4D9-F3A4-38AE69BA266C}.Debug|Win32.Build.0 = Debug|x64
		{93DF21AD-9F7A-A4D9-F3A4-38AE69BA266C}.Release|x64.ActiveCfg = Release|x64
		{93DF21AD-9F7A-A4D9-F3A4-38AE69BA266C}.Release|x64.Build.0 = Release|x64
		{93DF21AD-9F7A-A4D9-F3A4-38AE69BA266C}.Purify|Win32.ActiveCfg = Purify|x64
		{93DF21AD-9F7A-A4D9-F3A4-38AE69BA266C}.Purify|Win32.Build.0 = Purify|x64
		{93DF21AD-9F7A-A4D9-F3A4-38AE69BA266C}.Purify|x64.ActiveCfg = Purify|x64
		{93DF21AD-9F7A-A4D9-F3A4-38AE69BA266C}.Purify|x64.Build.0 = Purify|x64
		{93DF21AD-9F7A-A4D9-F3A4-38AE69BA266C}.Debug|x64.ActiveCfg = Debug|x64
		{93DF21AD-9F7A-A4D9-F3A4-38AE69BA266C}.Debug|x64.Build.0 = Debug|x64
		{93DF21AD-9F7A-A4D9-F3A4-38AE69BA266C}.Release|Win32.ActiveCfg = Release|x64
		{93DF21AD-9F7A-A4D9-F3A4-38AE69BA266C}.Release|Win32.Build.0 = Release|x64
		{946235C6-3CDA-8032-F554-E0085B5AA9BB}.Debug|Win32.ActiveCfg = Debug|Win32
		{946235C6-3CDA-8032-F554-E0085B5AA9BB}.Debug|Win32.Build.0 = Debug|Win32
		{946235C6-3CDA-8032-F554-E0085B5AA9BB}.Release|x64.ActiveCfg = Release|x64
		{946235C6-3CDA-8032-F554-E0085B5AA9BB}.Release|x64.Build.0 = Release|x64
		{946235C6-3CDA-8032-F554-E0085B5AA9BB}.Purify|Win32.ActiveCfg = Purify|Win32
		{946235C6-3CDA-8032-F554-E0085B5AA9BB}.Purify|Win32.Build.0 = Purify|Win32
		{946235C6-3CDA-8032-F554-E0085B5AA9BB}.Purify|x64.ActiveCfg = Purify|x64
		{946235C6-3CDA-8032-F554-E0085B5AA9BB}.Purify|x64.Build.0 = Purify|x64
		{946235C6-3CDA-8032-F554-E0085B5AA9BB}.Debug|x64.ActiveCfg = Debug|x64
		{946235C6-3CDA-8032-F554-E0085B5AA9BB}.Debug|x64.Build.0 = Debug|x64
		{946235C6-3CDA-8032-F554-E0085B5AA9BB}.Release|Win32.ActiveCfg = Release|Win32
		{946235C6-3CDA-8032-F554-E0085B5AA9BB}.Release|Win32.Build.0 = Release|Win32
		{95FA9038-68A1-6432-A034-F5B1224ECA84}.Debug|Win32.ActiveCfg = Debug|Win32
		{95FA9038-68A1-6432-A034-F5B1224ECA84}.Debug|Win32.Build.0 = Debug|Win32
		{95FA9038-68A1-6432-A034-F5B1224ECA84}.Release|x64.ActiveCfg = Release|x64
		{95FA9038-68A1-6432-A034-F5B1224ECA84}.Release|x64.Build.0 = Release|x64
		{95FA9038-68A1-6432-A034-F5B1224ECA84}.Purify|Win32.ActiveCfg = Purify|Win32
		{95FA9038-68A1-6432-A034-F5B1224ECA84}.Purify|Win32.Build.0 = Purify|Win32
		{95FA9038-68A1-6432-A034-F5B1224ECA84}.Purify|x64.ActiveCfg = Purify|x64
		{95FA9038-68A1-6432-A034-F5B1224ECA84}.Purify|x64.Build.0 = Purify|x64
		{95FA9038-68A1-6432-A034-F5B1224ECA84}.Debug|x64.ActiveCfg = Debug|x64
		{95FA9038-68A1-6432-A034-F5B1224ECA84}.Debug|x64.Build.0 = Debug|x64
		{95FA9038-68A1-6432-A034-F5B1224ECA84}.Release|Win32.ActiveCfg = Release|Win32
		{95FA9038-68A1-6432-A034-F5B1224ECA84}.Release|Win32.Build.0 = Release|Win32
		{969A1080-DFA3-22E4-5E56-D571BEDD332F}.Debug|Win32.ActiveCfg = Debug|x64
		{969A1080-DFA3-22E4-5E56-D571BEDD332F}.Debug|Win32.Build.0 = Debug|x64
		{969A1080-DFA3-22E4-5E56-D571BEDD332F}.Release|x64.ActiveCfg = Release|x64
		{969A1080-DFA3-22E4-5E56-D571BEDD332F}.Release|x64.Build.0 = Release|x64
		{969A1080-DFA3-22E4-5E56-D571BEDD332F}.Purify|Win32.ActiveCfg = Purify|x64
		{969A1080-DFA3-22E4-5E56-D571BEDD332F}.Purify|Win32.Build.0 = Purify|x64
		{969A1080-DFA3-22E4-5E56-D571BEDD332F}.Purify|x64.ActiveCfg = Purify|x64
		{969A1080-DFA3-22E4-5E56-D571BEDD332F}.Purify|x64.Build.0 = Purify|x64
		{969A1080-DFA3-22E4-5E56-D571BEDD332F}.Debug|x64.ActiveCfg = Debug|x64
		{969A1080-DFA3-22E4-5E56-D571BEDD332F}.Debug|x64.Build.0 = Debug|x64
		{969A1080-DFA3-22E4-5E56-D571BEDD332F}.Release|Win32.ActiveCfg = Release|x64
		{969A1080-DFA3-22E4-5E56-D571BEDD332F}.Release|Win32.Build.0 = Release|x64
		{9E386F9A-533A-3DF2-FE9B-B015A8BE647B}.Debug|Win32.ActiveCfg = Debug|x64
		{9E386F9A-533A-3DF2-FE9B-B015A8BE647B}.Debug|Win32.Build.0 = Debug|x64
		{9E386F9A-533A-3DF2-FE9B-B015A8BE647B}.Release|x64.ActiveCfg = Release|x64
		{9E386F9A-533A-3DF2-FE9B-B015A8BE647B}.Release|x64.Build.0 = Release|x64
		{9E386F9A-533A-3DF2-FE9B-B015A8BE647B}.Purify|Win32.ActiveCfg = Purify|x64
		{9E386F9A-533A-3DF2-FE9B-B015A8BE647B}.Purify|Win32.Build.0 = Purify|x64
		{9E386F9A-533A-3DF2-FE9B-B015A8BE647B}.Purify|x64.ActiveCfg = Purify|x64
		{9E386F9A-533A-3DF2-FE9B-B015A8BE647B}.Purify|x64.Build.0 = Purify|x64
		{9E386F9A-533A-3DF2-FE9B-B015A8BE647B}.Debug|x64.ActiveCfg = Debug|x64
		{9E386F9A-533A-3DF2-FE9B-B015A8BE647B}.Debug|x64.Build.0 = Debug|x64
		{9E386F9A-533A-3DF2-FE9B-B015A8BE647B}.Release|Win32.ActiveCfg = Release|x64
		{9E386F9A-533A-3DF2-FE9B-B015A8BE647B}.Release|Win32.Build.0 = Release|x64
		{A2C78118-78B6-4F07-96F0-89416621B7EF}.Debug|Win32.ActiveCfg = Debug|x64
		{A2C78118-78B6-4F07-96F0-89416621B7EF}.Debug|Win32.Build.0 = Debug|x64
		{A2C78118-78B6-4F07-96F0-89416621B7EF}.Release|x64.ActiveCfg = Release|x64
		{A2C78118-78B6-4F07-96F0-89416621B7EF}.Release|x64.Build.0 = Release|x64
		{A2C78118-78B6-4F07-96F0-89416621B7EF}.Purify|Win32.ActiveCfg = Purify|x64
		{A2C78118-78B6-4F07-96F0-89416621B7EF}.Purify|Win32.Build.0 = Purify|x64
		{A2C78118-78B6-4F07-96F0-89416621B7EF}.Purify|x64.ActiveCfg = Purify|x64
		{A2C78118-78B6-4F07-96F0-89416621B7EF}.Purify|x64.Build.0 = Purify|x64
		{A2C78118-78B6-4F07-96F0-89416621B7EF}.Debug|x64.ActiveCfg = Debug|x64
		{A2C78118-78B6-4F07-96F0-89416621B7EF}.Debug|x64.Build.0 = Debug|x64
		{A2C78118-78B6-4F07-96F0-89416621B7EF}.Release|Win32.ActiveCfg = Release|x64
		{A2C78118-78B6-4F07-96F0-89416621B7EF}.Release|Win32.Build.0 = Release|x64
		{B401F5EE-D774-DC1E-AFD4-804796C472F0}.Debug|Win32.ActiveCfg = Debug|Win32
		{B401F5EE-D774-DC1E-AFD4-804796C472F0}.Debug|Win32.Build.0 = Debug|Win32
		{B401F5EE-D774-DC1E-AFD4-804796C472F0}.Release|x64.ActiveCfg = Release|x64
		{B401F5EE-D774-DC1E-AFD4-804796C472F0}.Release|x64.Build.0 = Release|x64
		{B401F5EE-D774-DC1E-AFD4-804796C472F0}.Purify|Win32.ActiveCfg = Purify|Win32
		{B401F5EE-D774-DC1E-AFD4-804796C472F0}.Purify|Win32.Build.0 = Purify|Win32
		{B401F5EE-D774-DC1E-AFD4-804796C472F0}.Purify|x64.ActiveCfg = Purify|x64
		{B401F5EE-D774-DC1E-AFD4-804796C472F0}.Purify|x64.Build.0 = Purify|x64
		{B401F5EE-D774-DC1E-AFD4-804796C472F0}.Debug|x64.ActiveCfg = Debug|x64
		{B401F5EE-D774-DC1E-AFD4-804796C472F0}.Debug|x64.Build.0 = Debug|x64
		{B401F5EE-D774-DC1E-AFD4-804796C472F0}.Release|Win32.ActiveCfg = Release|Win32
		{B401F5EE-D774-DC1E-AFD4-804796C472F0}.Release|Win32.Build.0 = Release|Win32
		{B678689A-A20A-236F-F724-768377A9B000}.Debug|Win32.ActiveCfg = Debug|x64
		{B678689A-A20A-236F-F724-768377A9B000}.Debug|Win32.Build.0 = Debug|x64
		{B678689A-A20A-236F-F724-768377A9B000}.Release|x64.ActiveCfg = Release|x64
		{B678689A-A20A-236F-F724-768377A9B000}.Release|x64.Build.0 = Release|x64
		{B678689A-A20A-236F-F724-768377A9B000}.Purify|Win32.ActiveCfg = Purify|x64
		{B678689A-A20A-236F-F724-768377A9B000}.Purify|Win32.Build.0 = Purify|x64
		{B678689A-A20A-236F-F724-768377A9B000}.Purify|x64.ActiveCfg = Purify|x64
		{B678689A-A20A-236F-F724-768377A9B000}.Purify|x64.Build.0 = Purify|x64
		{B678689A-A20A-236F-F724-768377A9B000}.Debug|x64.ActiveCfg = Debug|x64
		{B678689A-A20A-236F-F724-768377A9B000}.Debug|x64.Build.0 = Debug|x64
		{B678689A-A20A-236F-F724-768377A9B000}.Release|Win32.ActiveCfg = Release|x64
		{B678689A-A20A-236F-F724-768377A9B000}.Release|Win32.Build.0 = Release|x64
		{BC4BCDD1-AFF0-B6D9-94D3-ECBCDF3F9C9C}.Debug|Win32.ActiveCfg = Debug|x64
		{BC4BCDD1-AFF0-B6D9-94D3-ECBCDF3F9C9C}.Debug|Win32.Build.0 = Debug|x64
		{BC4BCDD1-AFF0-B6D9-94D3-ECBCDF3F9C9C}.Release|x64.ActiveCfg = Release|x64
		{BC4BCDD1-AFF0-B6D9-94D3-ECBCDF3F9C9C}.Release|x64.Build.0 = Release|x64
		{BC4BCDD1-AFF0-B6D9-94D3-ECBCDF3F9C9C}.Purify|Win32.ActiveCfg = Purify|x64
		{BC4BCDD1-AFF0-B6D9-94D3-ECBCDF3F9C9C}.Purify|Win32.Build.0 = Purify|x64
		{BC4BCDD1-AFF0-B6D9-94D3-ECBCDF3F9C9C}.Purify|x64.ActiveCfg = Purify|x64
		{BC4BCDD1-AFF0-B6D9-94D3-ECBCDF3F9C9C}.Purify|x64.Build.0 = Purify|x64
		{BC4BCDD1-AFF0-B6D9-94D3-ECBCDF3F9C9C}.Debug|x64.ActiveCfg = Debug|x64
		{BC4BCDD1-AFF0-B6D9-94D3-ECBCDF3F9C9C}.Debug|x64.Build.0 = Debug|x64
		{BC4BCDD1-AFF0-B6D9-94D3-ECBCDF3F9C9C}.Release|Win32.ActiveCfg = Release|x64
		{BC4BCDD1-AFF0-B6D9-94D3-ECBCDF3F9C9C}.Release|Win32.Build.0 = Release|x64
		{BF8825E4-AEB6-F102-6237-CEC66FCB7025}.Debug|Win32.ActiveCfg = Debug|Win32
		{BF8825E4-AEB6-F102-6237-CEC66FCB7025}.Debug|Win32.Build.0 = Debug|Win32
		{BF8825E4-AEB6-F102-6237-CEC66FCB7025}.Release|x64.ActiveCfg = Release|x64
		{BF8825E4-AEB6-F102-6237-CEC66FCB7025}.Release|x64.Build.0 = Release|x64
		{BF8825E4-AEB6-F102-6237-CEC66FCB7025}.Purify|Win32.ActiveCfg = Purify|Win32
		{BF8825E4-AEB6-F102-6237-CEC66FCB7025}.Purify|Win32.Build.0 = Purify|Win32
		{BF8825E4-AEB6-F102-6237-CEC66FCB7025}.Purify|x64.ActiveCfg = Purify|x64
		{BF8825E4-AEB6-F102-6237-CEC66FCB7025}.Purify|x64.Build.0 = Purify|x64
		{BF8825E4-AEB6-F102-6237-CEC66FCB7025}.Debug|x64.ActiveCfg = Debug|x64
		{BF8825E4-AEB6-F102-6237-CEC66FCB7025}.Debug|x64.Build.0 = Debug|x64
		{BF8825E4-AEB6-F102-6237-CEC66FCB7025}.Release|Win32.ActiveCfg = Release|Win32
		{BF8825E4-AEB6-F102-6237-CEC66FCB7025}.Release|Win32.Build.0 = Release|Win32
		{C046C891-2495-BB49-D11F-39E4E69585E8}.Debug|Win32.ActiveCfg = Debug|x64
		{C046C891-2495-BB49-D11F-39E4E69585E8}.Debug|Win32.Build.0 = Debug|x64
		{C046C891-2495-BB49-D11F-39E4E69585E8}.Release|x64.ActiveCfg = Release|x64
		{C046C891-2495-BB49-D11F-39E4E69585E8}.Release|x64.Build.0 = Release|x64
		{C046C891-2495-BB49-D11F-39E4E69585E8}.Purify|Win32.ActiveCfg = Purify|x64
		{C046C891-2495-BB49-D11F-39E4E69585E8}.Purify|Win32.Build.0 = Purify|x64
		{C046C891-2495-BB49-D11F-39E4E69585E8}.Purify|x64.ActiveCfg = Purify|x64
		{C046C891-2495-BB49-D11F-39E4E69585E8}.Purify|x64.Build.0 = Purify|x64
		{C046C891-2495-BB49-D11F-39E4E69585E8}.Debug|x64.ActiveCfg = Debug|x64
		{C046C891-2495-BB49-D11F-39E4E69585E8}.Debug|x64.Build.0 = Debug|x64
		{C046C891-2495-BB49-D11F-39E4E69585E8}.Release|Win32.ActiveCfg = Release|x64
		{C046C891-2495-BB49-D11F-39E4E69585E8}.Release|Win32.Build.0 = Release|x64
		{C10299FB-DBDB-4FDA-B90C-1AE3FE4A9E6A}.Debug|Win32.ActiveCfg = Debug|x64
		{C10299FB-DBDB-4FDA-B90C-1AE3FE4A9E6A}.Debug|Win32.Build.0 = Debug|x64
		{C10299FB-DBDB-4FDA-B90C-1AE3FE4A9E6A}.Release|x64.ActiveCfg = Release|x64
		{C10299FB-DBDB-4FDA-B90C-1AE3FE4A9E6A}.Release|x64.Build.0 = Release|x64
		{C10299FB-DBDB-4FDA-B90C-1AE3FE4A9E6A}.Purify|Win32.ActiveCfg = Purify|x64
		{C10299FB-DBDB-4FDA-B90C-1AE3FE4A9E6A}.Purify|Win32.Build.0 = Purify|x64
		{C10299FB-DBDB-4FDA-B90C-1AE3FE4A9E6A}.Purify|x64.ActiveCfg = Purify|x64
		{C10299FB-DBDB-4FDA-B90C-1AE3FE4A9E6A}.Purify|x64.Build.0 = Purify|x64
		{C10299FB-DBDB-4FDA-B90C-1AE3FE4A9E6A}.Debug|x64.ActiveCfg = Debug|x64
		{C10299FB-DBDB-4FDA-B90C-1AE3FE4A9E6A}.Debug|x64.Build.0 = Debug|x64
		{C10299FB-DBDB-4FDA-B90C-1AE3FE4A9E6A}.Release|Win32.ActiveCfg = Release|x64
		{C10299FB-DBDB-4FDA-B90C-1AE3FE4A9E6A}.Release|Win32.Build.0 = Release|x64
		{C49B4C0F-2230-E199-F079-162B8E4915E3}.Debug|Win32.ActiveCfg = Debug|Win32
		{C49B4C0F-2230-E199-F079-162B8E4915E3}.Debug|Win32.Build.0 = Debug|Win32
		{C49B4C0F-2230-E199-F079-162B8E4915E3}.Release|x64.ActiveCfg = Release|x64
		{C49B4C0F-2230-E199-F079-162B8E4915E3}.Release|x64.Build.0 = Release|x64
		{C49B4C0F-2230-E199-F079-162B8E4915E3}.Purify|Win32.ActiveCfg = Purify|Win32
		{C49B4C0F-2230-E199-F079-162B8E4915E3}.Purify|Win32.Build.0 = Purify|Win32
		{C49B4C0F-2230-E199-F079-162B8E4915E3}.Purify|x64.ActiveCfg = Purify|x64
		{C49B4C0F-2230-E199-F079-162B8E4915E3}.Purify|x64.Build.0 = Purify|x64
		{C49B4C0F-2230-E199-F079-162B8E4915E3}.Debug|x64.ActiveCfg = Debug|x64
		{C49B4C0F-2230-E199-F079-162B8E4915E3}.Debug|x64.Build.0 = Debug|x64
		{C49B4C0F-2230-E199-F079-162B8E4915E3}.Release|Win32.ActiveCfg = Release|Win32
		{C49B4C0F-2230-E199-F079-162B8E4915E3}.Release|Win32.Build.0 = Release|Win32
		{CC162E25-08A4-5B9E-6179-1AB1A85ABF99}.Debug|Win32.ActiveCfg = Debug|Win32
		{CC162E25-08A4-5B9E-6179-1AB1A85ABF99}.Debug|Win32.Build.0 = Debug|Win32
		{CC162E25-08A4-5B9E-6179-1AB1A85ABF99}.Release|x64.ActiveCfg = Release|x64
		{CC162E25-08A4-5B9E-6179-1AB1A85ABF99}.Release|x64.Build.0 = Release|x64
		{CC162E25-08A4-5B9E-6179-1AB1A85ABF99}.Purify|Win32.ActiveCfg = Purify|Win32
		{CC162E25-08A4-5B9E-6179-1AB1A85ABF99}.Purify|Win32.Build.0 = Purify|Win32
		{CC162E25-08A4-5B9E-6179-1AB1A85ABF99}.Purify|x64.ActiveCfg = Purify|x64
		{CC162E25-08A4-5B9E-6179-1AB1A85ABF99}.Purify|x64.Build.0 = Purify|x64
		{CC162E25-08A4-5B9E-6179-1AB1A85ABF99}.Debug|x64.ActiveCfg = Debug|x64
		{CC162E25-08A4-5B9E-6179-1AB1A85ABF99}.Debug|x64.Build.0 = Debug|x64
		{CC162E25-08A4-5B9E-6179-1AB1A85ABF99}.Release|Win32.ActiveCfg = Release|Win32
		{CC162E25-08A4-5B9E-6179-1AB1A85ABF99}.Release|Win32.Build.0 = Release|Win32
		{D09D481D-F8AA-AFC0-C6DE-70DB50C1024C}.Debug|Win32.ActiveCfg = Debug|Win32
		{D09D481D-F8AA-AFC0-C6DE-70DB50C1024C}.Debug|Win32.Build.0 = Debug|Win32
		{D09D481D-F8AA-AFC0-C6DE-70DB50C1024C}.Release|x64.ActiveCfg = Release|x64
		{D09D481D-F8AA-AFC0-C6DE-70DB50C1024C}.Release|x64.Build.0 = Release|x64
		{D09D481D-F8AA-AFC0-C6DE-70DB50C1024C}.Purify|Win32.ActiveCfg = Purify|Win32
		{D09D481D-F8AA-AFC0-C6DE-70DB50C1024C}.Purify|Win32.Build.0 = Purify|Win32
		{D09D481D-F8AA-AFC0-C6DE-70DB50C1024C}.Purify|x64.ActiveCfg = Purify|x64
		{D09D481D-F8AA-AFC0-C6DE-70DB50C1024C}.Purify|x64.Build.0 = Purify|x64
		{D09D481D-F8AA-AFC0-C6DE-70DB50C1024C}.Debug|x64.ActiveCfg = Debug|x64
		{D09D481D-F8AA-AFC0-C6DE-70DB50C1024C}.Debug|x64.Build.0 = Debug|x64
		{D09D481D-F8AA-AFC0-C6DE-70DB50C1024C}.Release|Win32.ActiveCfg = Release|Win32
		{D09D481D-F8AA-AFC0-C6DE-70DB50C1024C}.Release|Win32.Build.0 = Release|Win32
		{D71EC2C4-0A9A-185E-F646-E8E15CEA012B}.Debug|Win32.ActiveCfg = Debug|Win32
		{D71EC2C4-0A9A-185E-F646-E8E15CEA012B}.Debug|Win32.Build.0 = Debug|Win32
		{D71EC2C4-0A9A-185E-F646-E8E15CEA012B}.Release|x64.ActiveCfg = Release|x64
		{D71EC2C4-0A9A-185E-F646-E8E15CEA012B}.Release|x64.Build.0 = Release|x64
		{D71EC2C4-0A9A-185E-F646-E8E15CEA012B}.Purify|Win32.ActiveCfg = Purify|Win32
		{D71EC2C4-0A9A-185E-F646-E8E15CEA012B}.Purify|Win32.Build.0 = Purify|Win32
		{D71EC2C4-0A9A-185E-F646-E8E15CEA012B}.Purify|x64.ActiveCfg = Purify|x64
		{D71EC2C4-0A9A-185E-F646-E8E15CEA012B}.Purify|x64.Build.0 = Purify|x64
		{D71EC2C4-0A9A-185E-F646-E8E15CEA012B}.Debug|x64.ActiveCfg = Debug|x64
		{D71EC2C4-0A9A-185E-F646-E8E15CEA012B}.Debug|x64.Build.0 = Debug|x64
		{D71EC2C4-0A9A-185E-F646-E8E15CEA012B}.Release|Win32.ActiveCfg = Release|Win32
		{D71EC2C4-0A9A-185E-F646-E8E15CEA012B}.Release|Win32.Build.0 = Release|Win32
		{DAC91EAB-EA42-F962-A4BC-12905A37D8E3}.Debug|Win32.ActiveCfg = Debug|Win32
		{DAC91EAB-EA42-F962-A4BC-12905A37D8E3}.Debug|Win32.Build.0 = Debug|Win32
		{DAC91EAB-EA42-F962-A4BC-12905A37D8E3}.Release|x64.ActiveCfg = Release|x64
		{DAC91EAB-EA42-F962-A4BC-12905A37D8E3}.Release|x64.Build.0 = Release|x64
		{DAC91EAB-EA42-F962-A4BC-12905A37D8E3}.Purify|Win32.ActiveCfg = Purify|Win32
		{DAC91EAB-EA42-F962-A4BC-12905A37D8E3}.Purify|Win32.Build.0 = Purify|Win32
		{DAC91EAB-EA42-F962-A4BC-12905A37D8E3}.Purify|x64.ActiveCfg = Purify|x64
		{DAC91EAB-EA42-F962-A4BC-12905A37D8E3}.Purify|x64.Build.0 = Purify|x64
		{DAC91EAB-EA42-F962-A4BC-12905A37D8E3}.Debug|x64.ActiveCfg = Debug|x64
		{DAC91EAB-EA42-F962-A4BC-12905A37D8E3}.Debug|x64.Build.0 = Debug|x64
		{DAC91EAB-EA42-F962-A4BC-12905A37D8E3}.Release|Win32.ActiveCfg = Release|Win32
		{DAC91EAB-EA42-F962-A4BC-12905A37D8E3}.Release|Win32.Build.0 = Release|Win32
		{E85E9398-310F-60B0-0764-FF56AB788321}.Debug|Win32.ActiveCfg = Debug|Win32
		{E85E9398-310F-60B0-0764-FF56AB788321}.Debug|Win32.Build.0 = Debug|Win32
		{E85E9398-310F-60B0-0764-FF56AB788321}.Release|x64.ActiveCfg = Release|x64
		{E85E9398-310F-60B0-0764-FF56AB788321}.Release|x64.Build.0 = Release|x64
		{E85E9398-310F-60B0-0764-FF56AB788321}.Purify|Win32.ActiveCfg = Purify|Win32
		{E85E9398-310F-60B0-0764-FF56AB788321}.Purify|Win32.Build.0 = Purify|Win32
		{E85E9398-310F-60B0-0764-FF56AB788321}.Purify|x64.ActiveCfg = Purify|x64
		{E85E9398-310F-60B0-0764-FF56AB788321}.Purify|x64.Build.0 = Purify|x64
		{E85E9398-310F-60B0-0764-FF56AB788321}.Debug|x64.ActiveCfg = Debug|x64
		{E85E9398-310F-60B0-0764-FF56AB788321}.Debug|x64.Build.0 = Debug|x64
		{E85E9398-310F-60B0-0764-FF56AB788321}.Release|Win32.ActiveCfg = Release|Win32
		{E85E9398-310F-60B0-0764-FF56AB788321}.Release|Win32.Build.0 = Release|Win32
		{EA841FCD-DD4F-7E57-4BDF-7A4F8E649703}.Debug|Win32.ActiveCfg = Debug|x64
		{EA841FCD-DD4F-7E57-4BDF-7A4F8E649703}.Debug|Win32.Build.0 = Debug|x64
		{EA841FCD-DD4F-7E57-4BDF-7A4F8E649703}.Release|x64.ActiveCfg = Release|x64
		{EA841FCD-DD4F-7E57-4BDF-7A4F8E649703}.Release|x64.Build.0 = Release|x64
		{EA841FCD-DD4F-7E57-4BDF-7A4F8E649703}.Purify|Win32.ActiveCfg = Purify|x64
		{EA841FCD-DD4F-7E57-4BDF-7A4F8E649703}.Purify|Win32.Build.0 = Purify|x64
		{EA841FCD-DD4F-7E57-4BDF-7A4F8E649703}.Purify|x64.ActiveCfg = Purify|x64
		{EA841FCD-DD4F-7E57-4BDF-7A4F8E649703}.Purify|x64.Build.0 = Purify|x64
		{EA841FCD-DD4F-7E57-4BDF-7A4F8E649703}.Debug|x64.ActiveCfg = Debug|x64
		{EA841FCD-DD4F-7E57-4BDF-7A4F8E649703}.Debug|x64.Build.0 = Debug|x64
		{EA841FCD-DD4F-7E57-4BDF-7A4F8E649703}.Release|Win32.ActiveCfg = Release|x64
		{EA841FCD-DD4F-7E57-4BDF-7A4F8E649703}.Release|Win32.Build.0 = Release|x64
		{EDB40C50-39E3-5312-CEFF-41C1ADA923D0}.Debug|Win32.ActiveCfg = Debug|Win32
		{EDB40C50-39E3-5312-CEFF-41C1ADA923D0}.Debug|Win32.Build.0 = Debug|Win32
		{EDB40C50-39E3-5312-CEFF-41C1ADA923D0}.Release|x64.ActiveCfg = Release|x64
		{EDB40C50-39E3-5312-CEFF-41C1ADA923D0}.Release|x64.Build.0 = Release|x64
		{EDB40C50-39E3-5312-CEFF-41C1ADA923D0}.Purify|Win32.ActiveCfg = Purify|Win32
		{EDB40C50-39E3-5312-CEFF-41C1ADA923D0}.Purify|Win32.Build.0 = Purify|Win32
		{EDB40C50-39E3-5312-CEFF-41C1ADA923D0}.Purify|x64.ActiveCfg = Purify|x64
		{EDB40C50-39E3-5312-CEFF-41C1ADA923D0}.Purify|x64.Build.0 = Purify|x64
		{EDB40C50-39E3-5312-CEFF-41C1ADA923D0}.Debug|x64.ActiveCfg = Debug|x64
		{EDB40C50-39E3-5312-CEFF-41C1ADA923D0}.Debug|x64.Build.0 = Debug|x64
		{EDB40C50-39E3-5312-CEFF-41C1ADA923D0}.Release|Win32.ActiveCfg = Release|Win32
		{EDB40C50-39E3-5312-CEFF-41C1ADA923D0}.Release|Win32.Build.0 = Release|Win32
		{F1D473E3-156A-1412-094E-3783ECB0E01A}.Debug|Win32.ActiveCfg = Debug|Win32
		{F1D473E3-156A-1412-094E-3783ECB0E01A}.Debug|Win32.Build.0 = Debug|Win32
		{F1D473E3-156A-1412-094E-3783ECB0E01A}.Release|x64.ActiveCfg = Release|x64
		{F1D473E3-156A-1412-094E-3783ECB0E01A}.Release|x64.Build.0 = Release|x64
		{F1D473E3-156A-1412-094E-3783ECB0E01A}.Purify|Win32.ActiveCfg = Purify|Win32
		{F1D473E3-156A-1412-094E-3783ECB0E01A}.Purify|Win32.Build.0 = Purify|Win32
		{F1D473E3-156A-1412-094E-3783ECB0E01A}.Purify|x64.ActiveCfg = Purify|x64
		{F1D473E3-156A-1412-094E-3783ECB0E01A}.Purify|x64.Build.0 = Purify|x64
		{F1D473E3-156A-1412-094E-3783ECB0E01A}.Debug|x64.ActiveCfg = Debug|x64
		{F1D473E3-156A-1412-094E-3783ECB0E01A}.Debug|x64.Build.0 = Debug|x64
		{F1D473E3-156A-1412-094E-3783ECB0E01A}.Release|Win32.ActiveCfg = Release|Win32
		{F1D473E3-156A-1412-094E-3783ECB0E01A}.Release|Win32.Build.0 = Release|Win32
		{F9E04B8F-F9DB-3ABF-667E-BD2DBF69B0AF}.Debug|Win32.ActiveCfg = Debug|Win32
		{F9E04B8F-F9DB-3ABF-667E-BD2DBF69B0AF}.Debug|Win32.Build.0 = Debug|Win32
		{F9E04B8F-F9DB-3ABF-667E-BD2DBF69B0AF}.Release|x64.ActiveCfg = Release|x64
		{F9E04B8F-F9DB-3ABF-667E-BD2DBF69B0AF}.Release|x64.Build.0 = Release|x64
		{F9E04B8F-F9DB-3ABF-667E-BD2DBF69B0AF}.Purify|Win32.ActiveCfg = Purify|Win32
		{F9E04B8F-F9DB-3ABF-667E-BD2DBF69B0AF}.Purify|Win32.Build.0 = Purify|Win32
		{F9E04B8F-F9DB-3ABF-667E-BD2DBF69B0AF}.Purify|x64.ActiveCfg = Purify|x64
		{F9E04B8F-F9DB-3ABF-667E-BD2DBF69B0AF}.Purify|x64.Build.0 = Purify|x64
		{F9E04B8F-F9DB-3ABF-667E-BD2DBF69B0AF}.Debug|x64.ActiveCfg = Debug|x64
		{F9E04B8F-F9DB-3ABF-667E-BD2DBF69B0AF}.Debug|x64.Build.0 = Debug|x64
		{F9E04B8F-F9DB-3ABF-667E-BD2DBF69B0AF}.Release|Win32.ActiveCfg = Release|Win32
		{F9E04B8F-F9DB-3ABF-667E-BD2DBF69B0AF}.Release|Win32.Build.0 = Release|Win32
	EndGlobalSection
	GlobalSection(SolutionProperties) = preSolution
		HideSolutionNode = FALSE
	EndGlobalSection
	GlobalSection(NestedProjects) = preSolution
		{1B7B6EB0-3CB5-7F8A-F3D5-F5F9DB8566B6} = {95CFB851-5120-B4C5-5856-7F023608DC64}
		{26C07E0C-B647-D064-B255-447212B2DDFD} = {95CFB851-5120-B4C5-5856-7F023608DC64}
		{8C1D1324-62FC-9DDE-4C18-78DDD1F5FBD7} = {95CFB851-5120-B4C5-5856-7F023608DC64}
		{237AEB58-9D74-41EF-9D49-A6ECE24EA8BC} = {42F0DECB-2C02-ABBA-B565-D2CE9FF519D0}
		{C10299FB-DBDB-4FDA-B90C-1AE3FE4A9E6A} = {42F0DECB-2C02-ABBA-B565-D2CE9FF519D0}
		{516F34EF-1CD3-85E7-42A1-AAB82B01A4C9} = {B89E694F-68CC-E29E-D6BC-37D5B4C2E130}
		{A2C78118-78B6-4F07-96F0-89416621B7EF} = {B89E694F-68CC-E29E-D6BC-37D5B4C2E130}
		{E85E9398-310F-60B0-0764-FF56AB788321} = {0BA94842-BC1A-F0EC-03CC-24A551890921}
		{08BA644C-AE83-B4D6-1125-7D11D79D2294} = {0BA94842-BC1A-F0EC-03CC-24A551890921}
		{826A4BDC-DEF8-B65E-478D-45F4F487C868} = {9C21139B-E85A-55EC-ABA6-D5B9C1C882F0}
		{8C868FC5-BC86-BD8D-ADFD-6D2BE020BBC7} = {9C21139B-E85A-55EC-ABA6-D5B9C1C882F0}
		{76766D4E-4297-84FE-086B-C48FAF81E70A} = {9C21139B-E85A-55EC-ABA6-D5B9C1C882F0}
		{946235C6-3CDA-8032-F554-E0085B5AA9BB} = {9C21139B-E85A-55EC-ABA6-D5B9C1C882F0}
		{CC162E25-08A4-5B9E-6179-1AB1A85ABF99} = {28C4B625-94F6-5555-C49E-46D711AFC6AA}
		{90B6E686-F3FF-9E6B-82F7-043802D97240} = {28C4B625-94F6-5555-C49E-46D711AFC6AA}
		{87C1204C-EDB7-70BD-9B2F-A2BB1F337B12} = {B718EA0D-8C22-6488-2C81-8193CD00ABB6}
		{3D22B090-5929-53D0-A1D8-8987B59D8C2A} = {829C43DA-1372-614D-F044-340432AECC41}
		{969A1080-DFA3-22E4-5E56-D571BEDD332F} = {C7F1D566-185B-B23E-1075-5CCF2012C9AE}
		{8B369EEE-3771-23B7-A6FD-2409F2C077AC} = {C7F1D566-185B-B23E-1075-5CCF2012C9AE}
		{F1D473E3-156A-1412-094E-3783ECB0E01A} = {A542CB4F-7771-0A74-046A-3B08D4C73AA3}
		{09E00237-F74E-B9EB-A5A2-B8D1A3A6B324} = {A542CB4F-7771-0A74-046A-3B08D4C73AA3}
		{95FA9038-68A1-6432-A034-F5B1224ECA84} = {C50F2C83-16E1-2829-AA6C-A968DCD9D8AC}
		{F9E04B8F-F9DB-3ABF-667E-BD2DBF69B0AF} = {C50F2C83-16E1-2829-AA6C-A968DCD9D8AC}
		{9E386F9A-533A-3DF2-FE9B-B015A8BE647B} = {C50F2C83-16E1-2829-AA6C-A968DCD9D8AC}
		{D71EC2C4-0A9A-185E-F646-E8E15CEA012B} = {C50F2C83-16E1-2829-AA6C-A968DCD9D8AC}
		{D09D481D-F8AA-AFC0-C6DE-70DB50C1024C} = {C50F2C83-16E1-2829-AA6C-A968DCD9D8AC}
		{08BD99BC-1716-0AAC-E4EE-F7AE3DFC4C1B} = {C50F2C83-16E1-2829-AA6C-A968DCD9D8AC}
		{DAC91EAB-EA42-F962-A4BC-12905A37D8E3} = {C50F2C83-16E1-2829-AA6C-A968DCD9D8AC}
		{B678689A-A20A-236F-F724-768377A9B000} = {C50F2C83-16E1-2829-AA6C-A968DCD9D8AC}
		{EDB40C50-39E3-5312-CEFF-41C1ADA923D0} = {C50F2C83-16E1-2829-AA6C-A968DCD9D8AC}
		{4F194F36-6D9A-1EB5-6CF5-BBE983783A65} = {C50F2C83-16E1-2829-AA6C-A968DCD9D8AC}
		{BC4BCDD1-AFF0-B6D9-94D3-ECBCDF3F9C9C} = {C50F2C83-16E1-2829-AA6C-A968DCD9D8AC}
		{95CFB851-5120-B4C5-5856-7F023608DC64} = {C50F2C83-16E1-2829-AA6C-A968DCD9D8AC}
		{62A50447-B8A9-F004-9D85-E9C0FC1A49D1} = {C50F2C83-16E1-2829-AA6C-A968DCD9D8AC}
		{0BA94842-BC1A-F0EC-03CC-24A551890921} = {AF54D844-B89C-091B-2908-8ED6A9B1816C}
		{C7F1D566-185B-B23E-1075-5CCF2012C9AE} = {AF54D844-B89C-091B-2908-8ED6A9B1816C}
		{28C4B625-94F6-5555-C49E-46D711AFC6AA} = {AF54D844-B89C-091B-2908-8ED6A9B1816C}
		{7A4A1BB1-1CFA-38F1-1DF6-43EBD6A37EFC} = {AF54D844-B89C-091B-2908-8ED6A9B1816C}
		{AF54D844-B89C-091B-2908-8ED6A9B1816C} = {3D22B090-5929-53D0-A1D8-8987B59D8C2A}
		{F9DE3C07-A597-572D-925F-8421178817A2} = {3D22B090-5929-53D0-A1D8-8987B59D8C2A}
		{B401F5EE-D774-DC1E-AFD4-804796C472F0} = {7A4A1BB1-1CFA-38F1-1DF6-43EBD6A37EFC}
		{2A49C91F-25D3-B700-AE19-47DA807073B8} = {7A4A1BB1-1CFA-38F1-1DF6-43EBD6A37EFC}
		{B718EA0D-8C22-6488-2C81-8193CD00ABB6} = {F9DE3C07-A597-572D-925F-8421178817A2}
		{F170D991-8D5D-98BA-DCA0-87F5FE076F04} = {F9DE3C07-A597-572D-925F-8421178817A2}
		{9C21139B-E85A-55EC-ABA6-D5B9C1C882F0} = {F9DE3C07-A597-572D-925F-8421178817A2}
		{C50F2C83-16E1-2829-AA6C-A968DCD9D8AC} = {F9DE3C07-A597-572D-925F-8421178817A2}
		{A542CB4F-7771-0A74-046A-3B08D4C73AA3} = {F9DE3C07-A597-572D-925F-8421178817A2}
		{B89E694F-68CC-E29E-D6BC-37D5B4C2E130} = {F9DE3C07-A597-572D-925F-8421178817A2}
		{09D8556E-BAF8-4C12-AD37-D19EC078DAC8} = {F170D991-8D5D-98BA-DCA0-87F5FE076F04}
		{93DF21AD-9F7A-A4D9-F3A4-38AE69BA266C} = {F170D991-8D5D-98BA-DCA0-87F5FE076F04}
		{31A4DF9A-983A-50AD-1E87-378C74105135} = {F170D991-8D5D-98BA-DCA0-87F5FE076F04}
		{1416F503-0666-BA25-4D91-CF10F66EF623} = {F170D991-8D5D-98BA-DCA0-87F5FE076F04}
		{4344A2AB-7950-7E4B-AB32-B4BD392066A1} = {F170D991-8D5D-98BA-DCA0-87F5FE076F04}
		{383AABC9-CCE2-6070-8711-6CFA3F60607C} = {F170D991-8D5D-98BA-DCA0-87F5FE076F04}
		{BF8825E4-AEB6-F102-6237-CEC66FCB7025} = {F170D991-8D5D-98BA-DCA0-87F5FE076F04}
		{EA841FCD-DD4F-7E57-4BDF-7A4F8E649703} = {F170D991-8D5D-98BA-DCA0-87F5FE076F04}
		{5CE92894-5EF3-55AB-F90A-586618691C02} = {F170D991-8D5D-98BA-DCA0-87F5FE076F04}
		{C046C891-2495-BB49-D11F-39E4E69585E8} = {F170D991-8D5D-98BA-DCA0-87F5FE076F04}
		{2BBDF49D-4230-DB3A-78AE-0FAAAD5A74AB} = {8C1D1324-62FC-9DDE-4C18-78DDD1F5FBD7}
		{69AFA900-54D1-543B-8570-413B8AA94978} = {8C1D1324-62FC-9DDE-4C18-78DDD1F5FBD7}
		{C49B4C0F-2230-E199-F079-162B8E4915E3} = {1B7B6EB0-3CB5-7F8A-F3D5-F5F9DB8566B6}
		{3290FBF6-3B20-A42F-B0FB-654F90B68C4E} = {26C07E0C-B647-D064-B255-447212B2DDFD}
	EndGlobalSection
EndGlobal
