Microsoft Visual Studio Solution File, Format Version 10.00
# Visual Studio 2008
Project("{2150E333-8FDC-42A3-9474-1A3956D46DE8}") = "(shared)", "shared", "{3FF8755D-7201-2785-AD1F-48F0C33F9A7E}"
EndProject
Project("{2150E333-8FDC-42A3-9474-1A3956D46DE8}") = "(trusted)", "trusted", "{B80F6598-F3EF-5FD4-F218-7ED05A4F7861}"
EndProject
Project("{2150E333-8FDC-42A3-9474-1A3956D46DE8}") = "(validator_x86)", "trusted\validator_x86", "{E19A5133-8E43-09AC-7D8F-08A119EE0643}"
EndProject
Project("{8BC9CEB8-8B4A-11D0-8D11-00A0C91BC942}") = "ncdecode_table", "ncdecode_table.vcproj", "{4344A2AB-7950-7E4B-AB32-B4BD392066A1}"
EndProject
Project("{8BC9CEB8-8B4A-11D0-8D11-00A0C91BC942}") = "ncdecode_tablegen", "ncdecode_tablegen.vcproj", "{383AABC9-CCE2-6070-8711-6CFA3F60607C}"
	ProjectSection(ProjectDependencies) = postProject
		{5CE92894-5EF3-55AB-F90A-586618691C02} = {5CE92894-5EF3-55AB-F90A-586618691C02}
	EndProjectSection
EndProject
Project("{8BC9CEB8-8B4A-11D0-8D11-00A0C91BC942}") = "ncdis", "ncdis.vcproj", "{F181927E-5DE7-2F89-7FFD-EB4BF194B5AB}"
	ProjectSection(ProjectDependencies) = postProject
		{1AB1529E-69EA-B40E-08B5-93525CAEC3D8} = {1AB1529E-69EA-B40E-08B5-93525CAEC3D8}
		{F8F04FBC-BE78-7662-240A-A4D0B16BA7DE} = {F8F04FBC-BE78-7662-240A-A4D0B16BA7DE}
		{5CE92894-5EF3-55AB-F90A-586618691C02} = {5CE92894-5EF3-55AB-F90A-586618691C02}
		{BF8825E4-AEB6-F102-6237-CEC66FCB7025} = {BF8825E4-AEB6-F102-6237-CEC66FCB7025}
		{1416F503-0666-BA25-4D91-CF10F66EF623} = {1416F503-0666-BA25-4D91-CF10F66EF623}
		{B6E155BA-1DC6-0511-E26D-4987D9FD33A9} = {B6E155BA-1DC6-0511-E26D-4987D9FD33A9}
	EndProjectSection
EndProject
Project("{8BC9CEB8-8B4A-11D0-8D11-00A0C91BC942}") = "ncdis_util", "ncdis_util.vcproj", "{1AB1529E-69EA-B40E-08B5-93525CAEC3D8}"
	ProjectSection(ProjectDependencies) = postProject
		{09D8556E-BAF8-4C12-AD37-D19EC078DAC8} = {09D8556E-BAF8-4C12-AD37-D19EC078DAC8}
	EndProjectSection
EndProject
Project("{8BC9CEB8-8B4A-11D0-8D11-00A0C91BC942}") = "nchelper", "nchelper.vcproj", "{F8F04FBC-BE78-7662-240A-A4D0B16BA7DE}"
EndProject
Project("{8BC9CEB8-8B4A-11D0-8D11-00A0C91BC942}") = "ncopcode_utils", "ncopcode_utils.vcproj", "{5CE92894-5EF3-55AB-F90A-586618691C02}"
	ProjectSection(ProjectDependencies) = postProject
		{BF8825E4-AEB6-F102-6237-CEC66FCB7025} = {BF8825E4-AEB6-F102-6237-CEC66FCB7025}
	EndProjectSection
EndProject
Project("{8BC9CEB8-8B4A-11D0-8D11-00A0C91BC942}") = "ncopcode_utils64", "ncopcode_utils64.vcproj", "{93DF21AD-9F7A-A4D9-F3A4-38AE69BA266C}"
	ProjectSection(ProjectDependencies) = postProject
		{BF8825E4-AEB6-F102-6237-CEC66FCB7025} = {BF8825E4-AEB6-F102-6237-CEC66FCB7025}
	EndProjectSection
EndProject
Project("{8BC9CEB8-8B4A-11D0-8D11-00A0C91BC942}") = "ncopcode_utils_gen", "ncopcode_utils_gen.vcproj", "{BF8825E4-AEB6-F102-6237-CEC66FCB7025}"
EndProject
Project("{8BC9CEB8-8B4A-11D0-8D11-00A0C91BC942}") = "ncvalidate", "ncvalidate.vcproj", "{1416F503-0666-BA25-4D91-CF10F66EF623}"
	ProjectSection(ProjectDependencies) = postProject
		{09D8556E-BAF8-4C12-AD37-D19EC078DAC8} = {09D8556E-BAF8-4C12-AD37-D19EC078DAC8}
	EndProjectSection
EndProject
Project("{8BC9CEB8-8B4A-11D0-8D11-00A0C91BC942}") = "ncvalidate64", "ncvalidate64.vcproj", "{C046C891-2495-BB49-D11F-39E4E69585E8}"
	ProjectSection(ProjectDependencies) = postProject
		{EA841FCD-DD4F-7E57-4BDF-7A4F8E649703} = {EA841FCD-DD4F-7E57-4BDF-7A4F8E649703}
	EndProjectSection
EndProject
Project("{8BC9CEB8-8B4A-11D0-8D11-00A0C91BC942}") = "ncvalidate_gen", "ncvalidate_gen.vcproj", "{09D8556E-BAF8-4C12-AD37-D19EC078DAC8}"
	ProjectSection(ProjectDependencies) = postProject
		{4344A2AB-7950-7E4B-AB32-B4BD392066A1} = {4344A2AB-7950-7E4B-AB32-B4BD392066A1}
		{383AABC9-CCE2-6070-8711-6CFA3F60607C} = {383AABC9-CCE2-6070-8711-6CFA3F60607C}
		{5CE92894-5EF3-55AB-F90A-586618691C02} = {5CE92894-5EF3-55AB-F90A-586618691C02}
	EndProjectSection
EndProject
Project("{8BC9CEB8-8B4A-11D0-8D11-00A0C91BC942}") = "ncvalidate_gen64", "ncvalidate_gen64.vcproj", "{EA841FCD-DD4F-7E57-4BDF-7A4F8E649703}"
	ProjectSection(ProjectDependencies) = postProject
		{4344A2AB-7950-7E4B-AB32-B4BD392066A1} = {4344A2AB-7950-7E4B-AB32-B4BD392066A1}
		{383AABC9-CCE2-6070-8711-6CFA3F60607C} = {383AABC9-CCE2-6070-8711-6CFA3F60607C}
		{93DF21AD-9F7A-A4D9-F3A4-38AE69BA266C} = {93DF21AD-9F7A-A4D9-F3A4-38AE69BA266C}
	EndProjectSection
EndProject
Project("{8BC9CEB8-8B4A-11D0-8D11-00A0C91BC942}") = "ncvalidate_sfi", "ncvalidate_sfi.vcproj", "{6EFC7C97-A749-F8C5-80B2-D2E7A08516E3}"
	ProjectSection(ProjectDependencies) = postProject
		{1416F503-0666-BA25-4D91-CF10F66EF623} = {1416F503-0666-BA25-4D91-CF10F66EF623}
	EndProjectSection
EndProject
Project("{8BC9CEB8-8B4A-11D0-8D11-00A0C91BC942}") = "ncvalidate_sfi64", "ncvalidate_sfi64.vcproj", "{31A4DF9A-983A-50AD-1E87-378C74105135}"
	ProjectSection(ProjectDependencies) = postProject
		{C046C891-2495-BB49-D11F-39E4E69585E8} = {C046C891-2495-BB49-D11F-39E4E69585E8}
	EndProjectSection
EndProject
Project("{8BC9CEB8-8B4A-11D0-8D11-00A0C91BC942}") = "utils", "..\..\shared\utils\utils.vcproj", "{B6E155BA-1DC6-0511-E26D-4987D9FD33A9}"
EndProject
Global
	GlobalSection(SolutionConfigurationPlatforms) = preSolution
		Debug|Win32 = Debug|Win32
		Release|x64 = Release|x64
		Purify|Win32 = Purify|Win32
		Purify|x64 = Purify|x64
		Debug|x64 = Debug|x64
		Release|Win32 = Release|Win32
	EndGlobalSection
	GlobalSection(ProjectConfigurationPlatforms) = postSolution
		{09D8556E-BAF8-4C12-AD37-D19EC078DAC8}.Debug|Win32.ActiveCfg = Debug|Win32
		{09D8556E-BAF8-4C12-AD37-D19EC078DAC8}.Debug|Win32.Build.0 = Debug|Win32
		{09D8556E-BAF8-4C12-AD37-D19EC078DAC8}.Release|x64.ActiveCfg = Release|x64
		{09D8556E-BAF8-4C12-AD37-D19EC078DAC8}.Release|x64.Build.0 = Release|x64
		{09D8556E-BAF8-4C12-AD37-D19EC078DAC8}.Purify|Win32.ActiveCfg = Purify|Win32
		{09D8556E-BAF8-4C12-AD37-D19EC078DAC8}.Purify|Win32.Build.0 = Purify|Win32
		{09D8556E-BAF8-4C12-AD37-D19EC078DAC8}.Purify|x64.ActiveCfg = Purify|x64
		{09D8556E-BAF8-4C12-AD37-D19EC078DAC8}.Purify|x64.Build.0 = Purify|x64
		{09D8556E-BAF8-4C12-AD37-D19EC078DAC8}.Debug|x64.ActiveCfg = Debug|x64
		{09D8556E-BAF8-4C12-AD37-D19EC078DAC8}.Debug|x64.Build.0 = Debug|x64
		{09D8556E-BAF8-4C12-AD37-D19EC078DAC8}.Release|Win32.ActiveCfg = Release|Win32
		{09D8556E-BAF8-4C12-AD37-D19EC078DAC8}.Release|Win32.Build.0 = Release|Win32
		{1416F503-0666-BA25-4D91-CF10F66EF623}.Debug|Win32.ActiveCfg = Debug|Win32
		{1416F503-0666-BA25-4D91-CF10F66EF623}.Debug|Win32.Build.0 = Debug|Win32
		{1416F503-0666-BA25-4D91-CF10F66EF623}.Release|x64.ActiveCfg = Release|x64
		{1416F503-0666-BA25-4D91-CF10F66EF623}.Release|x64.Build.0 = Release|x64
		{1416F503-0666-BA25-4D91-CF10F66EF623}.Purify|Win32.ActiveCfg = Purify|Win32
		{1416F503-0666-BA25-4D91-CF10F66EF623}.Purify|Win32.Build.0 = Purify|Win32
		{1416F503-0666-BA25-4D91-CF10F66EF623}.Purify|x64.ActiveCfg = Purify|x64
		{1416F503-0666-BA25-4D91-CF10F66EF623}.Purify|x64.Build.0 = Purify|x64
		{1416F503-0666-BA25-4D91-CF10F66EF623}.Debug|x64.ActiveCfg = Debug|x64
		{1416F503-0666-BA25-4D91-CF10F66EF623}.Debug|x64.Build.0 = Debug|x64
		{1416F503-0666-BA25-4D91-CF10F66EF623}.Release|Win32.ActiveCfg = Release|Win32
		{1416F503-0666-BA25-4D91-CF10F66EF623}.Release|Win32.Build.0 = Release|Win32
		{1AB1529E-69EA-B40E-08B5-93525CAEC3D8}.Debug|Win32.ActiveCfg = Debug|Win32
		{1AB1529E-69EA-B40E-08B5-93525CAEC3D8}.Debug|Win32.Build.0 = Debug|Win32
		{1AB1529E-69EA-B40E-08B5-93525CAEC3D8}.Release|x64.ActiveCfg = Release|x64
		{1AB1529E-69EA-B40E-08B5-93525CAEC3D8}.Release|x64.Build.0 = Release|x64
		{1AB1529E-69EA-B40E-08B5-93525CAEC3D8}.Purify|Win32.ActiveCfg = Purify|Win32
		{1AB1529E-69EA-B40E-08B5-93525CAEC3D8}.Purify|Win32.Build.0 = Purify|Win32
		{1AB1529E-69EA-B40E-08B5-93525CAEC3D8}.Purify|x64.ActiveCfg = Purify|x64
		{1AB1529E-69EA-B40E-08B5-93525CAEC3D8}.Purify|x64.Build.0 = Purify|x64
		{1AB1529E-69EA-B40E-08B5-93525CAEC3D8}.Debug|x64.ActiveCfg = Debug|x64
		{1AB1529E-69EA-B40E-08B5-93525CAEC3D8}.Debug|x64.Build.0 = Debug|x64
		{1AB1529E-69EA-B40E-08B5-93525CAEC3D8}.Release|Win32.ActiveCfg = Release|Win32
		{1AB1529E-69EA-B40E-08B5-93525CAEC3D8}.Release|Win32.Build.0 = Release|Win32
		{31A4DF9A-983A-50AD-1E87-378C74105135}.Debug|Win32.ActiveCfg = Debug|x64
		{31A4DF9A-983A-50AD-1E87-378C74105135}.Debug|Win32.Build.0 = Debug|x64
		{31A4DF9A-983A-50AD-1E87-378C74105135}.Release|x64.ActiveCfg = Release|x64
		{31A4DF9A-983A-50AD-1E87-378C74105135}.Release|x64.Build.0 = Release|x64
		{31A4DF9A-983A-50AD-1E87-378C74105135}.Purify|Win32.ActiveCfg = Purify|x64
		{31A4DF9A-983A-50AD-1E87-378C74105135}.Purify|Win32.Build.0 = Purify|x64
		{31A4DF9A-983A-50AD-1E87-378C74105135}.Purify|x64.ActiveCfg = Purify|x64
		{31A4DF9A-983A-50AD-1E87-378C74105135}.Purify|x64.Build.0 = Purify|x64
		{31A4DF9A-983A-50AD-1E87-378C74105135}.Debug|x64.ActiveCfg = Debug|x64
		{31A4DF9A-983A-50AD-1E87-378C74105135}.Debug|x64.Build.0 = Debug|x64
		{31A4DF9A-983A-50AD-1E87-378C74105135}.Release|Win32.ActiveCfg = Release|x64
		{31A4DF9A-983A-50AD-1E87-378C74105135}.Release|Win32.Build.0 = Release|x64
		{383AABC9-CCE2-6070-8711-6CFA3F60607C}.Debug|Win32.ActiveCfg = Debug|Win32
		{383AABC9-CCE2-6070-8711-6CFA3F60607C}.Debug|Win32.Build.0 = Debug|Win32
		{383AABC9-CCE2-6070-8711-6CFA3F60607C}.Release|x64.ActiveCfg = Release|x64
		{383AABC9-CCE2-6070-8711-6CFA3F60607C}.Release|x64.Build.0 = Release|x64
		{383AABC9-CCE2-6070-8711-6CFA3F60607C}.Purify|Win32.ActiveCfg = Purify|Win32
		{383AABC9-CCE2-6070-8711-6CFA3F60607C}.Purify|Win32.Build.0 = Purify|Win32
		{383AABC9-CCE2-6070-8711-6CFA3F60607C}.Purify|x64.ActiveCfg = Purify|x64
		{383AABC9-CCE2-6070-8711-6CFA3F60607C}.Purify|x64.Build.0 = Purify|x64
		{383AABC9-CCE2-6070-8711-6CFA3F60607C}.Debug|x64.ActiveCfg = Debug|x64
		{383AABC9-CCE2-6070-8711-6CFA3F60607C}.Debug|x64.Build.0 = Debug|x64
		{383AABC9-CCE2-6070-8711-6CFA3F60607C}.Release|Win32.ActiveCfg = Release|Win32
		{383AABC9-CCE2-6070-8711-6CFA3F60607C}.Release|Win32.Build.0 = Release|Win32
		{4344A2AB-7950-7E4B-AB32-B4BD392066A1}.Debug|Win32.ActiveCfg = Debug|Win32
		{4344A2AB-7950-7E4B-AB32-B4BD392066A1}.Debug|Win32.Build.0 = Debug|Win32
		{4344A2AB-7950-7E4B-AB32-B4BD392066A1}.Release|x64.ActiveCfg = Release|x64
		{4344A2AB-7950-7E4B-AB32-B4BD392066A1}.Release|x64.Build.0 = Release|x64
		{4344A2AB-7950-7E4B-AB32-B4BD392066A1}.Purify|Win32.ActiveCfg = Purify|Win32
		{4344A2AB-7950-7E4B-AB32-B4BD392066A1}.Purify|Win32.Build.0 = Purify|Win32
		{4344A2AB-7950-7E4B-AB32-B4BD392066A1}.Purify|x64.ActiveCfg = Purify|x64
		{4344A2AB-7950-7E4B-AB32-B4BD392066A1}.Purify|x64.Build.0 = Purify|x64
		{4344A2AB-7950-7E4B-AB32-B4BD392066A1}.Debug|x64.ActiveCfg = Debug|x64
		{4344A2AB-7950-7E4B-AB32-B4BD392066A1}.Debug|x64.Build.0 = Debug|x64
		{4344A2AB-7950-7E4B-AB32-B4BD392066A1}.Release|Win32.ActiveCfg = Release|Win32
		{4344A2AB-7950-7E4B-AB32-B4BD392066A1}.Release|Win32.Build.0 = Release|Win32
		{5CE92894-5EF3-55AB-F90A-586618691C02}.Debug|Win32.ActiveCfg = Debug|Win32
		{5CE92894-5EF3-55AB-F90A-586618691C02}.Debug|Win32.Build.0 = Debug|Win32
		{5CE92894-5EF3-55AB-F90A-586618691C02}.Release|x64.ActiveCfg = Release|x64
		{5CE92894-5EF3-55AB-F90A-586618691C02}.Release|x64.Build.0 = Release|x64
		{5CE92894-5EF3-55AB-F90A-586618691C02}.Purify|Win32.ActiveCfg = Purify|Win32
		{5CE92894-5EF3-55AB-F90A-586618691C02}.Purify|Win32.Build.0 = Purify|Win32
		{5CE92894-5EF3-55AB-F90A-586618691C02}.Purify|x64.ActiveCfg = Purify|x64
		{5CE92894-5EF3-55AB-F90A-586618691C02}.Purify|x64.Build.0 = Purify|x64
		{5CE92894-5EF3-55AB-F90A-586618691C02}.Debug|x64.ActiveCfg = Debug|x64
		{5CE92894-5EF3-55AB-F90A-586618691C02}.Debug|x64.Build.0 = Debug|x64
		{5CE92894-5EF3-55AB-F90A-586618691C02}.Release|Win32.ActiveCfg = Release|Win32
		{5CE92894-5EF3-55AB-F90A-586618691C02}.Release|Win32.Build.0 = Release|Win32
		{6EFC7C97-A749-F8C5-80B2-D2E7A08516E3}.Debug|Win32.ActiveCfg = Debug|Win32
		{6EFC7C97-A749-F8C5-80B2-D2E7A08516E3}.Debug|Win32.Build.0 = Debug|Win32
		{6EFC7C97-A749-F8C5-80B2-D2E7A08516E3}.Release|x64.ActiveCfg = Release|x64
		{6EFC7C97-A749-F8C5-80B2-D2E7A08516E3}.Release|x64.Build.0 = Release|x64
		{6EFC7C97-A749-F8C5-80B2-D2E7A08516E3}.Purify|Win32.ActiveCfg = Purify|Win32
		{6EFC7C97-A749-F8C5-80B2-D2E7A08516E3}.Purify|Win32.Build.0 = Purify|Win32
		{6EFC7C97-A749-F8C5-80B2-D2E7A08516E3}.Purify|x64.ActiveCfg = Purify|x64
		{6EFC7C97-A749-F8C5-80B2-D2E7A08516E3}.Purify|x64.Build.0 = Purify|x64
		{6EFC7C97-A749-F8C5-80B2-D2E7A08516E3}.Debug|x64.ActiveCfg = Debug|x64
		{6EFC7C97-A749-F8C5-80B2-D2E7A08516E3}.Debug|x64.Build.0 = Debug|x64
		{6EFC7C97-A749-F8C5-80B2-D2E7A08516E3}.Release|Win32.ActiveCfg = Release|Win32
		{6EFC7C97-A749-F8C5-80B2-D2E7A08516E3}.Release|Win32.Build.0 = Release|Win32
		{93DF21AD-9F7A-A4D9-F3A4-38AE69BA266C}.Debug|Win32.ActiveCfg = Debug|x64
		{93DF21AD-9F7A-A4D9-F3A4-38AE69BA266C}.Debug|Win32.Build.0 = Debug|x64
		{93DF21AD-9F7A-A4D9-F3A4-38AE69BA266C}.Release|x64.ActiveCfg = Release|x64
		{93DF21AD-9F7A-A4D9-F3A4-38AE69BA266C}.Release|x64.Build.0 = Release|x64
		{93DF21AD-9F7A-A4D9-F3A4-38AE69BA266C}.Purify|Win32.ActiveCfg = Purify|x64
		{93DF21AD-9F7A-A4D9-F3A4-38AE69BA266C}.Purify|Win32.Build.0 = Purify|x64
		{93DF21AD-9F7A-A4D9-F3A4-38AE69BA266C}.Purify|x64.ActiveCfg = Purify|x64
		{93DF21AD-9F7A-A4D9-F3A4-38AE69BA266C}.Purify|x64.Build.0 = Purify|x64
		{93DF21AD-9F7A-A4D9-F3A4-38AE69BA266C}.Debug|x64.ActiveCfg = Debug|x64
		{93DF21AD-9F7A-A4D9-F3A4-38AE69BA266C}.Debug|x64.Build.0 = Debug|x64
		{93DF21AD-9F7A-A4D9-F3A4-38AE69BA266C}.Release|Win32.ActiveCfg = Release|x64
		{93DF21AD-9F7A-A4D9-F3A4-38AE69BA266C}.Release|Win32.Build.0 = Release|x64
		{B6E155BA-1DC6-0511-E26D-4987D9FD33A9}.Debug|Win32.ActiveCfg = Debug|Win32
		{B6E155BA-1DC6-0511-E26D-4987D9FD33A9}.Debug|Win32.Build.0 = Debug|Win32
		{B6E155BA-1DC6-0511-E26D-4987D9FD33A9}.Release|x64.ActiveCfg = Release|x64
		{B6E155BA-1DC6-0511-E26D-4987D9FD33A9}.Release|x64.Build.0 = Release|x64
		{B6E155BA-1DC6-0511-E26D-4987D9FD33A9}.Purify|Win32.ActiveCfg = Purify|Win32
		{B6E155BA-1DC6-0511-E26D-4987D9FD33A9}.Purify|Win32.Build.0 = Purify|Win32
		{B6E155BA-1DC6-0511-E26D-4987D9FD33A9}.Purify|x64.ActiveCfg = Purify|x64
		{B6E155BA-1DC6-0511-E26D-4987D9FD33A9}.Purify|x64.Build.0 = Purify|x64
		{B6E155BA-1DC6-0511-E26D-4987D9FD33A9}.Debug|x64.ActiveCfg = Debug|x64
		{B6E155BA-1DC6-0511-E26D-4987D9FD33A9}.Debug|x64.Build.0 = Debug|x64
		{B6E155BA-1DC6-0511-E26D-4987D9FD33A9}.Release|Win32.ActiveCfg = Release|Win32
		{B6E155BA-1DC6-0511-E26D-4987D9FD33A9}.Release|Win32.Build.0 = Release|Win32
		{BF8825E4-AEB6-F102-6237-CEC66FCB7025}.Debug|Win32.ActiveCfg = Debug|Win32
		{BF8825E4-AEB6-F102-6237-CEC66FCB7025}.Debug|Win32.Build.0 = Debug|Win32
		{BF8825E4-AEB6-F102-6237-CEC66FCB7025}.Release|x64.ActiveCfg = Release|x64
		{BF8825E4-AEB6-F102-6237-CEC66FCB7025}.Release|x64.Build.0 = Release|x64
		{BF8825E4-AEB6-F102-6237-CEC66FCB7025}.Purify|Win32.ActiveCfg = Purify|Win32
		{BF8825E4-AEB6-F102-6237-CEC66FCB7025}.Purify|Win32.Build.0 = Purify|Win32
		{BF8825E4-AEB6-F102-6237-CEC66FCB7025}.Purify|x64.ActiveCfg = Purify|x64
		{BF8825E4-AEB6-F102-6237-CEC66FCB7025}.Purify|x64.Build.0 = Purify|x64
		{BF8825E4-AEB6-F102-6237-CEC66FCB7025}.Debug|x64.ActiveCfg = Debug|x64
		{BF8825E4-AEB6-F102-6237-CEC66FCB7025}.Debug|x64.Build.0 = Debug|x64
		{BF8825E4-AEB6-F102-6237-CEC66FCB7025}.Release|Win32.ActiveCfg = Release|Win32
		{BF8825E4-AEB6-F102-6237-CEC66FCB7025}.Release|Win32.Build.0 = Release|Win32
		{C046C891-2495-BB49-D11F-39E4E69585E8}.Debug|Win32.ActiveCfg = Debug|x64
		{C046C891-2495-BB49-D11F-39E4E69585E8}.Debug|Win32.Build.0 = Debug|x64
		{C046C891-2495-BB49-D11F-39E4E69585E8}.Release|x64.ActiveCfg = Release|x64
		{C046C891-2495-BB49-D11F-39E4E69585E8}.Release|x64.Build.0 = Release|x64
		{C046C891-2495-BB49-D11F-39E4E69585E8}.Purify|Win32.ActiveCfg = Purify|x64
		{C046C891-2495-BB49-D11F-39E4E69585E8}.Purify|Win32.Build.0 = Purify|x64
		{C046C891-2495-BB49-D11F-39E4E69585E8}.Purify|x64.ActiveCfg = Purify|x64
		{C046C891-2495-BB49-D11F-39E4E69585E8}.Purify|x64.Build.0 = Purify|x64
		{C046C891-2495-BB49-D11F-39E4E69585E8}.Debug|x64.ActiveCfg = Debug|x64
		{C046C891-2495-BB49-D11F-39E4E69585E8}.Debug|x64.Build.0 = Debug|x64
		{C046C891-2495-BB49-D11F-39E4E69585E8}.Release|Win32.ActiveCfg = Release|x64
		{C046C891-2495-BB49-D11F-39E4E69585E8}.Release|Win32.Build.0 = Release|x64
		{EA841FCD-DD4F-7E57-4BDF-7A4F8E649703}.Debug|Win32.ActiveCfg = Debug|x64
		{EA841FCD-DD4F-7E57-4BDF-7A4F8E649703}.Debug|Win32.Build.0 = Debug|x64
		{EA841FCD-DD4F-7E57-4BDF-7A4F8E649703}.Release|x64.ActiveCfg = Release|x64
		{EA841FCD-DD4F-7E57-4BDF-7A4F8E649703}.Release|x64.Build.0 = Release|x64
		{EA841FCD-DD4F-7E57-4BDF-7A4F8E649703}.Purify|Win32.ActiveCfg = Purify|x64
		{EA841FCD-DD4F-7E57-4BDF-7A4F8E649703}.Purify|Win32.Build.0 = Purify|x64
		{EA841FCD-DD4F-7E57-4BDF-7A4F8E649703}.Purify|x64.ActiveCfg = Purify|x64
		{EA841FCD-DD4F-7E57-4BDF-7A4F8E649703}.Purify|x64.Build.0 = Purify|x64
		{EA841FCD-DD4F-7E57-4BDF-7A4F8E649703}.Debug|x64.ActiveCfg = Debug|x64
		{EA841FCD-DD4F-7E57-4BDF-7A4F8E649703}.Debug|x64.Build.0 = Debug|x64
		{EA841FCD-DD4F-7E57-4BDF-7A4F8E649703}.Release|Win32.ActiveCfg = Release|x64
		{EA841FCD-DD4F-7E57-4BDF-7A4F8E649703}.Release|Win32.Build.0 = Release|x64
		{F181927E-5DE7-2F89-7FFD-EB4BF194B5AB}.Debug|Win32.ActiveCfg = Debug|Win32
		{F181927E-5DE7-2F89-7FFD-EB4BF194B5AB}.Debug|Win32.Build.0 = Debug|Win32
		{F181927E-5DE7-2F89-7FFD-EB4BF194B5AB}.Release|x64.ActiveCfg = Release|x64
		{F181927E-5DE7-2F89-7FFD-EB4BF194B5AB}.Release|x64.Build.0 = Release|x64
		{F181927E-5DE7-2F89-7FFD-EB4BF194B5AB}.Purify|Win32.ActiveCfg = Purify|Win32
		{F181927E-5DE7-2F89-7FFD-EB4BF194B5AB}.Purify|Win32.Build.0 = Purify|Win32
		{F181927E-5DE7-2F89-7FFD-EB4BF194B5AB}.Purify|x64.ActiveCfg = Purify|x64
		{F181927E-5DE7-2F89-7FFD-EB4BF194B5AB}.Purify|x64.Build.0 = Purify|x64
		{F181927E-5DE7-2F89-7FFD-EB4BF194B5AB}.Debug|x64.ActiveCfg = Debug|x64
		{F181927E-5DE7-2F89-7FFD-EB4BF194B5AB}.Debug|x64.Build.0 = Debug|x64
		{F181927E-5DE7-2F89-7FFD-EB4BF194B5AB}.Release|Win32.ActiveCfg = Release|Win32
		{F181927E-5DE7-2F89-7FFD-EB4BF194B5AB}.Release|Win32.Build.0 = Release|Win32
		{F8F04FBC-BE78-7662-240A-A4D0B16BA7DE}.Debug|Win32.ActiveCfg = Debug|Win32
		{F8F04FBC-BE78-7662-240A-A4D0B16BA7DE}.Debug|Win32.Build.0 = Debug|Win32
		{F8F04FBC-BE78-7662-240A-A4D0B16BA7DE}.Release|x64.ActiveCfg = Release|x64
		{F8F04FBC-BE78-7662-240A-A4D0B16BA7DE}.Release|x64.Build.0 = Release|x64
		{F8F04FBC-BE78-7662-240A-A4D0B16BA7DE}.Purify|Win32.ActiveCfg = Purify|Win32
		{F8F04FBC-BE78-7662-240A-A4D0B16BA7DE}.Purify|Win32.Build.0 = Purify|Win32
		{F8F04FBC-BE78-7662-240A-A4D0B16BA7DE}.Purify|x64.ActiveCfg = Purify|x64
		{F8F04FBC-BE78-7662-240A-A4D0B16BA7DE}.Purify|x64.Build.0 = Purify|x64
		{F8F04FBC-BE78-7662-240A-A4D0B16BA7DE}.Debug|x64.ActiveCfg = Debug|x64
		{F8F04FBC-BE78-7662-240A-A4D0B16BA7DE}.Debug|x64.Build.0 = Debug|x64
		{F8F04FBC-BE78-7662-240A-A4D0B16BA7DE}.Release|Win32.ActiveCfg = Release|Win32
		{F8F04FBC-BE78-7662-240A-A4D0B16BA7DE}.Release|Win32.Build.0 = Release|Win32
	EndGlobalSection
	GlobalSection(SolutionProperties) = preSolution
		HideSolutionNode = FALSE
	EndGlobalSection
	GlobalSection(NestedProjects) = preSolution
		{B6E155BA-1DC6-0511-E26D-4987D9FD33A9} = {3FF8755D-7201-2785-AD1F-48F0C33F9A7E}
		{E19A5133-8E43-09AC-7D8F-08A119EE0643} = {B80F6598-F3EF-5FD4-F218-7ED05A4F7861}
		{09D8556E-BAF8-4C12-AD37-D19EC078DAC8} = {E19A5133-8E43-09AC-7D8F-08A119EE0643}
		{93DF21AD-9F7A-A4D9-F3A4-38AE69BA266C} = {E19A5133-8E43-09AC-7D8F-08A119EE0643}
		{6EFC7C97-A749-F8C5-80B2-D2E7A08516E3} = {E19A5133-8E43-09AC-7D8F-08A119EE0643}
		{F181927E-5DE7-2F89-7FFD-EB4BF194B5AB} = {E19A5133-8E43-09AC-7D8F-08A119EE0643}
		{31A4DF9A-983A-50AD-1E87-378C74105135} = {E19A5133-8E43-09AC-7D8F-08A119EE0643}
		{F8F04FBC-BE78-7662-240A-A4D0B16BA7DE} = {E19A5133-8E43-09AC-7D8F-08A119EE0643}
		{383AABC9-CCE2-6070-8711-6CFA3F60607C} = {E19A5133-8E43-09AC-7D8F-08A119EE0643}
		{1AB1529E-69EA-B40E-08B5-93525CAEC3D8} = {E19A5133-8E43-09AC-7D8F-08A119EE0643}
		{4344A2AB-7950-7E4B-AB32-B4BD392066A1} = {E19A5133-8E43-09AC-7D8F-08A119EE0643}
		{1416F503-0666-BA25-4D91-CF10F66EF623} = {E19A5133-8E43-09AC-7D8F-08A119EE0643}
		{BF8825E4-AEB6-F102-6237-CEC66FCB7025} = {E19A5133-8E43-09AC-7D8F-08A119EE0643}
		{EA841FCD-DD4F-7E57-4BDF-7A4F8E649703} = {E19A5133-8E43-09AC-7D8F-08A119EE0643}
		{5CE92894-5EF3-55AB-F90A-586618691C02} = {E19A5133-8E43-09AC-7D8F-08A119EE0643}
		{C046C891-2495-BB49-D11F-39E4E69585E8} = {E19A5133-8E43-09AC-7D8F-08A119EE0643}
	EndGlobalSection
EndGlobal
