Microsoft Visual Studio Solution File, Format Version 10.00
# Visual Studio 2008
Project("{2150E333-8FDC-42A3-9474-1A3956D46DE8}") = "(base)", "(base)", "{9785FB75-982A-5DE3-252D-3F288B9FEF5B}"
EndProject
Project("{2150E333-8FDC-42A3-9474-1A3956D46DE8}") = "(icu)", "(icu)", "{2DE59335-96CE-10CA-CDE5-FEC35E3549BB}"
EndProject
Project("{2150E333-8FDC-42A3-9474-1A3956D46DE8}") = "(ipc)", "(ipc)", "{6E739A16-1324-5F4E-B3DD-D8BBDA9938E5}"
EndProject
Project("{2150E333-8FDC-42A3-9474-1A3956D46DE8}") = "(nss)", "(nss)", "{CD014008-1CDB-809B-D770-C67A261539F7}"
EndProject
Project("{2150E333-8FDC-42A3-9474-1A3956D46DE8}") = "(ppapi)", "(ppapi)", "{5BA6C264-85BC-9866-43EA-BB93D171CD6E}"
EndProject
Project("{2150E333-8FDC-42A3-9474-1A3956D46DE8}") = "(testing)", "(testing)", "{EAC80D00-01D2-3F49-A377-20B7154947F3}"
EndProject
Project("{2150E333-8FDC-42A3-9474-1A3956D46DE8}") = "(third_party)", "(third_party)", "{3E7FA5AF-27B3-2DE0-883C-12F98E7F4E81}"
EndProject
Project("{2150E333-8FDC-42A3-9474-1A3956D46DE8}") = "(third_party)", "(third_party)", "{89C816A7-DD31-D54C-C69C-5A80E0C49B77}"
EndProject
Project("{8BC9CEB8-8B4A-11D0-8D11-00A0C91BC942}") = "base", "..\base\base.vcproj", "{1832A374-8A74-4F9E-B536-69A699B3E165}"
EndProject
Project("{8BC9CEB8-8B4A-11D0-8D11-00A0C91BC942}") = "base_i18n", "..\base\base_i18n.vcproj", "{968F3222-9798-4D21-BE08-15ECB5EF2994}"
EndProject
Project("{8BC9CEB8-8B4A-11D0-8D11-00A0C91BC942}") = "dynamic_annotations", "..\base\third_party\dynamic_annotations\dynamic_annotations.vcproj", "{EF3AD1A1-5FA6-4B70-9CCC-F5AE4C6D0892}"
EndProject
Project("{8BC9CEB8-8B4A-11D0-8D11-00A0C91BC942}") = "gmock", "..\testing\gmock.vcproj", "{F9D886ED-B09F-4B74-932F-D8E4691E6B7F}"
EndProject
Project("{8BC9CEB8-8B4A-11D0-8D11-00A0C91BC942}") = "gtest", "..\testing\gtest.vcproj", "{BFE8E2A7-3B3B-43B0-A994-3058B852DB8B}"
EndProject
Project("{8BC9CEB8-8B4A-11D0-8D11-00A0C91BC942}") = "icui18n", "..\third_party\icu\icui18n.vcproj", "{14E7F2BB-B8FC-4DC1-B04D-31C06BDFA1D9}"
EndProject
Project("{8BC9CEB8-8B4A-11D0-8D11-00A0C91BC942}") = "icuuc", "..\third_party\icu\icuuc.vcproj", "{9E2EFAAB-02B7-4A82-B664-1E98DF6D1953}"
EndProject
Project("{8BC9CEB8-8B4A-11D0-8D11-00A0C91BC942}") = "ipc", "..\ipc\ipc.vcproj", "{3476F599-9139-8A7F-8043-1345F4D9571D}"
EndProject
Project("{8BC9CEB8-8B4A-11D0-8D11-00A0C91BC942}") = "modp_b64", "..\third_party\modp_b64\modp_b64.vcproj", "{7100F41F-868D-4E99-80A2-AF8E6574749D}"
EndProject
Project("{8BC9CEB8-8B4A-11D0-8D11-00A0C91BC942}") = "nspr", "..\third_party\nss\nspr.vcproj", "{DA6CD78F-6A80-A996-547D-2404C4E2371B}"
EndProject
Project("{8BC9CEB8-8B4A-11D0-8D11-00A0C91BC942}") = "nss", "..\third_party\nss\nss.vcproj", "{734E8BCE-B176-FFC7-D86A-3A843A26342E}"
EndProject
Project("{8BC9CEB8-8B4A-11D0-8D11-00A0C91BC942}") = "ppapi_c", "ppapi_c.vcproj", "{1C29B4E7-B5E6-94C0-2909-DDD39B716108}"
EndProject
Project("{8BC9CEB8-8B4A-11D0-8D11-00A0C91BC942}") = "ppapi_cpp", "ppapi_cpp.vcproj", "{057E7FA0-83C0-11DF-8395-0800200C9A66}"
	ProjectSection(ProjectDependencies) = postProject
		{1C29B4E7-B5E6-94C0-2909-DDD39B716108} = {1C29B4E7-B5E6-94C0-2909-DDD39B716108}
	EndProjectSection
EndProject
Project("{8BC9CEB8-8B4A-11D0-8D11-00A0C91BC942}") = "ppapi_cpp_objects", "ppapi_cpp_objects.vcproj", "{AD371A1D-3459-4E2D-8E8A-881F4B83B908}"
	ProjectSection(ProjectDependencies) = postProject
		{1C29B4E7-B5E6-94C0-2909-DDD39B716108} = {1C29B4E7-B5E6-94C0-2909-DDD39B716108}
	EndProjectSection
EndProject
Project("{8BC9CEB8-8B4A-11D0-8D11-00A0C91BC942}") = "ppapi_egl", "ppapi_egl.vcproj", "{6B71E894-157C-B2B9-BEDE-118C882D014A}"
	ProjectSection(ProjectDependencies) = postProject
		{1C29B4E7-B5E6-94C0-2909-DDD39B716108} = {1C29B4E7-B5E6-94C0-2909-DDD39B716108}
	EndProjectSection
EndProject
Project("{8BC9CEB8-8B4A-11D0-8D11-00A0C91BC942}") = "ppapi_example", "ppapi_example.vcproj", "{EE00E36E-9E8C-4DFB-925E-FBE32CEDB91B}"
	ProjectSection(ProjectDependencies) = postProject
		{057E7FA0-83C0-11DF-8395-0800200C9A66} = {057E7FA0-83C0-11DF-8395-0800200C9A66}
		{AD371A1D-3459-4E2D-8E8A-881F4B83B908} = {AD371A1D-3459-4E2D-8E8A-881F4B83B908}
	EndProjectSection
EndProject
Project("{8BC9CEB8-8B4A-11D0-8D11-00A0C91BC942}") = "ppapi_gles2", "ppapi_gles2.vcproj", "{23D79A05-FD68-F8DB-5359-BCAF099741C0}"
	ProjectSection(ProjectDependencies) = postProject
		{1C29B4E7-B5E6-94C0-2909-DDD39B716108} = {1C29B4E7-B5E6-94C0-2909-DDD39B716108}
	EndProjectSection
EndProject
Project("{8BC9CEB8-8B4A-11D0-8D11-00A0C91BC942}") = "ppapi_proxy", "ppapi_proxy.vcproj", "{A9B97FE8-7C32-778E-0CEA-9D7B9493DB22}"
	ProjectSection(ProjectDependencies) = postProject
		{1C29B4E7-B5E6-94C0-2909-DDD39B716108} = {1C29B4E7-B5E6-94C0-2909-DDD39B716108}
	EndProjectSection
EndProject
Project("{8BC9CEB8-8B4A-11D0-8D11-00A0C91BC942}") = "ppapi_shared_impl", "ppapi_shared_impl.vcproj", "{E7420D65-A885-41EB-B4BE-04DE0C97033B}"
	ProjectSection(ProjectDependencies) = postProject
		{1C29B4E7-B5E6-94C0-2909-DDD39B716108} = {1C29B4E7-B5E6-94C0-2909-DDD39B716108}
	EndProjectSection
EndProject
Project("{8BC9CEB8-8B4A-11D0-8D11-00A0C91BC942}") = "ppapi_tests", "ppapi_tests.vcproj", "{7173414B-3DF9-79F2-5108-0D0901217983}"
	ProjectSection(ProjectDependencies) = postProject
		{057E7FA0-83C0-11DF-8395-0800200C9A66} = {057E7FA0-83C0-11DF-8395-0800200C9A66}
		{AD371A1D-3459-4E2D-8E8A-881F4B83B908} = {AD371A1D-3459-4E2D-8E8A-881F4B83B908}
	EndProjectSection
EndProject
Project("{8BC9CEB8-8B4A-11D0-8D11-00A0C91BC942}") = "ppapi_unittests", "ppapi_unittests.vcproj", "{C2BD9365-5BD7-44A7-854E-A49E606BE8E4}"
	ProjectSection(ProjectDependencies) = postProject
		{A9B97FE8-7C32-778E-0CEA-9D7B9493DB22} = {A9B97FE8-7C32-778E-0CEA-9D7B9493DB22}
		{1846F110-8263-413F-9924-36F64DD8FE41} = {1846F110-8263-413F-9924-36F64DD8FE41}
		{5E9CA9B5-2A71-ADBA-DB4C-EC0A3F5EB32F} = {5E9CA9B5-2A71-ADBA-DB4C-EC0A3F5EB32F}
		{F9D886ED-B09F-4B74-932F-D8E4691E6B7F} = {F9D886ED-B09F-4B74-932F-D8E4691E6B7F}
		{BFE8E2A7-3B3B-43B0-A994-3058B852DB8B} = {BFE8E2A7-3B3B-43B0-A994-3058B852DB8B}
		{3476F599-9139-8A7F-8043-1345F4D9571D} = {3476F599-9139-8A7F-8043-1345F4D9571D}
		{1832A374-8A74-4F9E-B536-69A699B3E165} = {1832A374-8A74-4F9E-B536-69A699B3E165}
		{7100F41F-868D-4E99-80A2-AF8E6574749D} = {7100F41F-868D-4E99-80A2-AF8E6574749D}
		{EF3AD1A1-5FA6-4B70-9CCC-F5AE4C6D0892} = {EF3AD1A1-5FA6-4B70-9CCC-F5AE4C6D0892}
		{734E8BCE-B176-FFC7-D86A-3A843A26342E} = {734E8BCE-B176-FFC7-D86A-3A843A26342E}
		{DA6CD78F-6A80-A996-547D-2404C4E2371B} = {DA6CD78F-6A80-A996-547D-2404C4E2371B}
		{6EAD4A4B-2BBC-4974-8E45-BB5C16CC2AC9} = {6EAD4A4B-2BBC-4974-8E45-BB5C16CC2AC9}
		{14E7F2BB-B8FC-4DC1-B04D-31C06BDFA1D9} = {14E7F2BB-B8FC-4DC1-B04D-31C06BDFA1D9}
		{9E2EFAAB-02B7-4A82-B664-1E98DF6D1953} = {9E2EFAAB-02B7-4A82-B664-1E98DF6D1953}
		{E7420D65-A885-41EB-B4BE-04DE0C97033B} = {E7420D65-A885-41EB-B4BE-04DE0C97033B}
		{968F3222-9798-4D21-BE08-15ECB5EF2994} = {968F3222-9798-4D21-BE08-15ECB5EF2994}
	EndProjectSection
EndProject
Project("{8BC9CEB8-8B4A-11D0-8D11-00A0C91BC942}") = "sqlite", "..\third_party\sqlite\sqlite.vcproj", "{6EAD4A4B-2BBC-4974-8E45-BB5C16CC2AC9}"
EndProject
Project("{8BC9CEB8-8B4A-11D0-8D11-00A0C91BC942}") = "test_support_base", "..\base\test_support_base.vcproj", "{1846F110-8263-413F-9924-36F64DD8FE41}"
EndProject
Project("{8BC9CEB8-8B4A-11D0-8D11-00A0C91BC942}") = "test_support_ipc", "..\ipc\test_support_ipc.vcproj", "{5E9CA9B5-2A71-ADBA-DB4C-EC0A3F5EB32F}"
EndProject
Global
	GlobalSection(SolutionConfigurationPlatforms) = preSolution
		Debug|Win32 = Debug|Win32
		Debug|x64 = Debug|x64
		Purify|Win32 = Purify|Win32
		Purify|x64 = Purify|x64
		Release|Win32 = Release|Win32
		Release|x64 = Release|x64
	EndGlobalSection
	GlobalSection(ProjectConfigurationPlatforms) = postSolution
		{1832A374-8A74-4F9E-B536-69A699B3E165}.Debug|Win32.ActiveCfg = Debug|Win32
		{1832A374-8A74-4F9E-B536-69A699B3E165}.Debug|Win32.Build.0 = Debug|Win32
		{1832A374-8A74-4F9E-B536-69A699B3E165}.Debug|x64.ActiveCfg = Debug|x64
		{1832A374-8A74-4F9E-B536-69A699B3E165}.Debug|x64.Build.0 = Debug|x64
		{1832A374-8A74-4F9E-B536-69A699B3E165}.Purify|Win32.ActiveCfg = Purify|Win32
		{1832A374-8A74-4F9E-B536-69A699B3E165}.Purify|Win32.Build.0 = Purify|Win32
		{1832A374-8A74-4F9E-B536-69A699B3E165}.Purify|x64.ActiveCfg = Purify|x64
		{1832A374-8A74-4F9E-B536-69A699B3E165}.Purify|x64.Build.0 = Purify|x64
		{1832A374-8A74-4F9E-B536-69A699B3E165}.Release|Win32.ActiveCfg = Release|Win32
		{1832A374-8A74-4F9E-B536-69A699B3E165}.Release|Win32.Build.0 = Release|Win32
		{1832A374-8A74-4F9E-B536-69A699B3E165}.Release|x64.ActiveCfg = Release|x64
		{1832A374-8A74-4F9E-B536-69A699B3E165}.Release|x64.Build.0 = Release|x64
		{968F3222-9798-4D21-BE08-15ECB5EF2994}.Debug|Win32.ActiveCfg = Debug|Win32
		{968F3222-9798-4D21-BE08-15ECB5EF2994}.Debug|Win32.Build.0 = Debug|Win32
		{968F3222-9798-4D21-BE08-15ECB5EF2994}.Debug|x64.ActiveCfg = Debug|x64
		{968F3222-9798-4D21-BE08-15ECB5EF2994}.Debug|x64.Build.0 = Debug|x64
		{968F3222-9798-4D21-BE08-15ECB5EF2994}.Purify|Win32.ActiveCfg = Purify|Win32
		{968F3222-9798-4D21-BE08-15ECB5EF2994}.Purify|Win32.Build.0 = Purify|Win32
		{968F3222-9798-4D21-BE08-15ECB5EF2994}.Purify|x64.ActiveCfg = Purify|x64
		{968F3222-9798-4D21-BE08-15ECB5EF2994}.Purify|x64.Build.0 = Purify|x64
		{968F3222-9798-4D21-BE08-15ECB5EF2994}.Release|Win32.ActiveCfg = Release|Win32
		{968F3222-9798-4D21-BE08-15ECB5EF2994}.Release|Win32.Build.0 = Release|Win32
		{968F3222-9798-4D21-BE08-15ECB5EF2994}.Release|x64.ActiveCfg = Release|x64
		{968F3222-9798-4D21-BE08-15ECB5EF2994}.Release|x64.Build.0 = Release|x64
		{EF3AD1A1-5FA6-4B70-9CCC-F5AE4C6D0892}.Debug|Win32.ActiveCfg = Debug|Win32
		{EF3AD1A1-5FA6-4B70-9CCC-F5AE4C6D0892}.Debug|Win32.Build.0 = Debug|Win32
		{EF3AD1A1-5FA6-4B70-9CCC-F5AE4C6D0892}.Debug|x64.ActiveCfg = Debug|x64
		{EF3AD1A1-5FA6-4B70-9CCC-F5AE4C6D0892}.Debug|x64.Build.0 = Debug|x64
		{EF3AD1A1-5FA6-4B70-9CCC-F5AE4C6D0892}.Purify|Win32.ActiveCfg = Purify|Win32
		{EF3AD1A1-5FA6-4B70-9CCC-F5AE4C6D0892}.Purify|Win32.Build.0 = Purify|Win32
		{EF3AD1A1-5FA6-4B70-9CCC-F5AE4C6D0892}.Purify|x64.ActiveCfg = Purify|x64
		{EF3AD1A1-5FA6-4B70-9CCC-F5AE4C6D0892}.Purify|x64.Build.0 = Purify|x64
		{EF3AD1A1-5FA6-4B70-9CCC-F5AE4C6D0892}.Release|Win32.ActiveCfg = Release|Win32
		{EF3AD1A1-5FA6-4B70-9CCC-F5AE4C6D0892}.Release|Win32.Build.0 = Release|Win32
		{EF3AD1A1-5FA6-4B70-9CCC-F5AE4C6D0892}.Release|x64.ActiveCfg = Release|x64
		{EF3AD1A1-5FA6-4B70-9CCC-F5AE4C6D0892}.Release|x64.Build.0 = Release|x64
		{F9D886ED-B09F-4B74-932F-D8E4691E6B7F}.Debug|Win32.ActiveCfg = Debug|Win32
		{F9D886ED-B09F-4B74-932F-D8E4691E6B7F}.Debug|Win32.Build.0 = Debug|Win32
		{F9D886ED-B09F-4B74-932F-D8E4691E6B7F}.Debug|x64.ActiveCfg = Debug|x64
		{F9D886ED-B09F-4B74-932F-D8E4691E6B7F}.Debug|x64.Build.0 = Debug|x64
		{F9D886ED-B09F-4B74-932F-D8E4691E6B7F}.Purify|Win32.ActiveCfg = Purify|Win32
		{F9D886ED-B09F-4B74-932F-D8E4691E6B7F}.Purify|Win32.Build.0 = Purify|Win32
		{F9D886ED-B09F-4B74-932F-D8E4691E6B7F}.Purify|x64.ActiveCfg = Purify|x64
		{F9D886ED-B09F-4B74-932F-D8E4691E6B7F}.Purify|x64.Build.0 = Purify|x64
		{F9D886ED-B09F-4B74-932F-D8E4691E6B7F}.Release|Win32.ActiveCfg = Release|Win32
		{F9D886ED-B09F-4B74-932F-D8E4691E6B7F}.Release|Win32.Build.0 = Release|Win32
		{F9D886ED-B09F-4B74-932F-D8E4691E6B7F}.Release|x64.ActiveCfg = Release|x64
		{F9D886ED-B09F-4B74-932F-D8E4691E6B7F}.Release|x64.Build.0 = Release|x64
		{BFE8E2A7-3B3B-43B0-A994-3058B852DB8B}.Debug|Win32.ActiveCfg = Debug|Win32
		{BFE8E2A7-3B3B-43B0-A994-3058B852DB8B}.Debug|Win32.Build.0 = Debug|Win32
		{BFE8E2A7-3B3B-43B0-A994-3058B852DB8B}.Debug|x64.ActiveCfg = Debug|x64
		{BFE8E2A7-3B3B-43B0-A994-3058B852DB8B}.Debug|x64.Build.0 = Debug|x64
		{BFE8E2A7-3B3B-43B0-A994-3058B852DB8B}.Purify|Win32.ActiveCfg = Purify|Win32
		{BFE8E2A7-3B3B-43B0-A994-3058B852DB8B}.Purify|Win32.Build.0 = Purify|Win32
		{BFE8E2A7-3B3B-43B0-A994-3058B852DB8B}.Purify|x64.ActiveCfg = Purify|x64
		{BFE8E2A7-3B3B-43B0-A994-3058B852DB8B}.Purify|x64.Build.0 = Purify|x64
		{BFE8E2A7-3B3B-43B0-A994-3058B852DB8B}.Release|Win32.ActiveCfg = Release|Win32
		{BFE8E2A7-3B3B-43B0-A994-3058B852DB8B}.Release|Win32.Build.0 = Release|Win32
		{BFE8E2A7-3B3B-43B0-A994-3058B852DB8B}.Release|x64.ActiveCfg = Release|x64
		{BFE8E2A7-3B3B-43B0-A994-3058B852DB8B}.Release|x64.Build.0 = Release|x64
		{14E7F2BB-B8FC-4DC1-B04D-31C06BDFA1D9}.Debug|Win32.ActiveCfg = Debug|Win32
		{14E7F2BB-B8FC-4DC1-B04D-31C06BDFA1D9}.Debug|Win32.Build.0 = Debug|Win32
		{14E7F2BB-B8FC-4DC1-B04D-31C06BDFA1D9}.Debug|x64.ActiveCfg = Debug|x64
		{14E7F2BB-B8FC-4DC1-B04D-31C06BDFA1D9}.Debug|x64.Build.0 = Debug|x64
		{14E7F2BB-B8FC-4DC1-B04D-31C06BDFA1D9}.Purify|Win32.ActiveCfg = Purify|Win32
		{14E7F2BB-B8FC-4DC1-B04D-31C06BDFA1D9}.Purify|Win32.Build.0 = Purify|Win32
		{14E7F2BB-B8FC-4DC1-B04D-31C06BDFA1D9}.Purify|x64.ActiveCfg = Purify|x64
		{14E7F2BB-B8FC-4DC1-B04D-31C06BDFA1D9}.Purify|x64.Build.0 = Purify|x64
		{14E7F2BB-B8FC-4DC1-B04D-31C06BDFA1D9}.Release|Win32.ActiveCfg = Release|Win32
		{14E7F2BB-B8FC-4DC1-B04D-31C06BDFA1D9}.Release|Win32.Build.0 = Release|Win32
		{14E7F2BB-B8FC-4DC1-B04D-31C06BDFA1D9}.Release|x64.ActiveCfg = Release|x64
		{14E7F2BB-B8FC-4DC1-B04D-31C06BDFA1D9}.Release|x64.Build.0 = Release|x64
		{9E2EFAAB-02B7-4A82-B664-1E98DF6D1953}.Debug|Win32.ActiveCfg = Debug|Win32
		{9E2EFAAB-02B7-4A82-B664-1E98DF6D1953}.Debug|Win32.Build.0 = Debug|Win32
		{9E2EFAAB-02B7-4A82-B664-1E98DF6D1953}.Debug|x64.ActiveCfg = Debug|x64
		{9E2EFAAB-02B7-4A82-B664-1E98DF6D1953}.Debug|x64.Build.0 = Debug|x64
		{9E2EFAAB-02B7-4A82-B664-1E98DF6D1953}.Purify|Win32.ActiveCfg = Purify|Win32
		{9E2EFAAB-02B7-4A82-B664-1E98DF6D1953}.Purify|Win32.Build.0 = Purify|Win32
		{9E2EFAAB-02B7-4A82-B664-1E98DF6D1953}.Purify|x64.ActiveCfg = Purify|x64
		{9E2EFAAB-02B7-4A82-B664-1E98DF6D1953}.Purify|x64.Build.0 = Purify|x64
		{9E2EFAAB-02B7-4A82-B664-1E98DF6D1953}.Release|Win32.ActiveCfg = Release|Win32
		{9E2EFAAB-02B7-4A82-B664-1E98DF6D1953}.Release|Win32.Build.0 = Release|Win32
		{9E2EFAAB-02B7-4A82-B664-1E98DF6D1953}.Release|x64.ActiveCfg = Release|x64
		{9E2EFAAB-02B7-4A82-B664-1E98DF6D1953}.Release|x64.Build.0 = Release|x64
		{3476F599-9139-8A7F-8043-1345F4D9571D}.Debug|Win32.ActiveCfg = Debug|Win32
		{3476F599-9139-8A7F-8043-1345F4D9571D}.Debug|Win32.Build.0 = Debug|Win32
		{3476F599-9139-8A7F-8043-1345F4D9571D}.Debug|x64.ActiveCfg = Debug|x64
		{3476F599-9139-8A7F-8043-1345F4D9571D}.Debug|x64.Build.0 = Debug|x64
		{3476F599-9139-8A7F-8043-1345F4D9571D}.Purify|Win32.ActiveCfg = Purify|Win32
		{3476F599-9139-8A7F-8043-1345F4D9571D}.Purify|Win32.Build.0 = Purify|Win32
		{3476F599-9139-8A7F-8043-1345F4D9571D}.Purify|x64.ActiveCfg = Purify|x64
		{3476F599-9139-8A7F-8043-1345F4D9571D}.Purify|x64.Build.0 = Purify|x64
		{3476F599-9139-8A7F-8043-1345F4D9571D}.Release|Win32.ActiveCfg = Release|Win32
		{3476F599-9139-8A7F-8043-1345F4D9571D}.Release|Win32.Build.0 = Release|Win32
		{3476F599-9139-8A7F-8043-1345F4D9571D}.Release|x64.ActiveCfg = Release|x64
		{3476F599-9139-8A7F-8043-1345F4D9571D}.Release|x64.Build.0 = Release|x64
		{7100F41F-868D-4E99-80A2-AF8E6574749D}.Debug|Win32.ActiveCfg = Debug|Win32
		{7100F41F-868D-4E99-80A2-AF8E6574749D}.Debug|Win32.Build.0 = Debug|Win32
		{7100F41F-868D-4E99-80A2-AF8E6574749D}.Debug|x64.ActiveCfg = Debug|x64
		{7100F41F-868D-4E99-80A2-AF8E6574749D}.Debug|x64.Build.0 = Debug|x64
		{7100F41F-868D-4E99-80A2-AF8E6574749D}.Purify|Win32.ActiveCfg = Purify|Win32
		{7100F41F-868D-4E99-80A2-AF8E6574749D}.Purify|Win32.Build.0 = Purify|Win32
		{7100F41F-868D-4E99-80A2-AF8E6574749D}.Purify|x64.ActiveCfg = Purify|x64
		{7100F41F-868D-4E99-80A2-AF8E6574749D}.Purify|x64.Build.0 = Purify|x64
		{7100F41F-868D-4E99-80A2-AF8E6574749D}.Release|Win32.ActiveCfg = Release|Win32
		{7100F41F-868D-4E99-80A2-AF8E6574749D}.Release|Win32.Build.0 = Release|Win32
		{7100F41F-868D-4E99-80A2-AF8E6574749D}.Release|x64.ActiveCfg = Release|x64
		{7100F41F-868D-4E99-80A2-AF8E6574749D}.Release|x64.Build.0 = Release|x64
		{DA6CD78F-6A80-A996-547D-2404C4E2371B}.Debug|Win32.ActiveCfg = Debug|Win32
		{DA6CD78F-6A80-A996-547D-2404C4E2371B}.Debug|Win32.Build.0 = Debug|Win32
		{DA6CD78F-6A80-A996-547D-2404C4E2371B}.Debug|x64.ActiveCfg = Debug|x64
		{DA6CD78F-6A80-A996-547D-2404C4E2371B}.Debug|x64.Build.0 = Debug|x64
		{DA6CD78F-6A80-A996-547D-2404C4E2371B}.Purify|Win32.ActiveCfg = Purify|Win32
		{DA6CD78F-6A80-A996-547D-2404C4E2371B}.Purify|Win32.Build.0 = Purify|Win32
		{DA6CD78F-6A80-A996-547D-2404C4E2371B}.Purify|x64.ActiveCfg = Purify|x64
		{DA6CD78F-6A80-A996-547D-2404C4E2371B}.Purify|x64.Build.0 = Purify|x64
		{DA6CD78F-6A80-A996-547D-2404C4E2371B}.Release|Win32.ActiveCfg = Release|Win32
		{DA6CD78F-6A80-A996-547D-2404C4E2371B}.Release|Win32.Build.0 = Release|Win32
		{DA6CD78F-6A80-A996-547D-2404C4E2371B}.Release|x64.ActiveCfg = Release|x64
		{DA6CD78F-6A80-A996-547D-2404C4E2371B}.Release|x64.Build.0 = Release|x64
		{734E8BCE-B176-FFC7-D86A-3A843A26342E}.Debug|Win32.ActiveCfg = Debug|Win32
		{734E8BCE-B176-FFC7-D86A-3A843A26342E}.Debug|Win32.Build.0 = Debug|Win32
		{734E8BCE-B176-FFC7-D86A-3A843A26342E}.Debug|x64.ActiveCfg = Debug|x64
		{734E8BCE-B176-FFC7-D86A-3A843A26342E}.Debug|x64.Build.0 = Debug|x64
		{734E8BCE-B176-FFC7-D86A-3A843A26342E}.Purify|Win32.ActiveCfg = Purify|Win32
		{734E8BCE-B176-FFC7-D86A-3A843A26342E}.Purify|Win32.Build.0 = Purify|Win32
		{734E8BCE-B176-FFC7-D86A-3A843A26342E}.Purify|x64.ActiveCfg = Purify|x64
		{734E8BCE-B176-FFC7-D86A-3A843A26342E}.Purify|x64.Build.0 = Purify|x64
		{734E8BCE-B176-FFC7-D86A-3A843A26342E}.Release|Win32.ActiveCfg = Release|Win32
		{734E8BCE-B176-FFC7-D86A-3A843A26342E}.Release|Win32.Build.0 = Release|Win32
		{734E8BCE-B176-FFC7-D86A-3A843A26342E}.Release|x64.ActiveCfg = Release|x64
		{734E8BCE-B176-FFC7-D86A-3A843A26342E}.Release|x64.Build.0 = Release|x64
		{1C29B4E7-B5E6-94C0-2909-DDD39B716108}.Debug|Win32.ActiveCfg = Debug|Win32
		{1C29B4E7-B5E6-94C0-2909-DDD39B716108}.Debug|Win32.Build.0 = Debug|Win32
		{1C29B4E7-B5E6-94C0-2909-DDD39B716108}.Debug|x64.ActiveCfg = Debug|x64
		{1C29B4E7-B5E6-94C0-2909-DDD39B716108}.Debug|x64.Build.0 = Debug|x64
		{1C29B4E7-B5E6-94C0-2909-DDD39B716108}.Purify|Win32.ActiveCfg = Purify|Win32
		{1C29B4E7-B5E6-94C0-2909-DDD39B716108}.Purify|Win32.Build.0 = Purify|Win32
		{1C29B4E7-B5E6-94C0-2909-DDD39B716108}.Purify|x64.ActiveCfg = Purify|x64
		{1C29B4E7-B5E6-94C0-2909-DDD39B716108}.Purify|x64.Build.0 = Purify|x64
		{1C29B4E7-B5E6-94C0-2909-DDD39B716108}.Release|Win32.ActiveCfg = Release|Win32
		{1C29B4E7-B5E6-94C0-2909-DDD39B716108}.Release|Win32.Build.0 = Release|Win32
		{1C29B4E7-B5E6-94C0-2909-DDD39B716108}.Release|x64.ActiveCfg = Release|x64
		{1C29B4E7-B5E6-94C0-2909-DDD39B716108}.Release|x64.Build.0 = Release|x64
		{057E7FA0-83C0-11DF-8395-0800200C9A66}.Debug|Win32.ActiveCfg = Debug|Win32
		{057E7FA0-83C0-11DF-8395-0800200C9A66}.Debug|Win32.Build.0 = Debug|Win32
		{057E7FA0-83C0-11DF-8395-0800200C9A66}.Debug|x64.ActiveCfg = Debug|x64
		{057E7FA0-83C0-11DF-8395-0800200C9A66}.Debug|x64.Build.0 = Debug|x64
		{057E7FA0-83C0-11DF-8395-0800200C9A66}.Purify|Win32.ActiveCfg = Purify|Win32
		{057E7FA0-83C0-11DF-8395-0800200C9A66}.Purify|Win32.Build.0 = Purify|Win32
		{057E7FA0-83C0-11DF-8395-0800200C9A66}.Purify|x64.ActiveCfg = Purify|x64
		{057E7FA0-83C0-11DF-8395-0800200C9A66}.Purify|x64.Build.0 = Purify|x64
		{057E7FA0-83C0-11DF-8395-0800200C9A66}.Release|Win32.ActiveCfg = Release|Win32
		{057E7FA0-83C0-11DF-8395-0800200C9A66}.Release|Win32.Build.0 = Release|Win32
		{057E7FA0-83C0-11DF-8395-0800200C9A66}.Release|x64.ActiveCfg = Release|x64
		{057E7FA0-83C0-11DF-8395-0800200C9A66}.Release|x64.Build.0 = Release|x64
		{AD371A1D-3459-4E2D-8E8A-881F4B83B908}.Debug|Win32.ActiveCfg = Debug|Win32
		{AD371A1D-3459-4E2D-8E8A-881F4B83B908}.Debug|Win32.Build.0 = Debug|Win32
		{AD371A1D-3459-4E2D-8E8A-881F4B83B908}.Debug|x64.ActiveCfg = Debug|x64
		{AD371A1D-3459-4E2D-8E8A-881F4B83B908}.Debug|x64.Build.0 = Debug|x64
		{AD371A1D-3459-4E2D-8E8A-881F4B83B908}.Purify|Win32.ActiveCfg = Purify|Win32
		{AD371A1D-3459-4E2D-8E8A-881F4B83B908}.Purify|Win32.Build.0 = Purify|Win32
		{AD371A1D-3459-4E2D-8E8A-881F4B83B908}.Purify|x64.ActiveCfg = Purify|x64
		{AD371A1D-3459-4E2D-8E8A-881F4B83B908}.Purify|x64.Build.0 = Purify|x64
		{AD371A1D-3459-4E2D-8E8A-881F4B83B908}.Release|Win32.ActiveCfg = Release|Win32
		{AD371A1D-3459-4E2D-8E8A-881F4B83B908}.Release|Win32.Build.0 = Release|Win32
		{AD371A1D-3459-4E2D-8E8A-881F4B83B908}.Release|x64.ActiveCfg = Release|x64
		{AD371A1D-3459-4E2D-8E8A-881F4B83B908}.Release|x64.Build.0 = Release|x64
		{6B71E894-157C-B2B9-BEDE-118C882D014A}.Debug|Win32.ActiveCfg = Debug|Win32
		{6B71E894-157C-B2B9-BEDE-118C882D014A}.Debug|Win32.Build.0 = Debug|Win32
		{6B71E894-157C-B2B9-BEDE-118C882D014A}.Debug|x64.ActiveCfg = Debug|x64
		{6B71E894-157C-B2B9-BEDE-118C882D014A}.Debug|x64.Build.0 = Debug|x64
		{6B71E894-157C-B2B9-BEDE-118C882D014A}.Purify|Win32.ActiveCfg = Purify|Win32
		{6B71E894-157C-B2B9-BEDE-118C882D014A}.Purify|Win32.Build.0 = Purify|Win32
		{6B71E894-157C-B2B9-BEDE-118C882D014A}.Purify|x64.ActiveCfg = Purify|x64
		{6B71E894-157C-B2B9-BEDE-118C882D014A}.Purify|x64.Build.0 = Purify|x64
		{6B71E894-157C-B2B9-BEDE-118C882D014A}.Release|Win32.ActiveCfg = Release|Win32
		{6B71E894-157C-B2B9-BEDE-118C882D014A}.Release|Win32.Build.0 = Release|Win32
		{6B71E894-157C-B2B9-BEDE-118C882D014A}.Release|x64.ActiveCfg = Release|x64
		{6B71E894-157C-B2B9-BEDE-118C882D014A}.Release|x64.Build.0 = Release|x64
		{EE00E36E-9E8C-4DFB-925E-FBE32CEDB91B}.Debug|Win32.ActiveCfg = Debug|Win32
		{EE00E36E-9E8C-4DFB-925E-FBE32CEDB91B}.Debug|Win32.Build.0 = Debug|Win32
		{EE00E36E-9E8C-4DFB-925E-FBE32CEDB91B}.Debug|x64.ActiveCfg = Debug|x64
		{EE00E36E-9E8C-4DFB-925E-FBE32CEDB91B}.Debug|x64.Build.0 = Debug|x64
		{EE00E36E-9E8C-4DFB-925E-FBE32CEDB91B}.Purify|Win32.ActiveCfg = Purify|Win32
		{EE00E36E-9E8C-4DFB-925E-FBE32CEDB91B}.Purify|Win32.Build.0 = Purify|Win32
		{EE00E36E-9E8C-4DFB-925E-FBE32CEDB91B}.Purify|x64.ActiveCfg = Purify|x64
		{EE00E36E-9E8C-4DFB-925E-FBE32CEDB91B}.Purify|x64.Build.0 = Purify|x64
		{EE00E36E-9E8C-4DFB-925E-FBE32CEDB91B}.Release|Win32.ActiveCfg = Release|Win32
		{EE00E36E-9E8C-4DFB-925E-FBE32CEDB91B}.Release|Win32.Build.0 = Release|Win32
		{EE00E36E-9E8C-4DFB-925E-FBE32CEDB91B}.Release|x64.ActiveCfg = Release|x64
		{EE00E36E-9E8C-4DFB-925E-FBE32CEDB91B}.Release|x64.Build.0 = Release|x64
		{23D79A05-FD68-F8DB-5359-BCAF099741C0}.Debug|Win32.ActiveCfg = Debug|Win32
		{23D79A05-FD68-F8DB-5359-BCAF099741C0}.Debug|Win32.Build.0 = Debug|Win32
		{23D79A05-FD68-F8DB-5359-BCAF099741C0}.Debug|x64.ActiveCfg = Debug|x64
		{23D79A05-FD68-F8DB-5359-BCAF099741C0}.Debug|x64.Build.0 = Debug|x64
		{23D79A05-FD68-F8DB-5359-BCAF099741C0}.Purify|Win32.ActiveCfg = Purify|Win32
		{23D79A05-FD68-F8DB-5359-BCAF099741C0}.Purify|Win32.Build.0 = Purify|Win32
		{23D79A05-FD68-F8DB-5359-BCAF099741C0}.Purify|x64.ActiveCfg = Purify|x64
		{23D79A05-FD68-F8DB-5359-BCAF099741C0}.Purify|x64.Build.0 = Purify|x64
		{23D79A05-FD68-F8DB-5359-BCAF099741C0}.Release|Win32.ActiveCfg = Release|Win32
		{23D79A05-FD68-F8DB-5359-BCAF099741C0}.Release|Win32.Build.0 = Release|Win32
		{23D79A05-FD68-F8DB-5359-BCAF099741C0}.Release|x64.ActiveCfg = Release|x64
		{23D79A05-FD68-F8DB-5359-BCAF099741C0}.Release|x64.Build.0 = Release|x64
		{A9B97FE8-7C32-778E-0CEA-9D7B9493DB22}.Debug|Win32.ActiveCfg = Debug|Win32
		{A9B97FE8-7C32-778E-0CEA-9D7B9493DB22}.Debug|Win32.Build.0 = Debug|Win32
		{A9B97FE8-7C32-778E-0CEA-9D7B9493DB22}.Debug|x64.ActiveCfg = Debug|x64
		{A9B97FE8-7C32-778E-0CEA-9D7B9493DB22}.Debug|x64.Build.0 = Debug|x64
		{A9B97FE8-7C32-778E-0CEA-9D7B9493DB22}.Purify|Win32.ActiveCfg = Purify|Win32
		{A9B97FE8-7C32-778E-0CEA-9D7B9493DB22}.Purify|Win32.Build.0 = Purify|Win32
		{A9B97FE8-7C32-778E-0CEA-9D7B9493DB22}.Purify|x64.ActiveCfg = Purify|x64
		{A9B97FE8-7C32-778E-0CEA-9D7B9493DB22}.Purify|x64.Build.0 = Purify|x64
		{A9B97FE8-7C32-778E-0CEA-9D7B9493DB22}.Release|Win32.ActiveCfg = Release|Win32
		{A9B97FE8-7C32-778E-0CEA-9D7B9493DB22}.Release|Win32.Build.0 = Release|Win32
		{A9B97FE8-7C32-778E-0CEA-9D7B9493DB22}.Release|x64.ActiveCfg = Release|x64
		{A9B97FE8-7C32-778E-0CEA-9D7B9493DB22}.Release|x64.Build.0 = Release|x64
		{E7420D65-A885-41EB-B4BE-04DE0C97033B}.Debug|Win32.ActiveCfg = Debug|Win32
		{E7420D65-A885-41EB-B4BE-04DE0C97033B}.Debug|Win32.Build.0 = Debug|Win32
		{E7420D65-A885-41EB-B4BE-04DE0C97033B}.Debug|x64.ActiveCfg = Debug|x64
		{E7420D65-A885-41EB-B4BE-04DE0C97033B}.Debug|x64.Build.0 = Debug|x64
		{E7420D65-A885-41EB-B4BE-04DE0C97033B}.Purify|Win32.ActiveCfg = Purify|Win32
		{E7420D65-A885-41EB-B4BE-04DE0C97033B}.Purify|Win32.Build.0 = Purify|Win32
		{E7420D65-A885-41EB-B4BE-04DE0C97033B}.Purify|x64.ActiveCfg = Purify|x64
		{E7420D65-A885-41EB-B4BE-04DE0C97033B}.Purify|x64.Build.0 = Purify|x64
		{E7420D65-A885-41EB-B4BE-04DE0C97033B}.Release|Win32.ActiveCfg = Release|Win32
		{E7420D65-A885-41EB-B4BE-04DE0C97033B}.Release|Win32.Build.0 = Release|Win32
		{E7420D65-A885-41EB-B4BE-04DE0C97033B}.Release|x64.ActiveCfg = Release|x64
		{E7420D65-A885-41EB-B4BE-04DE0C97033B}.Release|x64.Build.0 = Release|x64
		{7173414B-3DF9-79F2-5108-0D0901217983}.Debug|Win32.ActiveCfg = Debug|Win32
		{7173414B-3DF9-79F2-5108-0D0901217983}.Debug|Win32.Build.0 = Debug|Win32
		{7173414B-3DF9-79F2-5108-0D0901217983}.Debug|x64.ActiveCfg = Debug|x64
		{7173414B-3DF9-79F2-5108-0D0901217983}.Debug|x64.Build.0 = Debug|x64
		{7173414B-3DF9-79F2-5108-0D0901217983}.Purify|Win32.ActiveCfg = Purify|Win32
		{7173414B-3DF9-79F2-5108-0D0901217983}.Purify|Win32.Build.0 = Purify|Win32
		{7173414B-3DF9-79F2-5108-0D0901217983}.Purify|x64.ActiveCfg = Purify|x64
		{7173414B-3DF9-79F2-5108-0D0901217983}.Purify|x64.Build.0 = Purify|x64
		{7173414B-3DF9-79F2-5108-0D0901217983}.Release|Win32.ActiveCfg = Release|Win32
		{7173414B-3DF9-79F2-5108-0D0901217983}.Release|Win32.Build.0 = Release|Win32
		{7173414B-3DF9-79F2-5108-0D0901217983}.Release|x64.ActiveCfg = Release|x64
		{7173414B-3DF9-79F2-5108-0D0901217983}.Release|x64.Build.0 = Release|x64
		{C2BD9365-5BD7-44A7-854E-A49E606BE8E4}.Debug|Win32.ActiveCfg = Debug|Win32
		{C2BD9365-5BD7-44A7-854E-A49E606BE8E4}.Debug|Win32.Build.0 = Debug|Win32
		{C2BD9365-5BD7-44A7-854E-A49E606BE8E4}.Debug|x64.ActiveCfg = Debug|x64
		{C2BD9365-5BD7-44A7-854E-A49E606BE8E4}.Debug|x64.Build.0 = Debug|x64
		{C2BD9365-5BD7-44A7-854E-A49E606BE8E4}.Purify|Win32.ActiveCfg = Purify|Win32
		{C2BD9365-5BD7-44A7-854E-A49E606BE8E4}.Purify|Win32.Build.0 = Purify|Win32
		{C2BD9365-5BD7-44A7-854E-A49E606BE8E4}.Purify|x64.ActiveCfg = Purify|x64
		{C2BD9365-5BD7-44A7-854E-A49E606BE8E4}.Purify|x64.Build.0 = Purify|x64
		{C2BD9365-5BD7-44A7-854E-A49E606BE8E4}.Release|Win32.ActiveCfg = Release|Win32
		{C2BD9365-5BD7-44A7-854E-A49E606BE8E4}.Release|Win32.Build.0 = Release|Win32
		{C2BD9365-5BD7-44A7-854E-A49E606BE8E4}.Release|x64.ActiveCfg = Release|x64
		{C2BD9365-5BD7-44A7-854E-A49E606BE8E4}.Release|x64.Build.0 = Release|x64
		{6EAD4A4B-2BBC-4974-8E45-BB5C16CC2AC9}.Debug|Win32.ActiveCfg = Debug|Win32
		{6EAD4A4B-2BBC-4974-8E45-BB5C16CC2AC9}.Debug|Win32.Build.0 = Debug|Win32
		{6EAD4A4B-2BBC-4974-8E45-BB5C16CC2AC9}.Debug|x64.ActiveCfg = Debug|x64
		{6EAD4A4B-2BBC-4974-8E45-BB5C16CC2AC9}.Debug|x64.Build.0 = Debug|x64
		{6EAD4A4B-2BBC-4974-8E45-BB5C16CC2AC9}.Purify|Win32.ActiveCfg = Purify|Win32
		{6EAD4A4B-2BBC-4974-8E45-BB5C16CC2AC9}.Purify|Win32.Build.0 = Purify|Win32
		{6EAD4A4B-2BBC-4974-8E45-BB5C16CC2AC9}.Purify|x64.ActiveCfg = Purify|x64
		{6EAD4A4B-2BBC-4974-8E45-BB5C16CC2AC9}.Purify|x64.Build.0 = Purify|x64
		{6EAD4A4B-2BBC-4974-8E45-BB5C16CC2AC9}.Release|Win32.ActiveCfg = Release|Win32
		{6EAD4A4B-2BBC-4974-8E45-BB5C16CC2AC9}.Release|Win32.Build.0 = Release|Win32
		{6EAD4A4B-2BBC-4974-8E45-BB5C16CC2AC9}.Release|x64.ActiveCfg = Release|x64
		{6EAD4A4B-2BBC-4974-8E45-BB5C16CC2AC9}.Release|x64.Build.0 = Release|x64
		{1846F110-8263-413F-9924-36F64DD8FE41}.Debug|Win32.ActiveCfg = Debug|Win32
		{1846F110-8263-413F-9924-36F64DD8FE41}.Debug|Win32.Build.0 = Debug|Win32
		{1846F110-8263-413F-9924-36F64DD8FE41}.Debug|x64.ActiveCfg = Debug|x64
		{1846F110-8263-413F-9924-36F64DD8FE41}.Debug|x64.Build.0 = Debug|x64
		{1846F110-8263-413F-9924-36F64DD8FE41}.Purify|Win32.ActiveCfg = Purify|Win32
		{1846F110-8263-413F-9924-36F64DD8FE41}.Purify|Win32.Build.0 = Purify|Win32
		{1846F110-8263-413F-9924-36F64DD8FE41}.Purify|x64.ActiveCfg = Purify|x64
		{1846F110-8263-413F-9924-36F64DD8FE41}.Purify|x64.Build.0 = Purify|x64
		{1846F110-8263-413F-9924-36F64DD8FE41}.Release|Win32.ActiveCfg = Release|Win32
		{1846F110-8263-413F-9924-36F64DD8FE41}.Release|Win32.Build.0 = Release|Win32
		{1846F110-8263-413F-9924-36F64DD8FE41}.Release|x64.ActiveCfg = Release|x64
		{1846F110-8263-413F-9924-36F64DD8FE41}.Release|x64.Build.0 = Release|x64
		{5E9CA9B5-2A71-ADBA-DB4C-EC0A3F5EB32F}.Debug|Win32.ActiveCfg = Debug|Win32
		{5E9CA9B5-2A71-ADBA-DB4C-EC0A3F5EB32F}.Debug|Win32.Build.0 = Debug|Win32
		{5E9CA9B5-2A71-ADBA-DB4C-EC0A3F5EB32F}.Debug|x64.ActiveCfg = Debug|x64
		{5E9CA9B5-2A71-ADBA-DB4C-EC0A3F5EB32F}.Debug|x64.Build.0 = Debug|x64
		{5E9CA9B5-2A71-ADBA-DB4C-EC0A3F5EB32F}.Purify|Win32.ActiveCfg = Purify|Win32
		{5E9CA9B5-2A71-ADBA-DB4C-EC0A3F5EB32F}.Purify|Win32.Build.0 = Purify|Win32
		{5E9CA9B5-2A71-ADBA-DB4C-EC0A3F5EB32F}.Purify|x64.ActiveCfg = Purify|x64
		{5E9CA9B5-2A71-ADBA-DB4C-EC0A3F5EB32F}.Purify|x64.Build.0 = Purify|x64
		{5E9CA9B5-2A71-ADBA-DB4C-EC0A3F5EB32F}.Release|Win32.ActiveCfg = Release|Win32
		{5E9CA9B5-2A71-ADBA-DB4C-EC0A3F5EB32F}.Release|Win32.Build.0 = Release|Win32
		{5E9CA9B5-2A71-ADBA-DB4C-EC0A3F5EB32F}.Release|x64.ActiveCfg = Release|x64
		{5E9CA9B5-2A71-ADBA-DB4C-EC0A3F5EB32F}.Release|x64.Build.0 = Release|x64
	EndGlobalSection
	GlobalSection(SolutionProperties) = preSolution
		HideSolutionNode = FALSE
	EndGlobalSection
	GlobalSection(NestedProjects) = preSolution
		{3E7FA5AF-27B3-2DE0-883C-12F98E7F4E81} = {9785FB75-982A-5DE3-252D-3F288B9FEF5B}
		{1832A374-8A74-4F9E-B536-69A699B3E165} = {9785FB75-982A-5DE3-252D-3F288B9FEF5B}
		{968F3222-9798-4D21-BE08-15ECB5EF2994} = {9785FB75-982A-5DE3-252D-3F288B9FEF5B}
		{1846F110-8263-413F-9924-36F64DD8FE41} = {9785FB75-982A-5DE3-252D-3F288B9FEF5B}
		{CD014008-1CDB-809B-D770-C67A261539F7} = {89C816A7-DD31-D54C-C69C-5A80E0C49B77}
		{2DE59335-96CE-10CA-CDE5-FEC35E3549BB} = {89C816A7-DD31-D54C-C69C-5A80E0C49B77}
		{7100F41F-868D-4E99-80A2-AF8E6574749D} = {89C816A7-DD31-D54C-C69C-5A80E0C49B77}
		{6EAD4A4B-2BBC-4974-8E45-BB5C16CC2AC9} = {89C816A7-DD31-D54C-C69C-5A80E0C49B77}
		{3476F599-9139-8A7F-8043-1345F4D9571D} = {6E739A16-1324-5F4E-B3DD-D8BBDA9938E5}
		{5E9CA9B5-2A71-ADBA-DB4C-EC0A3F5EB32F} = {6E739A16-1324-5F4E-B3DD-D8BBDA9938E5}
		{DA6CD78F-6A80-A996-547D-2404C4E2371B} = {CD014008-1CDB-809B-D770-C67A261539F7}
		{734E8BCE-B176-FFC7-D86A-3A843A26342E} = {CD014008-1CDB-809B-D770-C67A261539F7}
		{1C29B4E7-B5E6-94C0-2909-DDD39B716108} = {5BA6C264-85BC-9866-43EA-BB93D171CD6E}
		{057E7FA0-83C0-11DF-8395-0800200C9A66} = {5BA6C264-85BC-9866-43EA-BB93D171CD6E}
		{AD371A1D-3459-4E2D-8E8A-881F4B83B908} = {5BA6C264-85BC-9866-43EA-BB93D171CD6E}
		{6B71E894-157C-B2B9-BEDE-118C882D014A} = {5BA6C264-85BC-9866-43EA-BB93D171CD6E}
		{EE00E36E-9E8C-4DFB-925E-FBE32CEDB91B} = {5BA6C264-85BC-9866-43EA-BB93D171CD6E}
		{23D79A05-FD68-F8DB-5359-BCAF099741C0} = {5BA6C264-85BC-9866-43EA-BB93D171CD6E}
		{A9B97FE8-7C32-778E-0CEA-9D7B9493DB22} = {5BA6C264-85BC-9866-43EA-BB93D171CD6E}
		{E7420D65-A885-41EB-B4BE-04DE0C97033B} = {5BA6C264-85BC-9866-43EA-BB93D171CD6E}
		{7173414B-3DF9-79F2-5108-0D0901217983} = {5BA6C264-85BC-9866-43EA-BB93D171CD6E}
		{C2BD9365-5BD7-44A7-854E-A49E606BE8E4} = {5BA6C264-85BC-9866-43EA-BB93D171CD6E}
		{F9D886ED-B09F-4B74-932F-D8E4691E6B7F} = {EAC80D00-01D2-3F49-A377-20B7154947F3}
		{BFE8E2A7-3B3B-43B0-A994-3058B852DB8B} = {EAC80D00-01D2-3F49-A377-20B7154947F3}
		{EF3AD1A1-5FA6-4B70-9CCC-F5AE4C6D0892} = {3E7FA5AF-27B3-2DE0-883C-12F98E7F4E81}
		{14E7F2BB-B8FC-4DC1-B04D-31C06BDFA1D9} = {2DE59335-96CE-10CA-CDE5-FEC35E3549BB}
		{9E2EFAAB-02B7-4A82-B664-1E98DF6D1953} = {2DE59335-96CE-10CA-CDE5-FEC35E3549BB}
	EndGlobalSection
EndGlobal
